
Microsoft Visual Studio Solution File, Format Version 12.00
# Visual Studio Version 16
VisualStudioVersion = 16.0.30011.22
MinimumVisualStudioVersion = 10.0.40219.1
Project("{FAE04EC0-301F-11D3-BF4B-00C04F79EFBC}") = "TextTemplateDemo", "TextTemplateDemo.csproj", "{55A95FE9-1831-4FA2-9723-38F44C518D80}"
EndProject
Global
	GlobalSection(SolutionConfigurationPlatforms) = preSolution
		Debug|Any CPU = Debug|Any CPU
		Release|Any CPU = Release|Any CPU
	EndGlobalSection
	GlobalSection(ProjectConfigurationPlatforms) = postSolution
		{55A95FE9-1831-4FA2-9723-38F44C518D80}.Debug|Any CPU.ActiveCfg = Debug|Any CPU
		{55A95FE9-1831-4FA2-9723-38F44C518D80}.Debug|Any CPU.Build.0 = Debug|Any CPU
		{55A95FE9-1831-4FA2-9723-38F44C518D80}.Release|Any CPU.ActiveCfg = Release|Any CPU
		{55A95FE9-1831-4FA2-9723-38F44C518D80}.Release|Any CPU.Build.0 = Release|Any CPU
	EndGlobalSection
	GlobalSection(SolutionProperties) = preSolution
		HideSolutionNode = FALSE
	EndGlobalSection
	GlobalSection(ExtensibilityGlobals) = postSolution
		SolutionGuid = {2731A11F-BC21-4068-93ED-4376C158074D}
	EndGlobalSection
EndGlobal
