# THIS IS AN AUTOGENERATED FILE. DO NOT EDIT THIS FILE DIRECTLY.
# yarn lockfile v1


"@abp/aspnetcore.components.server.leptonxlitetheme@^4.2.0-rc.2":
  version "4.2.0-rc.2"
  resolved "https://registry.yarnpkg.com/@abp/aspnetcore.components.server.leptonxlitetheme/-/aspnetcore.components.server.leptonxlitetheme-4.2.0-rc.2.tgz#5cce08e34575668a3daa8554d3a2d7da3f650387"
  integrity sha512-64DH69YB0q1hSNN2mhvtXza0s+nITbmWaqYEwxwbSL2F2uYBbLHZWCjxGCX6C1qPXZRjF7glcwHVHc8Upw7XIw==
  dependencies:
    "@abp/aspnetcore.components.server.theming" "~9.2.0-rc.2"

"@abp/aspnetcore.components.server.theming@~9.2.0-rc.2":
  version "9.2.0-rc.2"
  resolved "https://registry.yarnpkg.com/@abp/aspnetcore.components.server.theming/-/aspnetcore.components.server.theming-9.2.0-rc.2.tgz#b841fbf72726d7034811f3c26fc6655693c5eab4"
  integrity sha512-l1tyR+BgoMQAf8+MCvW1pfp4JW1R9Iddj6D9e+lYfN9UsEpHc/AhHJkKMv9Rx1NUu1b4joFPL2XgdTdpMcxZXg==
  dependencies:
    "@abp/bootstrap" "~9.2.0-rc.2"
    "@abp/font-awesome" "~9.2.0-rc.2"

"@abp/aspnetcore.mvc.ui.theme.leptonxlite@~4.2.0-rc.2":
  version "4.2.0-rc.2"
  resolved "https://registry.yarnpkg.com/@abp/aspnetcore.mvc.ui.theme.leptonxlite/-/aspnetcore.mvc.ui.theme.leptonxlite-4.2.0-rc.2.tgz#dd137cc0d6983f36a3bea54462704c9abd098726"
  integrity sha512-IcQAdx9xKe/lzPAMff8BcYG8Ix4UlX5paGZ7tLvUDmvwLKDd4nRuLWYdAXqgyCA7MMQjtI9WRg2P+GD3T8QB5Q==
  dependencies:
    "@abp/aspnetcore.mvc.ui.theme.shared" "~9.2.0-rc.2"

"@abp/aspnetcore.mvc.ui.theme.shared@~9.2.0-rc.2":
  version "9.2.0-rc.2"
  resolved "https://registry.yarnpkg.com/@abp/aspnetcore.mvc.ui.theme.shared/-/aspnetcore.mvc.ui.theme.shared-9.2.0-rc.2.tgz#77562013b604d0193e361efa6801235179dc7b4f"
  integrity sha512-5KcMGg6o6W5uwsujrjUARlZFgWmZeYBNCf1vkf3btakkwTzmPDbypUx6VrgBJbt4AUnYlMQbSHvbfK0d3I1e6w==
  dependencies:
    "@abp/aspnetcore.mvc.ui" "~9.2.0-rc.2"
    "@abp/bootstrap" "~9.2.0-rc.2"
    "@abp/bootstrap-datepicker" "~9.2.0-rc.2"
    "@abp/bootstrap-daterangepicker" "~9.2.0-rc.2"
    "@abp/datatables.net-bs5" "~9.2.0-rc.2"
    "@abp/font-awesome" "~9.2.0-rc.2"
    "@abp/jquery-form" "~9.2.0-rc.2"
    "@abp/jquery-validation-unobtrusive" "~9.2.0-rc.2"
    "@abp/lodash" "~9.2.0-rc.2"
    "@abp/luxon" "~9.2.0-rc.2"
    "@abp/malihu-custom-scrollbar-plugin" "~9.2.0-rc.2"
    "@abp/moment" "~9.2.0-rc.2"
    "@abp/select2" "~9.2.0-rc.2"
    "@abp/sweetalert2" "~9.2.0-rc.2"
    "@abp/timeago" "~9.2.0-rc.2"

"@abp/aspnetcore.mvc.ui@~9.2.0-rc.2":
  version "9.2.0-rc.2"
  resolved "https://registry.yarnpkg.com/@abp/aspnetcore.mvc.ui/-/aspnetcore.mvc.ui-9.2.0-rc.2.tgz#e1c0e4b0280d5fe37659da8dc696150f0d461336"
  integrity sha512-WG4WWGS1mSb2QWAVOA2nrvoi9/3oueEaKEG18xbPgWiLz5GCq8gsopKqUgW/fmBaw+1Jh9tsuCTH7eED/2tUxA==
  dependencies:
    ansi-colors "^4.1.3"

"@abp/bootstrap-datepicker@~9.2.0-rc.2":
  version "9.2.0-rc.2"
  resolved "https://registry.yarnpkg.com/@abp/bootstrap-datepicker/-/bootstrap-datepicker-9.2.0-rc.2.tgz#429c2d44a22f9190013aea0efa420854b7e83a4f"
  integrity sha512-bxMpaxTgnF5/VELbKvtZVw0tI0bowzUQFVSBQJqO4o7wJmxyHNzJuaom8Is+tCsoMrpo8t9EGMGfpWHV1IsrjQ==
  dependencies:
    bootstrap-datepicker "^1.10.0"

"@abp/bootstrap-daterangepicker@~9.2.0-rc.2":
  version "9.2.0-rc.2"
  resolved "https://registry.yarnpkg.com/@abp/bootstrap-daterangepicker/-/bootstrap-daterangepicker-9.2.0-rc.2.tgz#85bb869d5d43eb6c97f50943ea2c390cb4d37d54"
  integrity sha512-rLLsY6GCY16IOwRkmx7vZ25sVHOM9dPdTlcZiuUuEi5+QrmgGiqZmIwqYiu4WFSPPTJtufsyMaHzXxqiZRpXVg==
  dependencies:
    bootstrap-daterangepicker "^3.1.0"

"@abp/bootstrap@~9.2.0-rc.2":
  version "9.2.0-rc.2"
  resolved "https://registry.yarnpkg.com/@abp/bootstrap/-/bootstrap-9.2.0-rc.2.tgz#ba2ab98d930501e7f004f99e7d7e7d4e6d3c0998"
  integrity sha512-u2mtHHbmXNgngExl4hM5uo/E3k453n0im2Ci02+4dnhZoFicLZlBdtJusZAw5QR1XTLPybW6RXofWBvkZcgiwg==
  dependencies:
    "@abp/core" "~9.2.0-rc.2"
    bootstrap "^5.3.3"

"@abp/core@~9.2.0-rc.2":
  version "9.2.0-rc.2"
  resolved "https://registry.yarnpkg.com/@abp/core/-/core-9.2.0-rc.2.tgz#0eab20842f8c0801d1dca036d3d66a67e155e019"
  integrity sha512-8bC1MAV4iSFLJvRvM5mvrI9+N5FPAjaG79hr3p0xJtNixFOFpNELDf4p0zwy97zY8juL+AIEyJAkg+KIIK90DQ==
  dependencies:
    "@abp/utils" "~9.2.0-rc.2"

"@abp/datatables.net-bs5@~9.2.0-rc.2":
  version "9.2.0-rc.2"
  resolved "https://registry.yarnpkg.com/@abp/datatables.net-bs5/-/datatables.net-bs5-9.2.0-rc.2.tgz#8c07544cafd2d2257f45150d3265c25eafc0ec0f"
  integrity sha512-l3VOtc0fleUsx+ZUMr49+nPBWRBUVw4Z26ogT7O7uRR8doeerNU1GfA4yFJCUp02WIwt8cmZ+apJHADykn9Vng==
  dependencies:
    "@abp/datatables.net" "~9.2.0-rc.2"
    datatables.net-bs5 "^2.1.8"

"@abp/datatables.net@~9.2.0-rc.2":
  version "9.2.0-rc.2"
  resolved "https://registry.yarnpkg.com/@abp/datatables.net/-/datatables.net-9.2.0-rc.2.tgz#2880ccb61750faa1689aec15f9e49d92ab1e94a1"
  integrity sha512-nljq0p8mxoBvMZngtViInyQJqX/MI7EyQeCIYNICF2LO42RRZfpKaRy5zX+4Uc3z/wz209CfK8QfRNH/d1HtBQ==
  dependencies:
    "@abp/jquery" "~9.2.0-rc.2"
    datatables.net "^2.1.8"

"@abp/font-awesome@~9.2.0-rc.2":
  version "9.2.0-rc.2"
  resolved "https://registry.yarnpkg.com/@abp/font-awesome/-/font-awesome-9.2.0-rc.2.tgz#51eb750f5697668db538ad68cc6b9279517da537"
  integrity sha512-X9JfF4n4MDZLszwZHIHuxSdGGxImEzV91ROKqNeclErCx3bOXyq/l9C+haZl/3TLzTAOSDMLgHGrT3MUCVPF5w==
  dependencies:
    "@abp/core" "~9.2.0-rc.2"
    "@fortawesome/fontawesome-free" "^6.6.0"

"@abp/jquery-form@~9.2.0-rc.2":
  version "9.2.0-rc.2"
  resolved "https://registry.yarnpkg.com/@abp/jquery-form/-/jquery-form-9.2.0-rc.2.tgz#58ce31a32bdfb355e5d4e3f97cb4761f594aa8e1"
  integrity sha512-xN2xjK1RWKygwaqzTaWmpMlU0kGWGa2nKaudM6g9k/B6b1Pfdr8ykI4DaSuPb4BkRmurGkgy4r9o7IUoqv0T8Q==
  dependencies:
    "@abp/jquery" "~9.2.0-rc.2"
    jquery-form "^4.3.0"

"@abp/jquery-validation-unobtrusive@~9.2.0-rc.2":
  version "9.2.0-rc.2"
  resolved "https://registry.yarnpkg.com/@abp/jquery-validation-unobtrusive/-/jquery-validation-unobtrusive-9.2.0-rc.2.tgz#4e624e22cbf149d1c78da46aabaf6fc18d3b65ff"
  integrity sha512-adKJxnWnhCrIYWoVdo41zgO5p4SjyypCxoHeQ7mkohry2WN6WuQG5nmHqhpdevw966DENvmVzFfz7vnO72vtrg==
  dependencies:
    "@abp/jquery-validation" "~9.2.0-rc.2"
    jquery-validation-unobtrusive "^4.0.0"

"@abp/jquery-validation@~9.2.0-rc.2":
  version "9.2.0-rc.2"
  resolved "https://registry.yarnpkg.com/@abp/jquery-validation/-/jquery-validation-9.2.0-rc.2.tgz#b6a8124d5056ddad515733bffc78703f6bd422be"
  integrity sha512-4j1fg1qImif2vFZQFJ7z1olEUnjc3BByKS+7joNQ+96/NqOQdOQjRjB2n490od7ExCinKnvYx3JFttpYjHU3Xw==
  dependencies:
    "@abp/jquery" "~9.2.0-rc.2"
    jquery-validation "^1.21.0"

"@abp/jquery@~9.2.0-rc.2":
  version "9.2.0-rc.2"
  resolved "https://registry.yarnpkg.com/@abp/jquery/-/jquery-9.2.0-rc.2.tgz#335643787ab282d5d2fee4f360c2b62cce3db962"
  integrity sha512-baKNDuiQMzkV0LFzBwEqS0JYtXIUe5KH+MVizGR6Zv10B8l/gIrUzWI/nnqDtbts6gmY9OBDXkCTcgMQBwKqjw==
  dependencies:
    "@abp/core" "~9.2.0-rc.2"
    jquery "~3.7.1"

"@abp/lodash@~9.2.0-rc.2":
  version "9.2.0-rc.2"
  resolved "https://registry.yarnpkg.com/@abp/lodash/-/lodash-9.2.0-rc.2.tgz#521bccafcc09780c751932688b6ec45c368c2854"
  integrity sha512-T6eYsDovUl4AYD9n2N4WZq9MeC4/ryke5ctvdhzuArqM7WpPvohq3VKGugrP/MLo9oD3MZ5DVQvMJ0AVg+IXNQ==
  dependencies:
    "@abp/core" "~9.2.0-rc.2"
    lodash "^4.17.21"

"@abp/luxon@~9.2.0-rc.2":
  version "9.2.0-rc.2"
  resolved "https://registry.yarnpkg.com/@abp/luxon/-/luxon-9.2.0-rc.2.tgz#da366d335f9575b104ea2206e076af35cbbfcfba"
  integrity sha512-mr8ipYrJDDJPoImIwORK7Z6d1C07APl95L17ufRbig4sjdxjNEDR5uUXVviVafF1No2bVkYiS0xGKQmojA2twg==
  dependencies:
    "@abp/core" "~9.2.0-rc.2"
    luxon "^3.5.0"

"@abp/malihu-custom-scrollbar-plugin@~9.2.0-rc.2":
  version "9.2.0-rc.2"
  resolved "https://registry.yarnpkg.com/@abp/malihu-custom-scrollbar-plugin/-/malihu-custom-scrollbar-plugin-9.2.0-rc.2.tgz#cb79018adf08276041eb5c5dcf75130c8995686b"
  integrity sha512-jdHXx7kPduaEfFXDvf5s+QVl10RqshNbnZkkqPx0mMkhz2H/qxwzF1e0mcLFL38nEgs+0gxIkcA8/MKq85tyqQ==
  dependencies:
    "@abp/core" "~9.2.0-rc.2"
    malihu-custom-scrollbar-plugin "^3.1.5"

"@abp/moment@~9.2.0-rc.2":
  version "9.2.0-rc.2"
  resolved "https://registry.yarnpkg.com/@abp/moment/-/moment-9.2.0-rc.2.tgz#f4339138668ca72be1d700624b91789344557bff"
  integrity sha512-J4ZaCDEcXLGmJ+8zqgaMK9Lutnjga28LSbuiFaGLlZ1QgYZ5HDScE128o3vX9qr60tc6IIY0cDkHi4bBHo7ozw==
  dependencies:
    moment "^2.30.1"

"@abp/select2@~9.2.0-rc.2":
  version "9.2.0-rc.2"
  resolved "https://registry.yarnpkg.com/@abp/select2/-/select2-9.2.0-rc.2.tgz#ba6e839644b7ecdd198fe5286101302a3dc79ce3"
  integrity sha512-AQMXb5ATgbN7grpKU8lB2xFFfirCe45lIvd9krW5SwUHCYZP7pRPbwQXAew+BqlIIYJJF2GA7/Nf//e/71bKtg==
  dependencies:
    "@abp/core" "~9.2.0-rc.2"
    select2 "^4.0.13"

"@abp/sweetalert2@~9.2.0-rc.2":
  version "9.2.0-rc.2"
  resolved "https://registry.yarnpkg.com/@abp/sweetalert2/-/sweetalert2-9.2.0-rc.2.tgz#075634dc3ec996607757694d636d276ba2350e06"
  integrity sha512-ZgHgqM8Q+V9ECQyAyepM5KpshKpQP463xRHwgY45oR7/CfCcO/vS56YQgJNg2zE6+lRQZaRQ9OL7lph8975vVg==
  dependencies:
    "@abp/core" "~9.2.0-rc.2"
    sweetalert2 "^11.14.1"

"@abp/timeago@~9.2.0-rc.2":
  version "9.2.0-rc.2"
  resolved "https://registry.yarnpkg.com/@abp/timeago/-/timeago-9.2.0-rc.2.tgz#25324732966438bd6f505bdd932511ba2cc8c22b"
  integrity sha512-WfWxxiycg77vVN2hPHqUOu552la+zxr0EZnHMqnEnnBe+gFYe9C0CpdYuyBq2eQXRXHoVzsB+4YRVNk5sbSGng==
  dependencies:
    "@abp/jquery" "~9.2.0-rc.2"
    timeago "^1.6.7"

"@abp/utils@~9.2.0-rc.2":
  version "9.2.0-rc.2"
  resolved "https://registry.yarnpkg.com/@abp/utils/-/utils-9.2.0-rc.2.tgz#669885ad1e3ac7b8e182d7c392ea1b633df65aac"
  integrity sha512-rfQxhJy04Qf50P3ciasKbDlJ+9JidD60xW77TjcoUJvljJE+A8iwTX8Wwqz7+YcC7rks2ILM4y3Ay7/47NOICQ==
  dependencies:
    just-compare "^2.3.0"

"@fortawesome/fontawesome-free@^6.6.0":
  version "6.7.2"
  resolved "https://registry.yarnpkg.com/@fortawesome/fontawesome-free/-/fontawesome-free-6.7.2.tgz#8249de9b7e22fcb3ceb5e66090c30a1d5492b81a"
  integrity sha512-JUOtgFW6k9u4Y+xeIaEiLr3+cjoUPiAuLXoyKOJSia6Duzb7pq+A76P9ZdPDoAoxHdHzq6gE9/jKBGXlZT8FbA==

ansi-colors@^4.1.3:
  version "4.1.3"
  resolved "https://registry.yarnpkg.com/ansi-colors/-/ansi-colors-4.1.3.tgz#37611340eb2243e70cc604cad35d63270d48781b"
  integrity sha512-/6w/C21Pm1A7aZitlI5Ni/2J6FFQN8i1Cvz3kHABAAbw93v/NlvKdVOqz7CCWz/3iv/JplRSEEZ83XION15ovw==

bootstrap-datepicker@^1.10.0:
  version "1.10.0"
  resolved "https://registry.yarnpkg.com/bootstrap-datepicker/-/bootstrap-datepicker-1.10.0.tgz#61612bbe8bf0a69a5bce32bbcdda93ebb6ccf24a"
  integrity sha512-lWxtSYddAQOpbAO8UhYhHLcK6425eWoSjb5JDvZU3ePHEPF6A3eUr51WKaFy4PccU19JRxUG6wEU3KdhtKfvpg==
  dependencies:
    jquery ">=3.4.0 <4.0.0"

bootstrap-daterangepicker@^3.1.0:
  version "3.1.0"
  resolved "https://registry.yarnpkg.com/bootstrap-daterangepicker/-/bootstrap-daterangepicker-3.1.0.tgz#632e6fb2de4b6360c5c0a9d5f6adb9aace051fe8"
  integrity sha512-oaQZx6ZBDo/dZNyXGVi2rx5GmFXThyQLAxdtIqjtLlYVaQUfQALl5JZMJJZzyDIX7blfy4ppZPAJ10g8Ma4d/g==
  dependencies:
    jquery ">=1.10"
    moment "^2.9.0"

bootstrap@^5.3.3:
  version "5.3.6"
  resolved "https://registry.yarnpkg.com/bootstrap/-/bootstrap-5.3.6.tgz#fbd91ebaff093f5b191a1c01a8c866d24f9fa6e1"
  integrity sha512-jX0GAcRzvdwISuvArXn3m7KZscWWFAf1MKBcnzaN02qWMb3jpMoUX4/qgeiGzqyIb4ojulRzs89UCUmGcFSzTA==

datatables.net-bs5@^2.1.8:
  version "2.3.0"
  resolved "https://registry.yarnpkg.com/datatables.net-bs5/-/datatables.net-bs5-2.3.0.tgz#36344ee116d8ad644476d47974eb7b26cfe256e5"
  integrity sha512-JvcYrf2kEVzHY7NKsJxV132kehhc5+iRIpZAYmYqSW52yCcMiQYWtw1Z4+Wb/FMbJDQwP9exCtTwroLYPKwkeQ==
  dependencies:
    datatables.net "2.3.0"
    jquery ">=1.7"

datatables.net@2.3.0, datatables.net@^2.1.8:
  version "2.3.0"
  resolved "https://registry.yarnpkg.com/datatables.net/-/datatables.net-2.3.0.tgz#2d9a040dbbf03b8fe6afb6134f57a94fa7744982"
  integrity sha512-IX5Dsc7bTNqI3RyT4B7imtFicLMCg7ZLwwx/gvR6cbwYgfG+mLX2KAVm7BNmnwOhUdMMcGSGSE19RpTn31TTGQ==
  dependencies:
    jquery ">=1.7"

jquery-form@^4.3.0:
  version "4.3.0"
  resolved "https://registry.yarnpkg.com/jquery-form/-/jquery-form-4.3.0.tgz#7d3961c314a1f2d15298f4af1d3943f54f4149c6"
  integrity sha512-q3uaVCEWdLOYUCI6dpNdwf/7cJFOsUgdpq6r0taxtGQ5NJSkOzofyWm4jpOuJ5YxdmL1FI5QR+q+HB63HHLGnQ==
  dependencies:
    jquery ">=1.7.2"

jquery-mousewheel@>=3.0.6:
  version "3.2.2"
  resolved "https://registry.yarnpkg.com/jquery-mousewheel/-/jquery-mousewheel-3.2.2.tgz#48c833f6260ee0c46d438a999e7d0060ec9eed0b"
  integrity sha512-JP71xTAg08ZY3hcs9ZbYUZ5i+dkSsz4yRl/zpWkAmtzc+kMs5EfPkpkINSidiLYMaR0MTo3DfFGF9WIezMsFQQ==
  dependencies:
    jquery ">=1.2.6"

jquery-validation-unobtrusive@^4.0.0:
  version "4.0.0"
  resolved "https://registry.yarnpkg.com/jquery-validation-unobtrusive/-/jquery-validation-unobtrusive-4.0.0.tgz#dfcf25a558496a2c883db6021d10f5398d15f99d"
  integrity sha512-1ervYFFv6LX/rp7ktuLnMakHNG0piNRDyROI8Ir3hL1vPIwylAehB1AY3BPrYJnzW3WmwWryZq+Bz4sazZK9iQ==
  dependencies:
    jquery "^3.6.0"
    jquery-validation ">=1.19"

jquery-validation@>=1.19, jquery-validation@^1.21.0:
  version "1.21.0"
  resolved "https://registry.yarnpkg.com/jquery-validation/-/jquery-validation-1.21.0.tgz#78fc05ab76020912a246af3661b3f54a438bca93"
  integrity sha512-xNot0rlUIgu7duMcQ5qb6MGkGL/Z1PQaRJQoZAURW9+a/2PGOUxY36o/WyNeP2T9R6jvWB8Z9lUVvvQWI/Zs5w==

jquery@>=1.10, jquery@>=1.2.6, "jquery@>=1.5.0 <4.0", jquery@>=1.7, jquery@>=1.7.2, "jquery@>=3.4.0 <4.0.0", jquery@^3.6.0, jquery@~3.7.1:
  version "3.7.1"
  resolved "https://registry.yarnpkg.com/jquery/-/jquery-3.7.1.tgz#083ef98927c9a6a74d05a6af02806566d16274de"
  integrity sha512-m4avr8yL8kmFN8psrbFFFmB/If14iN5o9nw/NgnnM+kybDJpRsAynV2BsfpTYrTRysYUdADVD7CkUUizgkpLfg==

just-compare@^2.3.0:
  version "2.3.0"
  resolved "https://registry.yarnpkg.com/just-compare/-/just-compare-2.3.0.tgz#a2adcc1d1940536263275f5a1ef1298bcacfeda7"
  integrity sha512-6shoR7HDT+fzfL3gBahx1jZG3hWLrhPAf+l7nCwahDdT9XDtosB9kIF0ZrzUp5QY8dJWfQVr5rnsPqsbvflDzg==

lodash@^4.17.21:
  version "4.17.21"
  resolved "https://registry.yarnpkg.com/lodash/-/lodash-4.17.21.tgz#679591c564c3bffaae8454cf0b3df370c3d6911c"
  integrity sha512-v2kDEe57lecTulaDIuNTPy3Ry4gLGJ6Z1O3vE1krgXZNrsQ+LFTGHVxVjcXPs17LhbZVGedAJv8XZ1tvj5FvSg==

luxon@^3.5.0:
  version "3.6.1"
  resolved "https://registry.yarnpkg.com/luxon/-/luxon-3.6.1.tgz#d283ffc4c0076cb0db7885ec6da1c49ba97e47b0"
  integrity sha512-tJLxrKJhO2ukZ5z0gyjY1zPh3Rh88Ej9P7jNrZiHMUXHae1yvI2imgOZtL1TO8TW6biMMKfTtAOoEJANgtWBMQ==

malihu-custom-scrollbar-plugin@^3.1.5:
  version "3.1.5"
  resolved "https://registry.yarnpkg.com/malihu-custom-scrollbar-plugin/-/malihu-custom-scrollbar-plugin-3.1.5.tgz#310cecc5e59415a1c29e9dfb5d2b6e01d66a29ef"
  integrity sha512-lwW3LgI+CNDMPnP4ED2la6oYxWMkCXlnhex+s2wuOLhFDFGnGmQuTQVdRK9bvDLpxs10sGlfErVufJy9ztfgJQ==
  dependencies:
    jquery-mousewheel ">=3.0.6"

moment@^2.30.1, moment@^2.9.0:
  version "2.30.1"
  resolved "https://registry.yarnpkg.com/moment/-/moment-2.30.1.tgz#f8c91c07b7a786e30c59926df530b4eac96974ae"
  integrity sha512-uEmtNhbDOrWPFS+hdjFCBfy9f2YoyzRpwcl+DqpC6taX21FzsTLQVbMV/W7PzNSX6x/bhC1zA3c2UQ5NzH6how==

select2@^4.0.13:
  version "4.0.13"
  resolved "https://registry.yarnpkg.com/select2/-/select2-4.0.13.tgz#0dbe377df3f96167c4c1626033e924372d8ef44d"
  integrity sha512-1JeB87s6oN/TDxQQYCvS5EFoQyvV6eYMZZ0AeA4tdFDYWN3BAGZ8npr17UBFddU0lgAt3H0yjX3X6/ekOj1yjw==

sweetalert2@^11.14.1:
  version "11.21.0"
  resolved "https://registry.yarnpkg.com/sweetalert2/-/sweetalert2-11.21.0.tgz#afb4d9abd8d15446788671552f2b52e7eafdccbf"
  integrity sha512-fiEK7SqRY/QD/wC2uqEHlfYGZ7qe2UcyQbJpbpj4YRVqplBgcI+euPZLZL+evLINcvbtXmL1SFUdZHKqBHGAAQ==

timeago@^1.6.7:
  version "1.6.7"
  resolved "https://registry.yarnpkg.com/timeago/-/timeago-1.6.7.tgz#afd467c29a911e697fc22a81888c7c3022783cb5"
  integrity sha512-FikcjN98+ij0siKH4VO4dZ358PR3oDDq4Vdl1+sN9gWz1/+JXGr3uZbUShYH/hL7bMhcTpPbplJU5Tej4b4jbQ==
  dependencies:
    jquery ">=1.5.0 <4.0"
