<Solution>
  <Configurations>
    <Platform Name="Any CPU" />
  </Configurations>
  <Project Path="ModularCrm.Catalog/ModularCrm.Catalog.csproj" />
  <Project Path="ModularCrm.Catalog.Contracts/ModularCrm.Catalog.Contracts.csproj" />
  <Project Path="ModularCrm.Catalog.Tests/ModularCrm.Catalog.Tests.csproj" />
  <Project Path="ModularCrm.Catalog.Blazor/ModularCrm.Catalog.Blazor.csproj" />
</Solution>