# THIS IS AN AUTOGENERATED FILE. DO NOT EDIT THIS FILE DIRECTLY.
# yarn lockfile v1


"@ngxs/store@^3.7.3":
  version "3.7.3"
  resolved "https://registry.yarnpkg.com/@ngxs/store/-/store-3.7.3.tgz#74e2878d527fc12dace343ce43fd79fa1a2645af"
  integrity sha512-JjATXC7FsxxQu2SaayP/iLe4O+5/RkRov3/J7WkaQmV6/JWFNkkdOwbEa6pDbh/po0JO7DHHMk3huIUNpDu67g==
  dependencies:
    tslib "^1.9.0"

tslib@^1.9.0:
  version "1.14.1"
  resolved "https://registry.yarnpkg.com/tslib/-/tslib-1.14.1.tgz#cf2d38bdc34a134bcaf1091c41f6619e2f672d00"
  integrity sha512-Xni35NKzjgMrwevysHTCArtLDpPvye8zV/0E4EyYn43P7/7qvQwPh9BGkHewbMulVntbigmcT7rdX3BNo9wRJg==
