# THIS IS AN AUTOGENERATED FILE. DO NOT EDIT THIS FILE DIRECTLY.
# yarn lockfile v1


"@abp/aspnetcore.mvc.ui.theme.leptonxlite@~4.2.0":
  version "4.2.0"
  resolved "https://registry.yarnpkg.com/@abp/aspnetcore.mvc.ui.theme.leptonxlite/-/aspnetcore.mvc.ui.theme.leptonxlite-4.2.0.tgz#4355360fcd241015d0851bbdf23ab0fa91faf279"
  integrity sha512-NuFeHaofqNXs5/KGlv41lOSfbUqm7sEtwHfLSfvdQCZBmcfCrDTHG26a4OsSmEfjt1UO6VH4Sx70r4pr2QM6lg==
  dependencies:
    "@abp/aspnetcore.mvc.ui.theme.shared" "~9.2.0"

"@abp/aspnetcore.mvc.ui.theme.shared@~9.2.0":
  version "9.2.0"
  resolved "https://registry.yarnpkg.com/@abp/aspnetcore.mvc.ui.theme.shared/-/aspnetcore.mvc.ui.theme.shared-9.2.0.tgz#791f419e8e0fab229e3f93f7a90edcd259100206"
  integrity sha512-Mrs+kQg0S5OyRsPBwXQTqOq2DBWDdot7emETcX/gatv26GFbRe3nTOk1E+VWD/nsxHEOKTSE8LClC6TgkMxD8Q==
  dependencies:
    "@abp/aspnetcore.mvc.ui" "~9.2.0"
    "@abp/bootstrap" "~9.2.0"
    "@abp/bootstrap-datepicker" "~9.2.0"
    "@abp/bootstrap-daterangepicker" "~9.2.0"
    "@abp/datatables.net-bs5" "~9.2.0"
    "@abp/font-awesome" "~9.2.0"
    "@abp/jquery-form" "~9.2.0"
    "@abp/jquery-validation-unobtrusive" "~9.2.0"
    "@abp/lodash" "~9.2.0"
    "@abp/luxon" "~9.2.0"
    "@abp/malihu-custom-scrollbar-plugin" "~9.2.0"
    "@abp/moment" "~9.2.0"
    "@abp/select2" "~9.2.0"
    "@abp/sweetalert2" "~9.2.0"
    "@abp/timeago" "~9.2.0"

"@abp/aspnetcore.mvc.ui@~9.2.0":
  version "9.2.0"
  resolved "https://registry.yarnpkg.com/@abp/aspnetcore.mvc.ui/-/aspnetcore.mvc.ui-9.2.0.tgz#e3e703ea46caf04cc966ea0af6deb64427a90d4c"
  integrity sha512-VHH68/7Bw7r8p70T9grnVISgYPe2t3m9199S/wAXGtpGHML/lbHhDflWbm7y1MHcrmCfaXy42O9SmTHV25BJhA==
  dependencies:
    ansi-colors "^4.1.3"

"@abp/bootstrap-datepicker@~9.2.0":
  version "9.2.0"
  resolved "https://registry.yarnpkg.com/@abp/bootstrap-datepicker/-/bootstrap-datepicker-9.2.0.tgz#271ff68e2cee7b4ffe5a60406561a05948d6bbe6"
  integrity sha512-V8o1cn1MKXE5GH1ZpBHiWWilzxjHIp4IS6rNoCDBSnaQcVvRku9KPI8tPNQSf+4x3jBfHDV9aOBDbDGTQ6J2yw==
  dependencies:
    bootstrap-datepicker "^1.10.0"

"@abp/bootstrap-daterangepicker@~9.2.0":
  version "9.2.0"
  resolved "https://registry.yarnpkg.com/@abp/bootstrap-daterangepicker/-/bootstrap-daterangepicker-9.2.0.tgz#a239f8c2efce57d2e2beca70ceeede52d1b177d5"
  integrity sha512-Cd9naCyepTvmUotkR1VyOBqUMgyeSXnOVWR7HxXm+jugKtnWRzrztZB6UyfnNzzjc1RMOyiAUEjzitKSJrXeoA==
  dependencies:
    bootstrap-daterangepicker "^3.1.0"

"@abp/bootstrap@~9.2.0":
  version "9.2.0"
  resolved "https://registry.yarnpkg.com/@abp/bootstrap/-/bootstrap-9.2.0.tgz#08859288b8372ea111a240b507047b144d6caca9"
  integrity sha512-L3EZQza2c/5VmvZkLsf0EOuaMi8fseyyiwlFN65i1hpcDwhOLcaqnxMneeaSJ+Dy4xczJT+oBml9D9OSTuzmkA==
  dependencies:
    "@abp/core" "~9.2.0"
    bootstrap "^5.3.3"

"@abp/core@~9.2.0":
  version "9.2.0"
  resolved "https://registry.yarnpkg.com/@abp/core/-/core-9.2.0.tgz#db08fd34cfc891e94eb9e59ed3c0d0e6ef45c51a"
  integrity sha512-3iESoHFj8I2xK81dwQVpCI6C1bc87VfWKyJE3/IUv4zWvG4QvI0aKhe1wxocmJqTjjowPUA3/fa2hvpfqPs2Bw==
  dependencies:
    "@abp/utils" "~9.2.0"

"@abp/datatables.net-bs5@~9.2.0":
  version "9.2.0"
  resolved "https://registry.yarnpkg.com/@abp/datatables.net-bs5/-/datatables.net-bs5-9.2.0.tgz#eab201c959727c27aaab30dc5bd8159249d8b54b"
  integrity sha512-bmK6GKffXzYbfkDIlN27D7mohnYsXoODEiHqhZnBdIzeSJyHwrwRPRVbO1EcBn1SEBHjGJp3S69Z6gDbRs018g==
  dependencies:
    "@abp/datatables.net" "~9.2.0"
    datatables.net-bs5 "^2.1.8"

"@abp/datatables.net@~9.2.0":
  version "9.2.0"
  resolved "https://registry.yarnpkg.com/@abp/datatables.net/-/datatables.net-9.2.0.tgz#e4880fe074d86d3c5dbd7f48c86244790fc376c2"
  integrity sha512-bKaaa+tl0Pt4oNaV+X8pBbvsHc2mPYoL7yuAs+LN8ZLwBdsGoUw7RNhLQ63O3tuYdHuaHhI/mx23X6JThr0SYw==
  dependencies:
    "@abp/jquery" "~9.2.0"
    datatables.net "^2.1.8"

"@abp/font-awesome@~9.2.0":
  version "9.2.0"
  resolved "https://registry.yarnpkg.com/@abp/font-awesome/-/font-awesome-9.2.0.tgz#3e359da2510cbc0e5b9e46e9cb3664baf285722e"
  integrity sha512-HRGg6XK3bCxFdVvEBnBKyLamqMUrenj//E4JuKOs8DtGLVH0jTyh8TwUT5/E/pI+POV7HEOpv9WpSB2p8pfsAg==
  dependencies:
    "@abp/core" "~9.2.0"
    "@fortawesome/fontawesome-free" "^6.6.0"

"@abp/jquery-form@~9.2.0":
  version "9.2.0"
  resolved "https://registry.yarnpkg.com/@abp/jquery-form/-/jquery-form-9.2.0.tgz#40fac992584c26e6c54f66e7f68f8abf8944a626"
  integrity sha512-B7Shq1itQjsnzdU1kjLpGHWjkSGFhIM2iF5BNMkqcylG3Yq1Se4+8QPoJpn/soilmtX8gbO2fx8TOejfIazXIw==
  dependencies:
    "@abp/jquery" "~9.2.0"
    jquery-form "^4.3.0"

"@abp/jquery-validation-unobtrusive@~9.2.0":
  version "9.2.0"
  resolved "https://registry.yarnpkg.com/@abp/jquery-validation-unobtrusive/-/jquery-validation-unobtrusive-9.2.0.tgz#c2df51d024d48e71f0e7fb8d4207a8b2855393f4"
  integrity sha512-c1cPfWVdo+gpaMoegAkw0DzGL2fy/1ylEi/shb95MAGt3iyECVx+X+R/XOxbVHKVI57D4d5IGj6cXYBhdKkvAw==
  dependencies:
    "@abp/jquery-validation" "~9.2.0"
    jquery-validation-unobtrusive "^4.0.0"

"@abp/jquery-validation@~9.2.0":
  version "9.2.0"
  resolved "https://registry.yarnpkg.com/@abp/jquery-validation/-/jquery-validation-9.2.0.tgz#97688d2e3c25699d4368ebf7234e04943aa5e6ab"
  integrity sha512-UO+T6SqXBrh0ODwvMm840CGbE2fdYNo5oqJL4V4JbHv9uz7MH+k0bB1DK7mFb94iDM7QcglLzIfcN4hLRV7arw==
  dependencies:
    "@abp/jquery" "~9.2.0"
    jquery-validation "^1.21.0"

"@abp/jquery@~9.2.0":
  version "9.2.0"
  resolved "https://registry.yarnpkg.com/@abp/jquery/-/jquery-9.2.0.tgz#38c249be6eda0cdc899cc8a1f20e5152c39ae9a0"
  integrity sha512-sIe3Zk+8549ytydCtDlECZ930PapW/2J0652two/sJwYG/SGUGxYQbw3QnJGFTcL9TFwcWwRj5iWX0gWrLEIyA==
  dependencies:
    "@abp/core" "~9.2.0"
    jquery "~3.7.1"

"@abp/lodash@~9.2.0":
  version "9.2.0"
  resolved "https://registry.yarnpkg.com/@abp/lodash/-/lodash-9.2.0.tgz#7fa4c9e956c766e34ec4677d2102a6d00f899a4b"
  integrity sha512-2elXj/eWw875tF9ixbOm3uqXCxGaG5gL9Tub5k7cP+XhFpNBOYijNaXdN8SeDSxr83WDVWdrk//OQL8BF7XPdw==
  dependencies:
    "@abp/core" "~9.2.0"
    lodash "^4.17.21"

"@abp/luxon@~9.2.0":
  version "9.2.0"
  resolved "https://registry.yarnpkg.com/@abp/luxon/-/luxon-9.2.0.tgz#865db7b60dba4029134fb4a4b5eaa08c723dcea8"
  integrity sha512-LWjczvzu1gFIq0/2fRz+bJW2+zsmXAmfz0I+lZ3wmqUdkViqAqwTa+5NMIl2tC92u4Dv3LGXKtH37Jw8m+XjTg==
  dependencies:
    "@abp/core" "~9.2.0"
    luxon "^3.5.0"

"@abp/malihu-custom-scrollbar-plugin@~9.2.0":
  version "9.2.0"
  resolved "https://registry.yarnpkg.com/@abp/malihu-custom-scrollbar-plugin/-/malihu-custom-scrollbar-plugin-9.2.0.tgz#09722b1e7ca34b96e2a68368db0e96cdf9ab0e6c"
  integrity sha512-kfDf/1RwGtAlos/7BW+7xbh3LtJ4VG0Z4mxS+b2HsywAwlt/kE5FltfBj2ResQb030bsGNl7A5JglV9Pv1UlPw==
  dependencies:
    "@abp/core" "~9.2.0"
    malihu-custom-scrollbar-plugin "^3.1.5"

"@abp/moment@~9.2.0":
  version "9.2.0"
  resolved "https://registry.yarnpkg.com/@abp/moment/-/moment-9.2.0.tgz#137d688af4df195742061ac2b8a2bf460a027071"
  integrity sha512-15aTjYAxHK+upkiZ94XCe8CoSPKMl1D8f6GXJIfwPkuYZ+na4ma17qBu4P8bFsc4gu3ngxYiLHRSzYzr4oCSYQ==
  dependencies:
    moment "^2.30.1"

"@abp/select2@~9.2.0":
  version "9.2.0"
  resolved "https://registry.yarnpkg.com/@abp/select2/-/select2-9.2.0.tgz#c96d869be0d3298ed7c0888288ea9829e6266cd4"
  integrity sha512-V+qx9hw3oe7o0WbG03ZgAjbqRJPVuedzrdy7ExEdueTc6LRP/WEgbVpXhsNISObtouE6Dadwp3iXYSExgNUC6A==
  dependencies:
    "@abp/core" "~9.2.0"
    select2 "^4.0.13"

"@abp/sweetalert2@~9.2.0":
  version "9.2.0"
  resolved "https://registry.yarnpkg.com/@abp/sweetalert2/-/sweetalert2-9.2.0.tgz#826d6dd0b70c35a7401cc884fb1e82af99a0305d"
  integrity sha512-0r338ayjaL9uzmLKE8oHpcMgJeVgVoMYfhQAPINeQHv1TPXuYCLo0aoRNoLsfmUo3ayYBBa3zOrugFIVis7Q6A==
  dependencies:
    "@abp/core" "~9.2.0"
    sweetalert2 "^11.14.1"

"@abp/timeago@~9.2.0":
  version "9.2.0"
  resolved "https://registry.yarnpkg.com/@abp/timeago/-/timeago-9.2.0.tgz#79bbe6dd32b0ee7df2e8ebd05274a0ecc7882ba7"
  integrity sha512-hEUi5re5N1YkDSpaUaUtXF1Mz4YyiEvNzVADbKRz11kbR4ZAFzcvVqsQLeNo7qnuFLfJNAtuzyjkuxwL75kmaA==
  dependencies:
    "@abp/jquery" "~9.2.0"
    timeago "^1.6.7"

"@abp/utils@~9.2.0":
  version "9.2.0"
  resolved "https://registry.yarnpkg.com/@abp/utils/-/utils-9.2.0.tgz#bf32ced1175e45fbe010c3cb806c7cd37f85089c"
  integrity sha512-aciBuXhzlaqe+o7mNt536bCk425cmxY5BE0wwl13u3pX3LfWYWLEgwl8GS0aeI11TS1/7+1N85RJELyz/+y0hQ==
  dependencies:
    just-compare "^2.3.0"

"@fortawesome/fontawesome-free@^6.6.0":
  version "6.7.2"
  resolved "https://registry.yarnpkg.com/@fortawesome/fontawesome-free/-/fontawesome-free-6.7.2.tgz#8249de9b7e22fcb3ceb5e66090c30a1d5492b81a"
  integrity sha512-JUOtgFW6k9u4Y+xeIaEiLr3+cjoUPiAuLXoyKOJSia6Duzb7pq+A76P9ZdPDoAoxHdHzq6gE9/jKBGXlZT8FbA==

ansi-colors@^4.1.3:
  version "4.1.3"
  resolved "https://registry.yarnpkg.com/ansi-colors/-/ansi-colors-4.1.3.tgz#37611340eb2243e70cc604cad35d63270d48781b"
  integrity sha512-/6w/C21Pm1A7aZitlI5Ni/2J6FFQN8i1Cvz3kHABAAbw93v/NlvKdVOqz7CCWz/3iv/JplRSEEZ83XION15ovw==

bootstrap-datepicker@^1.10.0:
  version "1.10.0"
  resolved "https://registry.yarnpkg.com/bootstrap-datepicker/-/bootstrap-datepicker-1.10.0.tgz#61612bbe8bf0a69a5bce32bbcdda93ebb6ccf24a"
  integrity sha512-lWxtSYddAQOpbAO8UhYhHLcK6425eWoSjb5JDvZU3ePHEPF6A3eUr51WKaFy4PccU19JRxUG6wEU3KdhtKfvpg==
  dependencies:
    jquery ">=3.4.0 <4.0.0"

bootstrap-daterangepicker@^3.1.0:
  version "3.1.0"
  resolved "https://registry.yarnpkg.com/bootstrap-daterangepicker/-/bootstrap-daterangepicker-3.1.0.tgz#632e6fb2de4b6360c5c0a9d5f6adb9aace051fe8"
  integrity sha512-oaQZx6ZBDo/dZNyXGVi2rx5GmFXThyQLAxdtIqjtLlYVaQUfQALl5JZMJJZzyDIX7blfy4ppZPAJ10g8Ma4d/g==
  dependencies:
    jquery ">=1.10"
    moment "^2.9.0"

bootstrap@^5.3.3:
  version "5.3.7"
  resolved "https://registry.yarnpkg.com/bootstrap/-/bootstrap-5.3.7.tgz#8640065036124d961d885d80b5945745e1154d90"
  integrity sha512-7KgiD8UHjfcPBHEpDNg+zGz8L3LqR3GVwqZiBRFX04a1BCArZOz1r2kjly2HQ0WokqTO0v1nF+QAt8dsW4lKlw==

datatables.net-bs5@^2.1.8:
  version "2.3.2"
  resolved "https://registry.yarnpkg.com/datatables.net-bs5/-/datatables.net-bs5-2.3.2.tgz#cffb8007a9f752a997bc70c0dbe9f545edfd18eb"
  integrity sha512-1rh0ZTLoiziIQ4oAtgr+IOYVgJfAIceDnbDe535u8kv191pBAdTrKF6ovQO98Xy9mDXLdLNB7QCrLiV/sgPoQw==
  dependencies:
    datatables.net "2.3.2"
    jquery ">=1.7"

datatables.net@2.3.2, datatables.net@^2.1.8:
  version "2.3.2"
  resolved "https://registry.yarnpkg.com/datatables.net/-/datatables.net-2.3.2.tgz#6821f6288e6ad3cb6879c33e0e7e11d4091d330b"
  integrity sha512-31TzwIQM0+pr2ZOEOEH6dsHd/WSAl5GDDGPezOHPI3mM2NK4lcDyOoG8xXeWmSbVfbi852LNK5C84fpp4Q+qxg==
  dependencies:
    jquery ">=1.7"

jquery-form@^4.3.0:
  version "4.3.0"
  resolved "https://registry.yarnpkg.com/jquery-form/-/jquery-form-4.3.0.tgz#7d3961c314a1f2d15298f4af1d3943f54f4149c6"
  integrity sha512-q3uaVCEWdLOYUCI6dpNdwf/7cJFOsUgdpq6r0taxtGQ5NJSkOzofyWm4jpOuJ5YxdmL1FI5QR+q+HB63HHLGnQ==
  dependencies:
    jquery ">=1.7.2"

jquery-mousewheel@>=3.0.6:
  version "3.2.2"
  resolved "https://registry.yarnpkg.com/jquery-mousewheel/-/jquery-mousewheel-3.2.2.tgz#48c833f6260ee0c46d438a999e7d0060ec9eed0b"
  integrity sha512-JP71xTAg08ZY3hcs9ZbYUZ5i+dkSsz4yRl/zpWkAmtzc+kMs5EfPkpkINSidiLYMaR0MTo3DfFGF9WIezMsFQQ==
  dependencies:
    jquery ">=1.2.6"

jquery-validation-unobtrusive@^4.0.0:
  version "4.0.0"
  resolved "https://registry.yarnpkg.com/jquery-validation-unobtrusive/-/jquery-validation-unobtrusive-4.0.0.tgz#dfcf25a558496a2c883db6021d10f5398d15f99d"
  integrity sha512-1ervYFFv6LX/rp7ktuLnMakHNG0piNRDyROI8Ir3hL1vPIwylAehB1AY3BPrYJnzW3WmwWryZq+Bz4sazZK9iQ==
  dependencies:
    jquery "^3.6.0"
    jquery-validation ">=1.19"

jquery-validation@>=1.19, jquery-validation@^1.21.0:
  version "1.21.0"
  resolved "https://registry.yarnpkg.com/jquery-validation/-/jquery-validation-1.21.0.tgz#78fc05ab76020912a246af3661b3f54a438bca93"
  integrity sha512-xNot0rlUIgu7duMcQ5qb6MGkGL/Z1PQaRJQoZAURW9+a/2PGOUxY36o/WyNeP2T9R6jvWB8Z9lUVvvQWI/Zs5w==

jquery@>=1.10, jquery@>=1.2.6, "jquery@>=1.5.0 <4.0", jquery@>=1.7, jquery@>=1.7.2, "jquery@>=3.4.0 <4.0.0", jquery@^3.6.0, jquery@~3.7.1:
  version "3.7.1"
  resolved "https://registry.yarnpkg.com/jquery/-/jquery-3.7.1.tgz#083ef98927c9a6a74d05a6af02806566d16274de"
  integrity sha512-m4avr8yL8kmFN8psrbFFFmB/If14iN5o9nw/NgnnM+kybDJpRsAynV2BsfpTYrTRysYUdADVD7CkUUizgkpLfg==

just-compare@^2.3.0:
  version "2.3.0"
  resolved "https://registry.yarnpkg.com/just-compare/-/just-compare-2.3.0.tgz#a2adcc1d1940536263275f5a1ef1298bcacfeda7"
  integrity sha512-6shoR7HDT+fzfL3gBahx1jZG3hWLrhPAf+l7nCwahDdT9XDtosB9kIF0ZrzUp5QY8dJWfQVr5rnsPqsbvflDzg==

lodash@^4.17.21:
  version "4.17.21"
  resolved "https://registry.yarnpkg.com/lodash/-/lodash-4.17.21.tgz#679591c564c3bffaae8454cf0b3df370c3d6911c"
  integrity sha512-v2kDEe57lecTulaDIuNTPy3Ry4gLGJ6Z1O3vE1krgXZNrsQ+LFTGHVxVjcXPs17LhbZVGedAJv8XZ1tvj5FvSg==

luxon@^3.5.0:
  version "3.6.1"
  resolved "https://registry.yarnpkg.com/luxon/-/luxon-3.6.1.tgz#d283ffc4c0076cb0db7885ec6da1c49ba97e47b0"
  integrity sha512-tJLxrKJhO2ukZ5z0gyjY1zPh3Rh88Ej9P7jNrZiHMUXHae1yvI2imgOZtL1TO8TW6biMMKfTtAOoEJANgtWBMQ==

malihu-custom-scrollbar-plugin@^3.1.5:
  version "3.1.5"
  resolved "https://registry.yarnpkg.com/malihu-custom-scrollbar-plugin/-/malihu-custom-scrollbar-plugin-3.1.5.tgz#310cecc5e59415a1c29e9dfb5d2b6e01d66a29ef"
  integrity sha512-lwW3LgI+CNDMPnP4ED2la6oYxWMkCXlnhex+s2wuOLhFDFGnGmQuTQVdRK9bvDLpxs10sGlfErVufJy9ztfgJQ==
  dependencies:
    jquery-mousewheel ">=3.0.6"

moment@^2.30.1, moment@^2.9.0:
  version "2.30.1"
  resolved "https://registry.yarnpkg.com/moment/-/moment-2.30.1.tgz#f8c91c07b7a786e30c59926df530b4eac96974ae"
  integrity sha512-uEmtNhbDOrWPFS+hdjFCBfy9f2YoyzRpwcl+DqpC6taX21FzsTLQVbMV/W7PzNSX6x/bhC1zA3c2UQ5NzH6how==

select2@^4.0.13:
  version "4.0.13"
  resolved "https://registry.yarnpkg.com/select2/-/select2-4.0.13.tgz#0dbe377df3f96167c4c1626033e924372d8ef44d"
  integrity sha512-1JeB87s6oN/TDxQQYCvS5EFoQyvV6eYMZZ0AeA4tdFDYWN3BAGZ8npr17UBFddU0lgAt3H0yjX3X6/ekOj1yjw==

sweetalert2@^11.14.1:
  version "11.22.0"
  resolved "https://registry.yarnpkg.com/sweetalert2/-/sweetalert2-11.22.0.tgz#da67f7e7e635d0392548a4e3dd1f56979d4a3698"
  integrity sha512-pSMuRGDULhh+wrFkO22O0YsIXxs8yFE0O+WVYXcqc/sTa1oRnf0JlR+vfQIRY1QM1UeFfnCjyw6DYnG75/oxiQ==

timeago@^1.6.7:
  version "1.6.7"
  resolved "https://registry.yarnpkg.com/timeago/-/timeago-1.6.7.tgz#afd467c29a911e697fc22a81888c7c3022783cb5"
  integrity sha512-FikcjN98+ij0siKH4VO4dZ358PR3oDDq4Vdl1+sN9gWz1/+JXGr3uZbUShYH/hL7bMhcTpPbplJU5Tej4b4jbQ==
  dependencies:
    jquery ">=1.5.0 <4.0"
