
Microsoft Visual Studio Solution File, Format Version 12.00
Project("{FAE04EC0-301F-11D3-BF4B-00C04F79EFBC}") = "DaprSubscribe", "DaprSubscribe\DaprSubscribe.csproj", "{7F1953FE-B539-4B88-AB2B-3F89FCA1BDAD}"
EndProject
Project("{FAE04EC0-301F-11D3-BF4B-00C04F79EFBC}") = "DaprPublisher", "DaprPublisher\DaprPublisher.csproj", "{2736015F-AB63-4E5F-9B2A-50AF02AA0E6F}"
EndProject
Project("{FAE04EC0-301F-11D3-BF4B-00C04F79EFBC}") = "Shared", "Shared\Shared.csproj", "{0D8958F7-D0F6-4EA5-B629-BEBB622B618D}"
EndProject
Global
	GlobalSection(SolutionConfigurationPlatforms) = preSolution
		Debug|Any CPU = Debug|Any CPU
		Release|Any CPU = Release|Any CPU
	EndGlobalSection
	GlobalSection(ProjectConfigurationPlatforms) = postSolution
		{7F1953FE-B539-4B88-AB2B-3F89FCA1BDAD}.Debug|Any CPU.ActiveCfg = Debug|Any CPU
		{7F1953FE-B539-4B88-AB2B-3F89FCA1BDAD}.Debug|Any CPU.Build.0 = Debug|Any CPU
		{7F1953FE-B539-4B88-AB2B-3F89FCA1BDAD}.Release|Any CPU.ActiveCfg = Release|Any CPU
		{7F1953FE-B539-4B88-AB2B-3F89FCA1BDAD}.Release|Any CPU.Build.0 = Release|Any CPU
		{2736015F-AB63-4E5F-9B2A-50AF02AA0E6F}.Debug|Any CPU.ActiveCfg = Debug|Any CPU
		{2736015F-AB63-4E5F-9B2A-50AF02AA0E6F}.Debug|Any CPU.Build.0 = Debug|Any CPU
		{2736015F-AB63-4E5F-9B2A-50AF02AA0E6F}.Release|Any CPU.ActiveCfg = Release|Any CPU
		{2736015F-AB63-4E5F-9B2A-50AF02AA0E6F}.Release|Any CPU.Build.0 = Release|Any CPU
		{0D8958F7-D0F6-4EA5-B629-BEBB622B618D}.Debug|Any CPU.ActiveCfg = Debug|Any CPU
		{0D8958F7-D0F6-4EA5-B629-BEBB622B618D}.Debug|Any CPU.Build.0 = Debug|Any CPU
		{0D8958F7-D0F6-4EA5-B629-BEBB622B618D}.Release|Any CPU.ActiveCfg = Release|Any CPU
		{0D8958F7-D0F6-4EA5-B629-BEBB622B618D}.Release|Any CPU.Build.0 = Release|Any CPU
	EndGlobalSection
EndGlobal
