# THIS IS AN AUTOGENERATED FILE. DO NOT EDIT THIS FILE DIRECTLY.
# yarn lockfile v1


"@abp/aspnetcore.mvc.ui.theme.leptonxlite@~4.2.0":
  version "4.2.4"
  resolved "https://www.myget.org/F/abp-nightly/npm/@abp/aspnetcore.mvc.ui.theme.leptonxlite/-/@abp/aspnetcore.mvc.ui.theme.leptonxlite-4.2.4.tgz#9510bbb728935eb1385c7aaaec3b8ddf617a8e81"
  integrity sha1-lRC7tyiTXrE4XHqq7DuN32F6joE=
  dependencies:
    "@abp/aspnetcore.mvc.ui.theme.shared" "~9.2.4"

"@abp/aspnetcore.mvc.ui.theme.shared@~9.2.4":
  version "9.2.4"
  resolved "https://www.myget.org/F/abp-nightly/npm/@abp/aspnetcore.mvc.ui.theme.shared/-/@abp/aspnetcore.mvc.ui.theme.shared-9.2.4.tgz#dfc986f959748f7a916905ac259dcb2ce3e07d62"
  integrity sha1-38mG+Vl0j3qRaQWsJZ3LLOPgfWI=
  dependencies:
    "@abp/aspnetcore.mvc.ui" "~9.2.4"
    "@abp/bootstrap" "~9.2.4"
    "@abp/bootstrap-datepicker" "~9.2.4"
    "@abp/bootstrap-daterangepicker" "~9.2.4"
    "@abp/datatables.net-bs5" "~9.2.4"
    "@abp/font-awesome" "~9.2.4"
    "@abp/jquery-form" "~9.2.4"
    "@abp/jquery-validation-unobtrusive" "~9.2.4"
    "@abp/lodash" "~9.2.4"
    "@abp/luxon" "~9.2.4"
    "@abp/malihu-custom-scrollbar-plugin" "~9.2.4"
    "@abp/moment" "~9.2.4"
    "@abp/select2" "~9.2.4"
    "@abp/sweetalert2" "~9.2.4"
    "@abp/timeago" "~9.2.4"

"@abp/aspnetcore.mvc.ui@~9.2.4":
  version "9.2.4"
  resolved "https://www.myget.org/F/abp-nightly/npm/@abp/aspnetcore.mvc.ui/-/@abp/aspnetcore.mvc.ui-9.2.4.tgz#37234ab1ebdc3d7989472ce5ed94895127c49532"
  integrity sha1-NyNKsevcPXmJRyzl7ZSJUSfElTI=
  dependencies:
    ansi-colors "^4.1.3"

"@abp/bootstrap-datepicker@~9.2.4":
  version "9.2.4"
  resolved "https://www.myget.org/F/abp-nightly/npm/@abp/bootstrap-datepicker/-/@abp/bootstrap-datepicker-9.2.4.tgz#f6deac63d0b6cb4e157c334b2bee1880e86701e1"
  integrity sha1-9t6sY9C2y04VfDNLK+4YgOhnAeE=
  dependencies:
    bootstrap-datepicker "^1.10.0"

"@abp/bootstrap-daterangepicker@~9.2.4":
  version "9.2.4"
  resolved "https://www.myget.org/F/abp-nightly/npm/@abp/bootstrap-daterangepicker/-/@abp/bootstrap-daterangepicker-9.2.4.tgz#7dd651bb672b894b4a85750e7a4fa0fefe85e4e1"
  integrity sha1-fdZRu2criUtKhXUOek+g/v6F5OE=
  dependencies:
    bootstrap-daterangepicker "^3.1.0"

"@abp/bootstrap@~9.2.4":
  version "9.2.4"
  resolved "https://www.myget.org/F/abp-nightly/npm/@abp/bootstrap/-/@abp/bootstrap-9.2.4.tgz#2685eeee4113e99d5351bc9c769e1db6f94a6c82"
  integrity sha1-JoXu7kET6Z1TUbycdp4dtvlKbII=
  dependencies:
    "@abp/core" "~9.2.4"
    bootstrap "^5.3.3"

"@abp/core@~9.2.4":
  version "9.2.4"
  resolved "https://www.myget.org/F/abp-nightly/npm/@abp/core/-/@abp/core-9.2.4.tgz#b1b24f24e6fbc05726f0e8bf2d606c76cd1e3c51"
  integrity sha1-sbJPJOb7wFcm8Oi/LWBsds0ePFE=
  dependencies:
    "@abp/utils" "~9.2.4"

"@abp/datatables.net-bs5@~9.2.4":
  version "9.2.4"
  resolved "https://www.myget.org/F/abp-nightly/npm/@abp/datatables.net-bs5/-/@abp/datatables.net-bs5-9.2.4.tgz#3455296edae95c4da0533bd20bcd25ff41a9494f"
  integrity sha1-NFUpbtrpXE2gUzvSC80l/0GpSU8=
  dependencies:
    "@abp/datatables.net" "~9.2.4"
    datatables.net-bs5 "^2.1.8"

"@abp/datatables.net@~9.2.4":
  version "9.2.4"
  resolved "https://www.myget.org/F/abp-nightly/npm/@abp/datatables.net/-/@abp/datatables.net-9.2.4.tgz#6e01f9f39cd217c8cd140bd9ede07b6e3673dc86"
  integrity sha1-bgH585zSF8jNFAvZ7eB7bjZz3IY=
  dependencies:
    "@abp/jquery" "~9.2.4"
    datatables.net "^2.1.8"

"@abp/font-awesome@~9.2.4":
  version "9.2.4"
  resolved "https://www.myget.org/F/abp-nightly/npm/@abp/font-awesome/-/@abp/font-awesome-9.2.4.tgz#a106bc2f6fada4202e851c42e10d8df318bbfb40"
  integrity sha1-oQa8L2+tpCAuhRxC4Q2N8xi7+0A=
  dependencies:
    "@abp/core" "~9.2.4"
    "@fortawesome/fontawesome-free" "^6.6.0"

"@abp/jquery-form@~9.2.4":
  version "9.2.4"
  resolved "https://www.myget.org/F/abp-nightly/npm/@abp/jquery-form/-/@abp/jquery-form-9.2.4.tgz#ffe22a7f53def809da71b1b93af21d010ef55ba0"
  integrity sha1-/+Iqf1Pe+AnacbG5OvIdAQ71W6A=
  dependencies:
    "@abp/jquery" "~9.2.4"
    jquery-form "^4.3.0"

"@abp/jquery-validation-unobtrusive@~9.2.4":
  version "9.2.4"
  resolved "https://www.myget.org/F/abp-nightly/npm/@abp/jquery-validation-unobtrusive/-/@abp/jquery-validation-unobtrusive-9.2.4.tgz#56f90fbfe0f2cceb9e88a6b6e06df43801f15018"
  integrity sha1-VvkPv+DyzOueiKa24G30OAHxUBg=
  dependencies:
    "@abp/jquery-validation" "~9.2.4"
    jquery-validation-unobtrusive "^4.0.0"

"@abp/jquery-validation@~9.2.4":
  version "9.2.4"
  resolved "https://www.myget.org/F/abp-nightly/npm/@abp/jquery-validation/-/@abp/jquery-validation-9.2.4.tgz#99b3055cbdc550b7a506aaf25eb613a13ea0e584"
  integrity sha1-mbMFXL3FULelBqryXrYToT6g5YQ=
  dependencies:
    "@abp/jquery" "~9.2.4"
    jquery-validation "^1.21.0"

"@abp/jquery@~9.2.4":
  version "9.2.4"
  resolved "https://www.myget.org/F/abp-nightly/npm/@abp/jquery/-/@abp/jquery-9.2.4.tgz#7fdd09ce974bef7560482727dba186cd089f37d9"
  integrity sha1-f90JzpdL73VgSCcn26GGzQifN9k=
  dependencies:
    "@abp/core" "~9.2.4"
    jquery "~3.7.1"

"@abp/lodash@~9.2.4":
  version "9.2.4"
  resolved "https://www.myget.org/F/abp-nightly/npm/@abp/lodash/-/@abp/lodash-9.2.4.tgz#351af7e45f3b5afd82e3eee25bd6b37f51d1d8ad"
  integrity sha1-NRr35F87Wv2C4+7iW9azf1HR2K0=
  dependencies:
    "@abp/core" "~9.2.4"
    lodash "^4.17.21"

"@abp/luxon@~9.2.4":
  version "9.2.4"
  resolved "https://www.myget.org/F/abp-nightly/npm/@abp/luxon/-/@abp/luxon-9.2.4.tgz#16936b75cbef119e14bc1e32a5a0f8befdbd07f1"
  integrity sha1-FpNrdcvvEZ4UvB4ypaD4vv29B/E=
  dependencies:
    "@abp/core" "~9.2.4"
    luxon "^3.5.0"

"@abp/malihu-custom-scrollbar-plugin@~9.2.4":
  version "9.2.4"
  resolved "https://www.myget.org/F/abp-nightly/npm/@abp/malihu-custom-scrollbar-plugin/-/@abp/malihu-custom-scrollbar-plugin-9.2.4.tgz#36e3ef220e492299bcaaeea5d32fccc06a06fdf8"
  integrity sha1-NuPvIg5JIpm8qu6l0y/MwGoG/fg=
  dependencies:
    "@abp/core" "~9.2.4"
    malihu-custom-scrollbar-plugin "^3.1.5"

"@abp/moment@~9.2.4":
  version "9.2.4"
  resolved "https://www.myget.org/F/abp-nightly/npm/@abp/moment/-/@abp/moment-9.2.4.tgz#71b87868e5e320aeba25254f5d8282d9dfd052a0"
  integrity sha1-cbh4aOXjIK66JSVPXYKC2d/QUqA=
  dependencies:
    moment "^2.30.1"

"@abp/select2@~9.2.4":
  version "9.2.4"
  resolved "https://www.myget.org/F/abp-nightly/npm/@abp/select2/-/@abp/select2-9.2.4.tgz#3364ca3d4ea9eea4a0535c3d21e728648a1f4009"
  integrity sha1-M2TKPU6p7qSgU1w9IecoZIofQAk=
  dependencies:
    "@abp/core" "~9.2.4"
    select2 "^4.0.13"

"@abp/sweetalert2@~9.2.4":
  version "9.2.4"
  resolved "https://www.myget.org/F/abp-nightly/npm/@abp/sweetalert2/-/@abp/sweetalert2-9.2.4.tgz#f3647db5fdd6c5510849e9a52f1222a33b767cda"
  integrity sha1-82R9tf3WxVEISemlLxIiozt2fNo=
  dependencies:
    "@abp/core" "~9.2.4"
    sweetalert2 "^11.14.1"

"@abp/timeago@~9.2.4":
  version "9.2.4"
  resolved "https://www.myget.org/F/abp-nightly/npm/@abp/timeago/-/@abp/timeago-9.2.4.tgz#196d2d84bdaf6b4eeae2879d7e85327fc0cca5fd"
  integrity sha1-GW0thL2va07q4oedfoUyf8DMpf0=
  dependencies:
    "@abp/jquery" "~9.2.4"
    timeago "^1.6.7"

"@abp/utils@~9.2.4":
  version "9.2.4"
  resolved "https://www.myget.org/F/abp-nightly/npm/@abp/utils/-/@abp/utils-9.2.4.tgz#abedd66ce3e6cfa10e21a1d41e41ec13d26e84f0"
  integrity sha1-q+3WbOPmz6EOIaHUHkHsE9JuhPA=
  dependencies:
    just-compare "^2.3.0"

"@fortawesome/fontawesome-free@^6.6.0":
  version "6.7.2"
  resolved "https://registry.yarnpkg.com/@fortawesome/fontawesome-free/-/fontawesome-free-6.7.2.tgz#8249de9b7e22fcb3ceb5e66090c30a1d5492b81a"
  integrity sha512-JUOtgFW6k9u4Y+xeIaEiLr3+cjoUPiAuLXoyKOJSia6Duzb7pq+A76P9ZdPDoAoxHdHzq6gE9/jKBGXlZT8FbA==

ansi-colors@^4.1.3:
  version "4.1.3"
  resolved "https://registry.yarnpkg.com/ansi-colors/-/ansi-colors-4.1.3.tgz#37611340eb2243e70cc604cad35d63270d48781b"
  integrity sha512-/6w/C21Pm1A7aZitlI5Ni/2J6FFQN8i1Cvz3kHABAAbw93v/NlvKdVOqz7CCWz/3iv/JplRSEEZ83XION15ovw==

bootstrap-datepicker@^1.10.0:
  version "1.10.0"
  resolved "https://registry.yarnpkg.com/bootstrap-datepicker/-/bootstrap-datepicker-1.10.0.tgz#61612bbe8bf0a69a5bce32bbcdda93ebb6ccf24a"
  integrity sha512-lWxtSYddAQOpbAO8UhYhHLcK6425eWoSjb5JDvZU3ePHEPF6A3eUr51WKaFy4PccU19JRxUG6wEU3KdhtKfvpg==
  dependencies:
    jquery ">=3.4.0 <4.0.0"

bootstrap-daterangepicker@^3.1.0:
  version "3.1.0"
  resolved "https://registry.yarnpkg.com/bootstrap-daterangepicker/-/bootstrap-daterangepicker-3.1.0.tgz#632e6fb2de4b6360c5c0a9d5f6adb9aace051fe8"
  integrity sha512-oaQZx6ZBDo/dZNyXGVi2rx5GmFXThyQLAxdtIqjtLlYVaQUfQALl5JZMJJZzyDIX7blfy4ppZPAJ10g8Ma4d/g==
  dependencies:
    jquery ">=1.10"
    moment "^2.9.0"

bootstrap@^5.3.3:
  version "5.3.3"
  resolved "https://registry.yarnpkg.com/bootstrap/-/bootstrap-5.3.3.tgz#de35e1a765c897ac940021900fcbb831602bac38"
  integrity sha512-8HLCdWgyoMguSO9o+aH+iuZ+aht+mzW0u3HIMzVu7Srrpv7EBBxTnrFlSCskwdY1+EOFQSm7uMJhNQHkdPcmjg==

datatables.net-bs5@^2.1.8:
  version "2.2.2"
  resolved "https://registry.yarnpkg.com/datatables.net-bs5/-/datatables.net-bs5-2.2.2.tgz#2d23183f6d9892a5518be9d33ef845935d859dba"
  integrity sha512-0mAbpUf0EpnIEc0RlN6vSrSk9y/+NuReiwDpjHYY3RfzdvH6Lt0+7Q9OU5RIbYxaFxES/z60thxdrw7IUFnBhw==
  dependencies:
    datatables.net "2.2.2"
    jquery ">=1.7"

datatables.net@2.2.2, datatables.net@^2.1.8:
  version "2.2.2"
  resolved "https://registry.yarnpkg.com/datatables.net/-/datatables.net-2.2.2.tgz#de45c9ef18775499481ffdae81a8de6a10d264a0"
  integrity sha512-gfODIKE3gpgbVeZy2QGj2Dq9roO6hy00S+k1knklrqlMyAMrh1wt0Q6ryBUM7gU96U77ysbq8dYhxFdmcC/oPQ==
  dependencies:
    jquery ">=1.7"

jquery-form@^4.3.0:
  version "4.3.0"
  resolved "https://registry.yarnpkg.com/jquery-form/-/jquery-form-4.3.0.tgz#7d3961c314a1f2d15298f4af1d3943f54f4149c6"
  integrity sha512-q3uaVCEWdLOYUCI6dpNdwf/7cJFOsUgdpq6r0taxtGQ5NJSkOzofyWm4jpOuJ5YxdmL1FI5QR+q+HB63HHLGnQ==
  dependencies:
    jquery ">=1.7.2"

jquery-mousewheel@>=3.0.6:
  version "3.1.13"
  resolved "https://registry.yarnpkg.com/jquery-mousewheel/-/jquery-mousewheel-3.1.13.tgz#06f0335f16e353a695e7206bf50503cb523a6ee5"
  integrity sha512-GXhSjfOPyDemM005YCEHvzrEALhKDIswtxSHSR2e4K/suHVJKJxxRCGz3skPjNxjJjQa9AVSGGlYjv1M3VLIPg==

jquery-validation-unobtrusive@^4.0.0:
  version "4.0.0"
  resolved "https://registry.yarnpkg.com/jquery-validation-unobtrusive/-/jquery-validation-unobtrusive-4.0.0.tgz#dfcf25a558496a2c883db6021d10f5398d15f99d"
  integrity sha512-1ervYFFv6LX/rp7ktuLnMakHNG0piNRDyROI8Ir3hL1vPIwylAehB1AY3BPrYJnzW3WmwWryZq+Bz4sazZK9iQ==
  dependencies:
    jquery "^3.6.0"
    jquery-validation ">=1.19"

jquery-validation@>=1.19, jquery-validation@^1.21.0:
  version "1.21.0"
  resolved "https://registry.yarnpkg.com/jquery-validation/-/jquery-validation-1.21.0.tgz#78fc05ab76020912a246af3661b3f54a438bca93"
  integrity sha512-xNot0rlUIgu7duMcQ5qb6MGkGL/Z1PQaRJQoZAURW9+a/2PGOUxY36o/WyNeP2T9R6jvWB8Z9lUVvvQWI/Zs5w==

jquery@>=1.10, "jquery@>=1.5.0 <4.0", jquery@>=1.7, jquery@>=1.7.2, "jquery@>=3.4.0 <4.0.0", jquery@^3.6.0, jquery@~3.7.1:
  version "3.7.1"
  resolved "https://registry.yarnpkg.com/jquery/-/jquery-3.7.1.tgz#083ef98927c9a6a74d05a6af02806566d16274de"
  integrity sha512-m4avr8yL8kmFN8psrbFFFmB/If14iN5o9nw/NgnnM+kybDJpRsAynV2BsfpTYrTRysYUdADVD7CkUUizgkpLfg==

just-compare@^2.3.0:
  version "2.3.0"
  resolved "https://registry.yarnpkg.com/just-compare/-/just-compare-2.3.0.tgz#a2adcc1d1940536263275f5a1ef1298bcacfeda7"
  integrity sha512-6shoR7HDT+fzfL3gBahx1jZG3hWLrhPAf+l7nCwahDdT9XDtosB9kIF0ZrzUp5QY8dJWfQVr5rnsPqsbvflDzg==

lodash@^4.17.21:
  version "4.17.21"
  resolved "https://registry.yarnpkg.com/lodash/-/lodash-4.17.21.tgz#679591c564c3bffaae8454cf0b3df370c3d6911c"
  integrity sha512-v2kDEe57lecTulaDIuNTPy3Ry4gLGJ6Z1O3vE1krgXZNrsQ+LFTGHVxVjcXPs17LhbZVGedAJv8XZ1tvj5FvSg==

luxon@^3.5.0:
  version "3.5.0"
  resolved "https://registry.yarnpkg.com/luxon/-/luxon-3.5.0.tgz#6b6f65c5cd1d61d1fd19dbf07ee87a50bf4b8e20"
  integrity sha512-rh+Zjr6DNfUYR3bPwJEnuwDdqMbxZW7LOQfUN4B54+Cl+0o5zaU9RJ6bcidfDtC1cWCZXQ+nvX8bf6bAji37QQ==

malihu-custom-scrollbar-plugin@^3.1.5:
  version "3.1.5"
  resolved "https://registry.yarnpkg.com/malihu-custom-scrollbar-plugin/-/malihu-custom-scrollbar-plugin-3.1.5.tgz#310cecc5e59415a1c29e9dfb5d2b6e01d66a29ef"
  integrity sha512-lwW3LgI+CNDMPnP4ED2la6oYxWMkCXlnhex+s2wuOLhFDFGnGmQuTQVdRK9bvDLpxs10sGlfErVufJy9ztfgJQ==
  dependencies:
    jquery-mousewheel ">=3.0.6"

moment@^2.30.1, moment@^2.9.0:
  version "2.30.1"
  resolved "https://registry.yarnpkg.com/moment/-/moment-2.30.1.tgz#f8c91c07b7a786e30c59926df530b4eac96974ae"
  integrity sha512-uEmtNhbDOrWPFS+hdjFCBfy9f2YoyzRpwcl+DqpC6taX21FzsTLQVbMV/W7PzNSX6x/bhC1zA3c2UQ5NzH6how==

select2@^4.0.13:
  version "4.0.13"
  resolved "https://registry.yarnpkg.com/select2/-/select2-4.0.13.tgz#0dbe377df3f96167c4c1626033e924372d8ef44d"
  integrity sha512-1JeB87s6oN/TDxQQYCvS5EFoQyvV6eYMZZ0AeA4tdFDYWN3BAGZ8npr17UBFddU0lgAt3H0yjX3X6/ekOj1yjw==

sweetalert2@^11.14.1:
  version "11.16.1"
  resolved "https://registry.yarnpkg.com/sweetalert2/-/sweetalert2-11.16.1.tgz#2da37df345741b679d993b652a72155510667ef6"
  integrity sha512-rGGByR/DkxqmPrJlsf4Yr8ud/kj3GQ3BVXokJIZK122fz/2PEZXexNZVftzdCyy4J1ehxXrhH+mUHPStCESvfA==

timeago@^1.6.7:
  version "1.6.7"
  resolved "https://registry.yarnpkg.com/timeago/-/timeago-1.6.7.tgz#afd467c29a911e697fc22a81888c7c3022783cb5"
  integrity sha512-FikcjN98+ij0siKH4VO4dZ358PR3oDDq4Vdl1+sN9gWz1/+JXGr3uZbUShYH/hL7bMhcTpPbplJU5Tej4b4jbQ==
  dependencies:
    jquery ">=1.5.0 <4.0"
