# THIS IS AN AUTOGENERATED FILE. DO NOT EDIT THIS FILE DIRECTLY.
# yarn lockfile v1


"@abp/aspnetcore.mvc.ui.theme.shared@~9.3.5":
  version "9.3.5"
  resolved "https://registry.yarnpkg.com/@abp/aspnetcore.mvc.ui.theme.shared/-/aspnetcore.mvc.ui.theme.shared-9.3.5.tgz#dd72c09b56153ff14e4cb97d49ea55cdc4d7115d"
  integrity sha512-A/HcSeZXyIYFm5SwoBlrd7pGtVlh5/CUM25yYv7C/521/zdTjUw4aQzrZjjeE2iOyvhqgBbuh11UlwUYMH4hUA==
  dependencies:
    "@abp/aspnetcore.mvc.ui" "~9.3.5"
    "@abp/bootstrap" "~9.3.5"
    "@abp/bootstrap-datepicker" "~9.3.5"
    "@abp/bootstrap-daterangepicker" "~9.3.5"
    "@abp/datatables.net-bs5" "~9.3.5"
    "@abp/font-awesome" "~9.3.5"
    "@abp/jquery-form" "~9.3.5"
    "@abp/jquery-validation-unobtrusive" "~9.3.5"
    "@abp/lodash" "~9.3.5"
    "@abp/luxon" "~9.3.5"
    "@abp/malihu-custom-scrollbar-plugin" "~9.3.5"
    "@abp/moment" "~9.3.5"
    "@abp/select2" "~9.3.5"
    "@abp/sweetalert2" "~9.3.5"
    "@abp/timeago" "~9.3.5"

"@abp/aspnetcore.mvc.ui@~9.3.5":
  version "9.3.5"
  resolved "https://registry.yarnpkg.com/@abp/aspnetcore.mvc.ui/-/aspnetcore.mvc.ui-9.3.5.tgz#73e58ca29fcfbcf310bea680f8ead7bff93eec91"
  integrity sha512-uHLr9B0Uvi0YBhBjFPKnRnH3OU7tGddblnorDnM9bqycwevXu0fspR0nR/66DAe67IvdvctVfk0yVzY8MUJAFw==
  dependencies:
    ansi-colors "^4.1.3"

"@abp/bootstrap-datepicker@~9.3.5":
  version "9.3.5"
  resolved "https://registry.yarnpkg.com/@abp/bootstrap-datepicker/-/bootstrap-datepicker-9.3.5.tgz#fddbb233e138701202b71bc191fedbda7ba39fcd"
  integrity sha512-xIDEPfg8hvHjx9UwJPcKZB3B6Pp964fdxmb7w9D2zps+0lnV/i5KI5tZPNN7lX8L97z1ClZtPY2nBSZ88z60/w==
  dependencies:
    bootstrap-datepicker "^1.10.0"

"@abp/bootstrap-daterangepicker@~9.3.5":
  version "9.3.5"
  resolved "https://registry.yarnpkg.com/@abp/bootstrap-daterangepicker/-/bootstrap-daterangepicker-9.3.5.tgz#2f4466f03a0b9f40fb305e0ed3e6487f1c2bb5ad"
  integrity sha512-bZEmn5fUpuKsFh9/96rMwL+041CHrmRGyOL6f/2877d0G9MrATV0upc8qmMOPc21npIy+ugB8+OYMbz1ZFSjpw==
  dependencies:
    bootstrap-daterangepicker "^3.1.0"

"@abp/bootstrap@~9.3.5":
  version "9.3.5"
  resolved "https://registry.yarnpkg.com/@abp/bootstrap/-/bootstrap-9.3.5.tgz#5e89f6222edac9b506dd53745cfb84c2710b2ddf"
  integrity sha512-d7XSzqlVqSoRnj/5Y3PrqGjqwGLkreqxI50GuInLJI21WMkas7U2ZYgpgcG+tSaXXseBCFK5IjIOsAfb5/8fFQ==
  dependencies:
    "@abp/core" "~9.3.5"
    bootstrap "^5.3.3"

"@abp/core@~9.3.5":
  version "9.3.5"
  resolved "https://registry.yarnpkg.com/@abp/core/-/core-9.3.5.tgz#6fa71209977b3f84f3afb263c991bc2abc2d10f7"
  integrity sha512-oZreHthqaauKABCE5wTUAiczVbyrRTjYA3FSnsgvQF3nFiiK7yeBuam9oHp5TrJAaSeAfGEl6t9Y/rkEtQBGhw==
  dependencies:
    "@abp/utils" "~9.3.5"

"@abp/cropperjs@~9.3.5":
  version "9.3.5"
  resolved "https://registry.yarnpkg.com/@abp/cropperjs/-/cropperjs-9.3.5.tgz#7b0f0e1955a78825dae83786c376cb0998c20653"
  integrity sha512-BwLdK6XemBmiAM3w4HjmYnGAWZ9TqQQavHU6vBZABNMGV/2WwoWWNzQMLCEsZNXRGVg9LQBeqmQyVrqhEiu5Cw==
  dependencies:
    "@abp/core" "~9.3.5"
    cropperjs "^1.6.2"

"@abp/datatables.net-bs5@~9.3.5":
  version "9.3.5"
  resolved "https://registry.yarnpkg.com/@abp/datatables.net-bs5/-/datatables.net-bs5-9.3.5.tgz#4246c0f3a76749fcfae53902626a81f4c28b1f23"
  integrity sha512-qXXniOr8inQpe7J0u2xPfKfxPR3aBLLwiyAgiqnowyZzNCnLxNhxAQaRbvRQhaLKiS9D7LS76c6v4ftaaJtDww==
  dependencies:
    "@abp/datatables.net" "~9.3.5"
    datatables.net-bs5 "^2.1.8"

"@abp/datatables.net@~9.3.5":
  version "9.3.5"
  resolved "https://registry.yarnpkg.com/@abp/datatables.net/-/datatables.net-9.3.5.tgz#e8288069dee086eae426d67ef3a63ecef6d4342f"
  integrity sha512-dTAEY0xkGF6PLGUBeu9cgDqRvrip1pNU6kp8KtwBbKzeK848N4s299aZNt8EvQK2bsGm0JWt/qjz/P09uRNUUQ==
  dependencies:
    "@abp/jquery" "~9.3.5"
    datatables.net "^2.1.8"

"@abp/font-awesome@~9.3.5":
  version "9.3.5"
  resolved "https://registry.yarnpkg.com/@abp/font-awesome/-/font-awesome-9.3.5.tgz#f11084601ac556f43d0d0affcd6911911ccd26c4"
  integrity sha512-uQdPnPSKjh0s6Jt6CH5XoaxnE47s6dbiAieSLMNZxxyMzHPA+xLRfoFTgPpFUt71pKvjGMR8ajaCd+on2iVhdw==
  dependencies:
    "@abp/core" "~9.3.5"
    "@fortawesome/fontawesome-free" "^6.6.0"

"@abp/jquery-form@~9.3.5":
  version "9.3.5"
  resolved "https://registry.yarnpkg.com/@abp/jquery-form/-/jquery-form-9.3.5.tgz#9e6b4d9fbc73c49254fe4c2d2dc1a28ed540c8ad"
  integrity sha512-EEaTH2tDwK96VW/CHOIVwjKvaAGRA95hNIe9BAE4tgZEPqsXdPi7lJpG7OAcAirIqeKvEeigJiOaDo69t3pqkQ==
  dependencies:
    "@abp/jquery" "~9.3.5"
    jquery-form "^4.3.0"

"@abp/jquery-validation-unobtrusive@~9.3.5":
  version "9.3.5"
  resolved "https://registry.yarnpkg.com/@abp/jquery-validation-unobtrusive/-/jquery-validation-unobtrusive-9.3.5.tgz#7dcaf225bbfc4db7b2540adef518f5fcf173226c"
  integrity sha512-LZROgSxJfBzBzsoY9N1DjYpHtT3OXOaYcZL6FNxmhVfhBVycAkVK3qv8nSWKEnfUlVcvDiKfQHa6ye9o10xwGw==
  dependencies:
    "@abp/jquery-validation" "~9.3.5"
    jquery-validation-unobtrusive "^4.0.0"

"@abp/jquery-validation@~9.3.5":
  version "9.3.5"
  resolved "https://registry.yarnpkg.com/@abp/jquery-validation/-/jquery-validation-9.3.5.tgz#3ef7fc930aef0768baaf14558f12539964a8f185"
  integrity sha512-n+ZV3IH/lOZU8U673AQT38UnN0D+b8eOAPXWUjU069/6y5icxXT2fwQhq5CF6nCTZehlvNKvlkU2RV2xpGldkA==
  dependencies:
    "@abp/jquery" "~9.3.5"
    jquery-validation "^1.21.0"

"@abp/jquery@~9.3.5":
  version "9.3.5"
  resolved "https://registry.yarnpkg.com/@abp/jquery/-/jquery-9.3.5.tgz#23ec07889e0b43467920bf00b453e2d6706271cd"
  integrity sha512-MxEzXHQWam6Ue1D3SN05+bYkt+WkP1XcVy/L10hl/jMJhPzFl4Aa806nLo0peO/vkJISLaVgdRImOSB4sB+5qw==
  dependencies:
    "@abp/core" "~9.3.5"
    jquery "~3.7.1"

"@abp/lodash@~9.3.5":
  version "9.3.5"
  resolved "https://registry.yarnpkg.com/@abp/lodash/-/lodash-9.3.5.tgz#15baef672b667106ef3c84bfc9d6e6f274abec66"
  integrity sha512-k9UqlVkjI2ANhR2HtqgRHAg33xWuYC8yug6zwVlenFEcr4XKFdI43O1xJOxvopmJ8SGHDTWo3le0xaLB9WTd0Q==
  dependencies:
    "@abp/core" "~9.3.5"
    lodash "^4.17.21"

"@abp/luxon@~9.3.5":
  version "9.3.5"
  resolved "https://registry.yarnpkg.com/@abp/luxon/-/luxon-9.3.5.tgz#2704e01283343c839b04701a6492f196cccb2128"
  integrity sha512-hyx0O058+uQYMZD/S7zb4qiO9I1kBWNGRwfdAjoPylqmr6fSoGni6HOITUJtis9ZB7hjHsY78/PGsfZnOpQRZw==
  dependencies:
    "@abp/core" "~9.3.5"
    luxon "^3.5.0"

"@abp/malihu-custom-scrollbar-plugin@~9.3.5":
  version "9.3.5"
  resolved "https://registry.yarnpkg.com/@abp/malihu-custom-scrollbar-plugin/-/malihu-custom-scrollbar-plugin-9.3.5.tgz#06d06434965199e5a7fee8184b5a2a53181c0a3e"
  integrity sha512-a/TAWunnswiLcCn0h4qEtanVht5A4AsY7Glk6AcfWXfUPHMzpxu8nuEf/YRrMmO+4dcX7xfOYAtap517ESR+zA==
  dependencies:
    "@abp/core" "~9.3.5"
    malihu-custom-scrollbar-plugin "^3.1.5"

"@abp/moment@~9.3.5":
  version "9.3.5"
  resolved "https://registry.yarnpkg.com/@abp/moment/-/moment-9.3.5.tgz#cd5589448b46c0e74f375e8e2d321854f5380d07"
  integrity sha512-Eg7pOGVpxgIBSKeP+dd8r+kdCQuFasfHEVpPU7aJaO1TRpIHjZqMeuUAUDWcqFS07tc+QcS2Iw16y1fxShIp2A==
  dependencies:
    moment "^2.30.1"

"@abp/qrcode@~9.3.5":
  version "9.3.5"
  resolved "https://registry.yarnpkg.com/@abp/qrcode/-/qrcode-9.3.5.tgz#cf93026adfcdba3bf0484d57e500167caa4b8217"
  integrity sha512-bNC7RadjJSAD5UdsdNQSDH8OdgVIJGdC920tK/V2Jlvdt7SDtUqSr7370vqtv6vwmCJgGGd1p3TVelBr7ieT2g==
  dependencies:
    "@abp/core" "~9.3.5"

"@abp/select2@~9.3.5":
  version "9.3.5"
  resolved "https://registry.yarnpkg.com/@abp/select2/-/select2-9.3.5.tgz#1ceb98c8791a0d608cd33141e665347de3c0aaf1"
  integrity sha512-kv2vskVP6z0ip+JRtqmRpDHQUshY7W/xgVjriXaI7lrf9fvguWa9mxOlUBGYzEOmUe6YOev4D+WINLrMpA4JbA==
  dependencies:
    "@abp/core" "~9.3.5"
    select2 "^4.0.13"

"@abp/sweetalert2@~9.3.5":
  version "9.3.5"
  resolved "https://registry.yarnpkg.com/@abp/sweetalert2/-/sweetalert2-9.3.5.tgz#dd325274f94f02b45775f97410c43dd0ee781bbc"
  integrity sha512-Cxsv1vwAvzjqtTlhkAW4uIzQTpDH+GjYgR8ADZST4tklllhh+noPmCH96bVPf0FHnCX2a8/bPMdG5cykTaOiug==
  dependencies:
    "@abp/core" "~9.3.5"
    sweetalert2 "^11.14.1"

"@abp/timeago@~9.3.5":
  version "9.3.5"
  resolved "https://registry.yarnpkg.com/@abp/timeago/-/timeago-9.3.5.tgz#65436cc7afb572dfbec5c3599746d7c2a87658fd"
  integrity sha512-QBoXJB1tBThrqydgswTL8ZJu0HGhnmyBb0wISzdGY5fGKDC4ZYNiEA1j8CEWpACjsxFnfhrtT9GlvA3kHfQdYw==
  dependencies:
    "@abp/jquery" "~9.3.5"
    timeago "^1.6.7"

"@abp/uppy@~9.3.5":
  version "9.3.5"
  resolved "https://registry.yarnpkg.com/@abp/uppy/-/uppy-9.3.5.tgz#3392b08fe1f1dd84bd85216686ecca1af71ed795"
  integrity sha512-SktBB72MQKQoy4G31glvhqlwFoLJQquVbHTsEgGw4U2dla+I0lGPhKDfs+3XY6PuoK1j0udlB6VjOGpGhTTJhg==
  dependencies:
    "@abp/core" "~9.3.5"
    uppy "^4.4.1"

"@abp/utils@~9.3.5":
  version "9.3.5"
  resolved "https://registry.yarnpkg.com/@abp/utils/-/utils-9.3.5.tgz#f63233e37196c3158d9ae2ebe7644168645bca84"
  integrity sha512-8t/qFalw6/iGWos0r9NcqtoRyBOjpaPP09lHX3LDnpLd8C1Ax/xmNNsrYr+cDOy6cDr++JkZJQZSz+tKwv9okA==
  dependencies:
    just-compare "^2.3.0"

"@abp/zxcvbn@~9.3.5":
  version "9.3.5"
  resolved "https://registry.yarnpkg.com/@abp/zxcvbn/-/zxcvbn-9.3.5.tgz#7a0c0b75f340d3b41ba6944e57456ba660490c0c"
  integrity sha512-W7+i5UrhK5x+poK5dpzkTxifTedqdl6Ljeoz9P+gy6geHT5ahZXoCjWmy8mx/gMq6FSvHrLNh7+HJkOIy0z5nw==
  dependencies:
    "@abp/core" "~9.3.5"
    zxcvbn "^4.4.2"

"@fortawesome/fontawesome-free@^6.6.0":
  version "6.7.2"
  resolved "https://registry.yarnpkg.com/@fortawesome/fontawesome-free/-/fontawesome-free-6.7.2.tgz#8249de9b7e22fcb3ceb5e66090c30a1d5492b81a"
  integrity sha512-JUOtgFW6k9u4Y+xeIaEiLr3+cjoUPiAuLXoyKOJSia6Duzb7pq+A76P9ZdPDoAoxHdHzq6gE9/jKBGXlZT8FbA==

"@transloadit/prettier-bytes@^0.3.4":
  version "0.3.5"
  resolved "https://registry.yarnpkg.com/@transloadit/prettier-bytes/-/prettier-bytes-0.3.5.tgz#0cca83975293e3f4990229914942c69714122ede"
  integrity sha512-xF4A3d/ZyX2LJWeQZREZQw+qFX4TGQ8bGVP97OLRt6sPO6T0TNHBFTuRHOJh7RNmYOBmQ9MHxpolD9bXihpuVA==

"@types/retry@0.12.2":
  version "0.12.2"
  resolved "https://registry.yarnpkg.com/@types/retry/-/retry-0.12.2.tgz#ed279a64fa438bb69f2480eda44937912bb7480a"
  integrity sha512-XISRgDJ2Tc5q4TRqvgJtzsRkFYNJzZrhTdtMoGVBttwzzQJkPnS3WWTFc7kuDRoPtPakl+T+OfdEUjYJj7Jbow==

"@uppy/audio@2.2.2":
  version "2.2.2"
  resolved "https://registry.yarnpkg.com/@uppy/audio/-/audio-2.2.2.tgz#a62e28becc70782a309b61b1338041820b3d707c"
  integrity sha512-63pwCo+JbJyxB1V/YK59cMSMFi8+g9Mfew6awfJFeu4tAK0HHfZtUk5+fUdZJRdCf4eIwBAiwixBL8Q4BOes+Q==
  dependencies:
    "@uppy/utils" "^6.2.2"
    preact "^10.5.13"

"@uppy/aws-s3@4.3.2":
  version "4.3.2"
  resolved "https://registry.yarnpkg.com/@uppy/aws-s3/-/aws-s3-4.3.2.tgz#e1b8514a4b9269b21cd7711d243d38946f2b977b"
  integrity sha512-w3LrMUEI9pXVcn5LZ5oNL92hyocMu8mxfDSVVQIAQKxR+TPi57FfusDBqBB5T33UvxJH8EUGt9a04tuU/LpKqw==
  dependencies:
    "@uppy/companion-client" "^4.5.2"
    "@uppy/utils" "^6.2.2"

"@uppy/box@3.3.2", "@uppy/box@^3.3.2":
  version "3.3.2"
  resolved "https://registry.yarnpkg.com/@uppy/box/-/box-3.3.2.tgz#a7a79e61fdce905ce9c1175b1856047c0ddea1ee"
  integrity sha512-4hRXPWy48Gpgyegd7lBPMYQTplfFEq1uaHe9ZltHu53LBeXasuGeZuprMbhIQ/7Sl/7UQwiAU0te9uv/ypoXGg==
  dependencies:
    "@uppy/companion-client" "^4.5.2"
    "@uppy/provider-views" "^4.5.2"
    "@uppy/utils" "^6.2.2"
    preact "^10.5.13"

"@uppy/companion-client@4.5.2", "@uppy/companion-client@^4.5.2":
  version "4.5.2"
  resolved "https://registry.yarnpkg.com/@uppy/companion-client/-/companion-client-4.5.2.tgz#f29d00e426a7eb500070d699d4ced67d169504e7"
  integrity sha512-hfUsReHM5COhn+5d7CdZgZaG8BtDvtwj7vjXzg8qmgKI901mYUm/Zh420iOKT7eHiofKVTNoa7oijeGrqUEnyg==
  dependencies:
    "@uppy/utils" "^6.2.2"
    namespace-emitter "^2.0.1"
    p-retry "^6.1.0"

"@uppy/compressor@2.3.2":
  version "2.3.2"
  resolved "https://registry.yarnpkg.com/@uppy/compressor/-/compressor-2.3.2.tgz#32f052e00d139ba67278f36e614d8602e2630d46"
  integrity sha512-gIWZWo+2GeMzkuEr20Cp3Q7BKwTmqrYaF6ooEpBkeeHEt7J+ikx2VwnUJrQkSWFJYw6jc1qTcHD8eK2JEcbHhA==
  dependencies:
    "@transloadit/prettier-bytes" "^0.3.4"
    "@uppy/utils" "^6.2.2"
    compressorjs "^1.2.1"
    preact "^10.5.13"
    promise-queue "^2.2.5"

"@uppy/core@4.5.3":
  version "4.5.3"
  resolved "https://registry.yarnpkg.com/@uppy/core/-/core-4.5.3.tgz#31789fdbbf28183235d9749d1bd09af1c2c7aa09"
  integrity sha512-52VLeBUY/j904h48lpPGykuWikkOOS4Lz/qkmalDiBQfNALb6iB1MOZs079IM3o/uMLYxzZRL80C3sKpkBUYcw==
  dependencies:
    "@transloadit/prettier-bytes" "^0.3.4"
    "@uppy/store-default" "^4.3.2"
    "@uppy/utils" "^6.2.2"
    lodash "^4.17.21"
    mime-match "^1.0.2"
    namespace-emitter "^2.0.1"
    nanoid "^5.0.9"
    preact "^10.5.13"

"@uppy/dashboard@4.4.3", "@uppy/dashboard@^4.4.2":
  version "4.4.3"
  resolved "https://registry.yarnpkg.com/@uppy/dashboard/-/dashboard-4.4.3.tgz#0271ab514c9cc1d3b9a0ffbb80de086741e7fac9"
  integrity sha512-IwgDDTbk9p4OoAJvvvx6sQSemKTIJq9IDSryNVgbbC6NiR9HSyRcu0+WdOZLiR9DOhDg2oYcoNgv7DMlrktI6g==
  dependencies:
    "@transloadit/prettier-bytes" "^0.3.4"
    "@uppy/informer" "^4.3.2"
    "@uppy/provider-views" "^4.5.2"
    "@uppy/status-bar" "^4.2.3"
    "@uppy/thumbnail-generator" "^4.2.2"
    "@uppy/utils" "^6.2.2"
    classnames "^2.2.6"
    lodash "^4.17.21"
    nanoid "^5.0.9"
    preact "^10.5.13"
    shallow-equal "^3.0.0"

"@uppy/drag-drop@4.2.2":
  version "4.2.2"
  resolved "https://registry.yarnpkg.com/@uppy/drag-drop/-/drag-drop-4.2.2.tgz#3982ec5da3995ec993ac25101196c4096e137b1b"
  integrity sha512-SlVl+lHC8TvCKW4B9L4pdb0n8mEVgACHjKXGWcy7EUsTrRphv3ugmkbIFL57XpmFR+AFMuPblOsKq/9nkPkHOQ==
  dependencies:
    "@uppy/utils" "^6.2.2"
    preact "^10.5.13"

"@uppy/drop-target@3.2.2":
  version "3.2.2"
  resolved "https://registry.yarnpkg.com/@uppy/drop-target/-/drop-target-3.2.2.tgz#daaa72534ed98595667659a6dc60c193ca5355b0"
  integrity sha512-Y6wPDqmRE5BaOqKOkEfhURtN4qzCGshRn9nBC7jWfsmEhtXvxW6s25GPcuNHMyQIrn659aKLdi28bW7gvQoobg==
  dependencies:
    "@uppy/utils" "^6.2.2"

"@uppy/dropbox@4.3.2", "@uppy/dropbox@^4.3.2":
  version "4.3.2"
  resolved "https://registry.yarnpkg.com/@uppy/dropbox/-/dropbox-4.3.2.tgz#16b787577deab93d228710ccb88491f8ab3a3cbd"
  integrity sha512-Kj/QX8KFomlbf5mUpoCwxZ8dGH9XiN3RMKqT6zJgUk2bW7JfV2eMV6F9XvrVhz1TCtHZNl81Cv5rhu9io3UQ0w==
  dependencies:
    "@uppy/companion-client" "^4.5.2"
    "@uppy/provider-views" "^4.5.2"
    "@uppy/utils" "^6.2.2"
    preact "^10.5.13"

"@uppy/facebook@4.3.2", "@uppy/facebook@^4.3.2":
  version "4.3.2"
  resolved "https://registry.yarnpkg.com/@uppy/facebook/-/facebook-4.3.2.tgz#a641239f4f3d559f24dfbc4b3cf1824145bc1e26"
  integrity sha512-fHwFN8ZlRuNyxmuL7zwMLIegU+ARxegIlM3yJdY7RbRWgod/lUi5ouzTHjFgvLaFbuDtYWWRbZgF3GxCsXbmhA==
  dependencies:
    "@uppy/companion-client" "^4.5.2"
    "@uppy/provider-views" "^4.5.2"
    "@uppy/utils" "^6.2.2"
    preact "^10.5.13"

"@uppy/file-input@4.2.2":
  version "4.2.2"
  resolved "https://registry.yarnpkg.com/@uppy/file-input/-/file-input-4.2.2.tgz#4660c395127e7c3b2383bca565e1a678f2b25b58"
  integrity sha512-tQklK5C1slZWQlMQYQPBJuhfs0e5w1sRb0VwYMt8P297rB1BUcyOjkVH79DAYHkkgXo9aQKUiZSuVoN89tlLjQ==
  dependencies:
    "@uppy/utils" "^6.2.2"
    preact "^10.5.13"

"@uppy/form@4.2.2":
  version "4.2.2"
  resolved "https://registry.yarnpkg.com/@uppy/form/-/form-4.2.2.tgz#189df13ffaa08a37982d9452258209306c0a8287"
  integrity sha512-bRX/mVLBE+ZOulkcPpp4wc0+cJrjoRerGE1EpAOjkskiCo4N7IuLR2f3ouHWnJvl98X/tOEwhWMMs1yys3M/yQ==
  dependencies:
    "@uppy/utils" "^6.2.2"
    get-form-data "^3.0.0"

"@uppy/golden-retriever@4.2.3":
  version "4.2.3"
  resolved "https://registry.yarnpkg.com/@uppy/golden-retriever/-/golden-retriever-4.2.3.tgz#35b182ba3499740ed5456de131dd41cec7efdc4d"
  integrity sha512-IhPcyJQKFvozgzsciJvLCx3fb6LnRX+DmD8HKKJV+dtRVYT3gKX9xmH+LBeAqGnjdeJDESQXBh4PQconkMfeWw==
  dependencies:
    "@uppy/utils" "^6.2.2"
    lodash "^4.17.21"

"@uppy/google-drive-picker@0.4.2":
  version "0.4.2"
  resolved "https://registry.yarnpkg.com/@uppy/google-drive-picker/-/google-drive-picker-0.4.2.tgz#8565c22ba0f1260dc72444222ba7a02f49029391"
  integrity sha512-MPsrMZmT/ly99NlYr7p5soCOO8LJvcLLrzox7QjSuIWyiUmqcfRihdYUCJecP+rJhVZclXOI41ly/sCZdOb6sQ==
  dependencies:
    "@uppy/companion-client" "^4.5.2"
    "@uppy/provider-views" "^4.5.2"
    "@uppy/utils" "^6.2.2"
    preact "^10.5.13"

"@uppy/google-drive@4.4.2", "@uppy/google-drive@^4.4.2":
  version "4.4.2"
  resolved "https://registry.yarnpkg.com/@uppy/google-drive/-/google-drive-4.4.2.tgz#5498bfc1c901a37bb0a7688d4bb80170f40451f1"
  integrity sha512-hIxnWZ7WMW1jrRecL+VnMVt9TwY+V3uEpy7KmNxASraQFwS2oYgYUfO5R8MVcmL654wymQgEsRY7Kzp9NQvZGw==
  dependencies:
    "@uppy/companion-client" "^4.5.2"
    "@uppy/provider-views" "^4.5.2"
    "@uppy/utils" "^6.2.2"
    preact "^10.5.13"

"@uppy/google-photos-picker@0.4.2":
  version "0.4.2"
  resolved "https://registry.yarnpkg.com/@uppy/google-photos-picker/-/google-photos-picker-0.4.2.tgz#44dc01b4ead78809f9c9ffbb499bb2ac35263d47"
  integrity sha512-FBU8+yktFGkL5JNAVIvQR3e7Nrp/Ur/99ihPY89EQFXBS+8eGZfSQNcSOiqAx1Rk/uW7BhoGFvbRB7TxafUQnA==
  dependencies:
    "@uppy/companion-client" "^4.5.2"
    "@uppy/provider-views" "^4.5.2"
    "@uppy/utils" "^6.2.2"
    preact "^10.5.13"

"@uppy/image-editor@3.4.2":
  version "3.4.2"
  resolved "https://registry.yarnpkg.com/@uppy/image-editor/-/image-editor-3.4.2.tgz#07d5540d8c86fea163c08c248759f3bc1672eeeb"
  integrity sha512-cQD/oDa/0xCuZAtdi4P2uLIxgrG/YR24KgKAxQYPzQHQtNB8KzCdl3TPV5ZWF9kjT4mSlUsoB4RfPQl34GbFhA==
  dependencies:
    "@uppy/utils" "^6.2.2"
    cropperjs "^1.6.2"
    preact "^10.5.13"

"@uppy/informer@4.3.2", "@uppy/informer@^4.3.2":
  version "4.3.2"
  resolved "https://registry.yarnpkg.com/@uppy/informer/-/informer-4.3.2.tgz#d604511b7bc0daa3ae1e0fb8098eb99dd6d51503"
  integrity sha512-7A9X8BfxR/GPtG0MGbQlmj1+G1o9fqeF3qtRh37ZvmZpapnEGtbstQ6Ao2vFm0uxYxOolLOMzFs/xCD27NKAvg==
  dependencies:
    "@uppy/utils" "^6.2.2"
    preact "^10.5.13"

"@uppy/instagram@4.3.2", "@uppy/instagram@^4.3.2":
  version "4.3.2"
  resolved "https://registry.yarnpkg.com/@uppy/instagram/-/instagram-4.3.2.tgz#c375237c2a566c4c9b1515b7c07012a3607cafce"
  integrity sha512-LHGroKn8uRcRs94v6DM8SPXIMWubZb/aZr5B4FP7TvTzf3vnGaKE63oOen1yAoCEYbsJfSdo2p974qHbSdPEbw==
  dependencies:
    "@uppy/companion-client" "^4.5.2"
    "@uppy/provider-views" "^4.5.2"
    "@uppy/utils" "^6.2.2"
    preact "^10.5.13"

"@uppy/locales@4.8.4":
  version "4.8.4"
  resolved "https://registry.yarnpkg.com/@uppy/locales/-/locales-4.8.4.tgz#28a0774324ebc77b70ce42a05b70225be2362906"
  integrity sha512-v0hjFaNSkWPcUjoHeOCcL3h3MC0ZhX/T0K1Li4rX6WiEIfZst/qThM/DHHwr8vpbBBV5kr7VBrB2SXuu4ywO3w==
  dependencies:
    "@uppy/utils" "^6.2.2"

"@uppy/onedrive@4.3.2", "@uppy/onedrive@^4.3.2":
  version "4.3.2"
  resolved "https://registry.yarnpkg.com/@uppy/onedrive/-/onedrive-4.3.2.tgz#ae36a16f32babca6d312e3cc9da4c92c46a43425"
  integrity sha512-dfJAl9qsoQsL1LdIrDPKEKmAj82VNA63BInsJ80nF8bx3tf67AvlMz4O1I9fDW2zctfgOiFlGz47kamz01eSPQ==
  dependencies:
    "@uppy/companion-client" "^4.5.2"
    "@uppy/provider-views" "^4.5.2"
    "@uppy/utils" "^6.2.2"
    preact "^10.5.13"

"@uppy/progress-bar@4.3.2":
  version "4.3.2"
  resolved "https://registry.yarnpkg.com/@uppy/progress-bar/-/progress-bar-4.3.2.tgz#52696d0990b33cd572f0f52b95e1f494a84eb9b1"
  integrity sha512-5BOhq49xPpBTlEVsEIRLkV+Hgb0qTuey8XKyrmrSetcgtolKLwtlDjrOWmUcxGYI3bkMbdeJulF9aiR8sSqQ6A==
  dependencies:
    "@uppy/utils" "^6.2.2"
    preact "^10.5.13"

"@uppy/provider-views@4.5.3", "@uppy/provider-views@^4.5.2":
  version "4.5.3"
  resolved "https://registry.yarnpkg.com/@uppy/provider-views/-/provider-views-4.5.3.tgz#ca634ccadfc1c0e4bb8ed8466a24adc0f8bec4c6"
  integrity sha512-zExJSlkqRPl65KKG+SMTdP0OCawYMpo/FaKE8xjqHhx/rkACe6QNExCahpEGGjLo7Rr2j7FooAuA3UWmYiyWCg==
  dependencies:
    "@uppy/utils" "^6.2.2"
    classnames "^2.2.6"
    nanoid "^5.0.9"
    p-queue "^8.0.0"
    preact "^10.5.13"

"@uppy/redux-dev-tools@4.1.3":
  version "4.1.3"
  resolved "https://registry.yarnpkg.com/@uppy/redux-dev-tools/-/redux-dev-tools-4.1.3.tgz#b20c93809b7307298509347b4e5628e94e169eb3"
  integrity sha512-cPhmUz2BRmYhMriv63HUo+3gsMlIXXQ6uON3uBPtzmeveCYmHLdjKooZTSf09THEN9TEE2F3mp5keuxneZeTMA==

"@uppy/remote-sources@2.4.2":
  version "2.4.2"
  resolved "https://registry.yarnpkg.com/@uppy/remote-sources/-/remote-sources-2.4.2.tgz#ba80f38f93bc60671890e127cf7f91fd82a21f16"
  integrity sha512-b8VVlriQWi/xU/LBuoLaQ3y2yMMLqXXJQpkG43tzBQG2R/sYz2qOm593BX9R4HjPQ891Vt4INjzfDTFziaA/4w==
  dependencies:
    "@uppy/box" "^3.3.2"
    "@uppy/dashboard" "^4.4.2"
    "@uppy/dropbox" "^4.3.2"
    "@uppy/facebook" "^4.3.2"
    "@uppy/google-drive" "^4.4.2"
    "@uppy/instagram" "^4.3.2"
    "@uppy/onedrive" "^4.3.2"
    "@uppy/unsplash" "^4.4.2"
    "@uppy/url" "^4.3.2"
    "@uppy/zoom" "^3.3.2"

"@uppy/screen-capture@4.4.2":
  version "4.4.2"
  resolved "https://registry.yarnpkg.com/@uppy/screen-capture/-/screen-capture-4.4.2.tgz#3265e88790271bbc177430df689bbb5eb903a8d3"
  integrity sha512-z2+Y34V8hs1lCeMB+culySW9WMBIL/19Z8OEkc0u6aHj3i6iCu0lwelPEaiUMdKHOXMyQTgn6Ubv+C3/OZlOpw==
  dependencies:
    "@uppy/utils" "^6.2.2"
    preact "^10.5.13"

"@uppy/status-bar@4.2.3", "@uppy/status-bar@^4.2.3":
  version "4.2.3"
  resolved "https://registry.yarnpkg.com/@uppy/status-bar/-/status-bar-4.2.3.tgz#afd937e0c21a3551d6b101c186ffa9375ffd1dc4"
  integrity sha512-0AtKdvNm3HHobuE4N0V8SrC3uWB9MQnjqMEL/gachW/1mi7iZ22V4veHd6Wub/tCBQAQbEklvz7d0hxcz/Fh9g==
  dependencies:
    "@transloadit/prettier-bytes" "^0.3.4"
    "@uppy/utils" "^6.2.2"
    classnames "^2.2.6"
    preact "^10.5.13"

"@uppy/store-default@4.3.2", "@uppy/store-default@^4.3.2":
  version "4.3.2"
  resolved "https://registry.yarnpkg.com/@uppy/store-default/-/store-default-4.3.2.tgz#dd200b21e7c564729be5a1d688882f54709835cf"
  integrity sha512-dnY9R2o8fwmO1bF89D0b5jijD7DGED2qVST5hI/j18JreLWzLKH7u6HuNmOvzok8msrQ/qWzQd5Gx4LDQKhBbw==

"@uppy/store-redux@4.1.2":
  version "4.1.2"
  resolved "https://registry.yarnpkg.com/@uppy/store-redux/-/store-redux-4.1.2.tgz#4c81c3f47d47b3fcd8f66adfaed12b13bbbb0267"
  integrity sha512-jTcyO5HoazCE9e1oXFm6rVToGgd/8uVfo07r6y7bqXWwOPfGtY6DRXJZv/0H7cJa04Wdrfzl9Z7586z3jK+8lg==
  dependencies:
    nanoid "^5.0.9"

"@uppy/thumbnail-generator@4.2.3", "@uppy/thumbnail-generator@^4.2.2":
  version "4.2.3"
  resolved "https://registry.yarnpkg.com/@uppy/thumbnail-generator/-/thumbnail-generator-4.2.3.tgz#81dd5830fcdc0b14f4bd15a0a1354ec36a1939f4"
  integrity sha512-qOfJzlHhaD8DmOH/50DMLNN5/E2qCYCJnikFgTZZbuPx6sUOtPGRrHBE8q/ELxVMB5gD3zGi/Fh2SwKGrGoxGA==
  dependencies:
    "@uppy/utils" "^6.2.2"
    exifr "^7.0.0"

"@uppy/transloadit@4.3.3":
  version "4.3.3"
  resolved "https://registry.yarnpkg.com/@uppy/transloadit/-/transloadit-4.3.3.tgz#642aa82922569a2212f93d396d1226a6592888f3"
  integrity sha512-ydaMCEEsUuMbGysJBwyvHF8I0SDXcHqnIxx3eGFBTMh5MXN63OUSC6tmChcAORiSUrsWR0E2guDwWBpTCjn78A==
  dependencies:
    "@uppy/companion-client" "^4.5.2"
    "@uppy/provider-views" "^4.5.2"
    "@uppy/tus" "^4.3.2"
    "@uppy/utils" "^6.2.2"
    component-emitter "^2.0.0"

"@uppy/tus@4.3.2", "@uppy/tus@^4.3.2":
  version "4.3.2"
  resolved "https://registry.yarnpkg.com/@uppy/tus/-/tus-4.3.2.tgz#cb1b440c16f76dc93e6f5c60ac71a3e3181e12b4"
  integrity sha512-W9pXC/Xew6mM+XKbGafJI9flO3oQTFHxpd281SIy+hDFVTniAqW4VoNhcT15rDqlofQB+PufCXG1EJlX9pCIAw==
  dependencies:
    "@uppy/companion-client" "^4.5.2"
    "@uppy/utils" "^6.2.2"
    tus-js-client "^4.2.3"

"@uppy/unsplash@4.4.2", "@uppy/unsplash@^4.4.2":
  version "4.4.2"
  resolved "https://registry.yarnpkg.com/@uppy/unsplash/-/unsplash-4.4.2.tgz#1e3c2fe1498a57c5d653278592a857c8b1486781"
  integrity sha512-1hO7ND/ROrRgZ8urCX38Q/o5rYs2uFGS7djxlNj/cz9xvRdkBagAzj3qp5FUsnPnJzJrRpifXcelvn3tICQjZg==
  dependencies:
    "@uppy/companion-client" "^4.5.2"
    "@uppy/provider-views" "^4.5.2"
    "@uppy/utils" "^6.2.2"
    preact "^10.5.13"

"@uppy/url@4.3.2", "@uppy/url@^4.3.2":
  version "4.3.2"
  resolved "https://registry.yarnpkg.com/@uppy/url/-/url-4.3.2.tgz#bc941e25b757848d1b1ef507f098bf2381fadec1"
  integrity sha512-SREfvV9IJxOg2MuzSVQBr2e9LTle8N0dsyUpsHddaSbbPku9KhkoilOiKuDMhPmvw9pnkYWBZhbw9+4UWnrQtQ==
  dependencies:
    "@uppy/companion-client" "^4.5.2"
    "@uppy/utils" "^6.2.2"
    nanoid "^5.0.9"
    preact "^10.5.13"

"@uppy/utils@^6.2.2":
  version "6.2.2"
  resolved "https://registry.yarnpkg.com/@uppy/utils/-/utils-6.2.2.tgz#78bf41a38b6a64e8823063a34a8150412e386df4"
  integrity sha512-9mYJtbcngv2HOJIECkyfmdXTI5dW/ObCyvWP1Iti3E5bKtsa4sMmbx5Yh/tGCj8k/lBNhfvWyZuYnvnjmzNLSQ==
  dependencies:
    lodash "^4.17.21"
    preact "^10.5.13"

"@uppy/webcam@4.3.2":
  version "4.3.2"
  resolved "https://registry.yarnpkg.com/@uppy/webcam/-/webcam-4.3.2.tgz#fe8ef3742768589c7ddf93b912a10ec313c0da2e"
  integrity sha512-x0qhTWb7AjkfS9Q12J2xhnTdccZ6sMuBh14LpXtXjaFe4Q1Uf191YmFwT7SCKn7lcasZYw3Tug0G5yQkqvg9uQ==
  dependencies:
    "@uppy/utils" "^6.2.2"
    is-mobile "^4.0.0"
    preact "^10.5.13"

"@uppy/webdav@0.4.2":
  version "0.4.2"
  resolved "https://registry.yarnpkg.com/@uppy/webdav/-/webdav-0.4.2.tgz#bd6b82f80d3dc7301e06cac4fa1aa680443e679a"
  integrity sha512-fo8u4YteGkWj32DsSTBT9dWC5wq0gM9M8lMFyVqVWORYK48KZzHIlxDtaKqzUQ26nh3EC1ZS3ZSsEfgWCwkyFA==
  dependencies:
    "@uppy/companion-client" "^4.5.2"
    "@uppy/provider-views" "^4.5.2"
    "@uppy/utils" "^6.2.2"
    preact "^10.5.13"

"@uppy/xhr-upload@4.4.2":
  version "4.4.2"
  resolved "https://registry.yarnpkg.com/@uppy/xhr-upload/-/xhr-upload-4.4.2.tgz#c6354eebfc2b9ad4f5495d35dff9e67acd0192f1"
  integrity sha512-CU66aVn4yghGklEkepCqFPulc6uygznApy2DpD+jCMLNB5q6yT1RPSrQUgRgXsYhpW1YhutZJWsrEnHEDS+Tcw==
  dependencies:
    "@uppy/companion-client" "^4.5.2"
    "@uppy/utils" "^6.2.2"

"@uppy/zoom@3.3.2", "@uppy/zoom@^3.3.2":
  version "3.3.2"
  resolved "https://registry.yarnpkg.com/@uppy/zoom/-/zoom-3.3.2.tgz#b95ff7568a2b63796da5856992c0c0620d98b8b3"
  integrity sha512-e/yP3itmWh2U/A8SBLymVngDSIzmbq08eX0QzBrI5wIA1r38lD5tGlO2V9D70ujY8hNX7HQUqF+nK4OEgdUxJA==
  dependencies:
    "@uppy/companion-client" "^4.5.2"
    "@uppy/provider-views" "^4.5.2"
    "@uppy/utils" "^6.2.2"
    preact "^10.5.13"

"@volo/abp.aspnetcore.mvc.ui.theme.commercial@~9.3.5":
  version "9.3.5"
  resolved "https://registry.yarnpkg.com/@volo/abp.aspnetcore.mvc.ui.theme.commercial/-/abp.aspnetcore.mvc.ui.theme.commercial-9.3.5.tgz#bff1254d4c714d0df6f10ee17cd3ec9c4bd3b38a"
  integrity sha512-Q74JrCadrQuBna4kdHOjXIeEKOj6ENnIjDpoV7T7/Z7YWAzqGfAHKRZ6qbHt43keO1v8HlIRDLIYv05Bhl0htQ==
  dependencies:
    "@abp/aspnetcore.mvc.ui.theme.shared" "~9.3.5"

"@volo/abp.aspnetcore.mvc.ui.theme.leptonx@~4.3.4":
  version "4.3.5"
  resolved "https://registry.yarnpkg.com/@volo/abp.aspnetcore.mvc.ui.theme.leptonx/-/abp.aspnetcore.mvc.ui.theme.leptonx-4.3.5.tgz#938e41b9f2f53cd6a9260d7ce3a310d831d24ad6"
  integrity sha512-vQXct0GkeeEPs9GCODCu9JJeDdg/RgqG+MScXhC5dV7pe7j9VDAVnlkesZFTWBF/w05FCEvI+xLWXqnYaPCl5g==
  dependencies:
    "@volo/abp.aspnetcore.mvc.ui.theme.commercial" "~9.3.5"

"@volo/account@~9.3.4":
  version "9.3.5"
  resolved "https://registry.yarnpkg.com/@volo/account/-/account-9.3.5.tgz#6e89e2a21253914b8aa89e73c883551be5c6e714"
  integrity sha512-D8G1wU1+hBHQMRlFTqTmcWkuD5RW3Ky9l9kPNj0TrzpLJOqPX8PrRmeE2yvFUQJu0okhozyyg4Fw8A3uMxOAvQ==
  dependencies:
    "@abp/cropperjs" "~9.3.5"
    "@abp/qrcode" "~9.3.5"
    "@abp/uppy" "~9.3.5"
    "@abp/zxcvbn" "~9.3.5"
    "@volo/abp.aspnetcore.mvc.ui.theme.commercial" "~9.3.5"

ansi-colors@^4.1.3:
  version "4.1.3"
  resolved "https://registry.yarnpkg.com/ansi-colors/-/ansi-colors-4.1.3.tgz#37611340eb2243e70cc604cad35d63270d48781b"
  integrity sha512-/6w/C21Pm1A7aZitlI5Ni/2J6FFQN8i1Cvz3kHABAAbw93v/NlvKdVOqz7CCWz/3iv/JplRSEEZ83XION15ovw==

blueimp-canvas-to-blob@^3.29.0:
  version "3.29.0"
  resolved "https://registry.yarnpkg.com/blueimp-canvas-to-blob/-/blueimp-canvas-to-blob-3.29.0.tgz#d965f06cb1a67fdae207a2be56683f55ef531466"
  integrity sha512-0pcSSGxC0QxT+yVkivxIqW0Y4VlO2XSDPofBAqoJ1qJxgH9eiUDLv50Rixij2cDuEfx4M6DpD9UGZpRhT5Q8qg==

bootstrap-datepicker@^1.10.0:
  version "1.10.1"
  resolved "https://registry.yarnpkg.com/bootstrap-datepicker/-/bootstrap-datepicker-1.10.1.tgz#0a8bec42957ea1ce1272b91bcf2b53696629fb86"
  integrity sha512-GIe+fsLp9Hi30oW7L2v2Q9/a4+aojrIA2p4ZagtLuKw2lpfQgjJjM0L6vl/lYQydGXWUbpoKbEC/O5tzWIkEKQ==
  dependencies:
    jquery ">=3.4.0 <4.0.0"

bootstrap-daterangepicker@^3.1.0:
  version "3.1.0"
  resolved "https://registry.yarnpkg.com/bootstrap-daterangepicker/-/bootstrap-daterangepicker-3.1.0.tgz#632e6fb2de4b6360c5c0a9d5f6adb9aace051fe8"
  integrity sha512-oaQZx6ZBDo/dZNyXGVi2rx5GmFXThyQLAxdtIqjtLlYVaQUfQALl5JZMJJZzyDIX7blfy4ppZPAJ10g8Ma4d/g==
  dependencies:
    jquery ">=1.10"
    moment "^2.9.0"

bootstrap@^5.3.3:
  version "5.3.8"
  resolved "https://registry.yarnpkg.com/bootstrap/-/bootstrap-5.3.8.tgz#6401a10057a22752d21f4e19055508980656aeed"
  integrity sha512-HP1SZDqaLDPwsNiqRqi5NcP0SSXciX2s9E+RyqJIIqGo+vJeN5AJVM98CXmW/Wux0nQ5L7jeWUdplCEf0Ee+tg==

buffer-from@^1.1.2:
  version "1.1.2"
  resolved "https://registry.yarnpkg.com/buffer-from/-/buffer-from-1.1.2.tgz#2b146a6fd72e80b4f55d255f35ed59a3a9a41bd5"
  integrity sha512-E+XQCRwSbaaiChtv6k6Dwgc+bx+Bs6vuKJHHl5kox/BaKbhiXzqQOwK4cO22yElGp2OCmjwVhT3HmxgyPGnJfQ==

classnames@^2.2.6:
  version "2.5.1"
  resolved "https://registry.yarnpkg.com/classnames/-/classnames-2.5.1.tgz#ba774c614be0f016da105c858e7159eae8e7687b"
  integrity sha512-saHYOzhIQs6wy2sVxTM6bUDsQO4F50V9RQ22qBpEdCW+I+/Wmke2HOl6lS6dTpdxVhb88/I6+Hs+438c3lfUow==

combine-errors@^3.0.3:
  version "3.0.3"
  resolved "https://registry.yarnpkg.com/combine-errors/-/combine-errors-3.0.3.tgz#f4df6740083e5703a3181110c2b10551f003da86"
  integrity sha512-C8ikRNRMygCwaTx+Ek3Yr+OuZzgZjduCOfSQBjbM8V3MfgcjSTeto/GXP6PAwKvJz/v15b7GHZvx5rOlczFw/Q==
  dependencies:
    custom-error-instance "2.1.1"
    lodash.uniqby "4.5.0"

component-emitter@^2.0.0:
  version "2.0.0"
  resolved "https://registry.yarnpkg.com/component-emitter/-/component-emitter-2.0.0.tgz#3a137dfe66fcf2efe3eab7cb7d5f51741b3620c6"
  integrity sha512-4m5s3Me2xxlVKG9PkZpQqHQR7bgpnN7joDMJ4yvVkVXngjoITG76IaZmzmywSeRTeTpc6N6r3H3+KyUurV8OYw==

compressorjs@^1.2.1:
  version "1.2.1"
  resolved "https://registry.yarnpkg.com/compressorjs/-/compressorjs-1.2.1.tgz#4dee18ef5032f8166bd0a3258f045eda2cd07671"
  integrity sha512-+geIjeRnPhQ+LLvvA7wxBQE5ddeLU7pJ3FsKFWirDw6veY3s9iLxAQEw7lXGHnhCJvBujEQWuNnGzZcvCvdkLQ==
  dependencies:
    blueimp-canvas-to-blob "^3.29.0"
    is-blob "^2.1.0"

cropperjs@^1.6.2:
  version "1.6.2"
  resolved "https://registry.yarnpkg.com/cropperjs/-/cropperjs-1.6.2.tgz#d1a5d627d880581cca41b7901f06923500e4201b"
  integrity sha512-nhymn9GdnV3CqiEHJVai54TULFAE3VshJTXSqSJKa8yXAKyBKDWdhHarnlIPrshJ0WMFTGuFvG02YjLXfPiuOA==

custom-error-instance@2.1.1:
  version "2.1.1"
  resolved "https://registry.yarnpkg.com/custom-error-instance/-/custom-error-instance-2.1.1.tgz#3cf6391487a6629a6247eb0ca0ce00081b7e361a"
  integrity sha512-p6JFxJc3M4OTD2li2qaHkDCw9SfMw82Ldr6OC9Je1aXiGfhx2W8p3GaoeaGrPJTUN9NirTM/KTxHWMUdR1rsUg==

datatables.net-bs5@^2.1.8:
  version "2.3.4"
  resolved "https://registry.yarnpkg.com/datatables.net-bs5/-/datatables.net-bs5-2.3.4.tgz#63326190c20552c8c2c4d19a57ecdd10f0fe27ff"
  integrity sha512-OSoPWhNfiU71VjNP604uTmFRxiX32U7SCW0KRZ2X6z3ZYbIwjjoWcMEjjPWOH3uOqaI0OTDBgOgOs5G28VaJog==
  dependencies:
    datatables.net "2.3.4"
    jquery ">=1.7"

datatables.net@2.3.4, datatables.net@^2.1.8:
  version "2.3.4"
  resolved "https://registry.yarnpkg.com/datatables.net/-/datatables.net-2.3.4.tgz#8cf69f2e6cb8d271be3d5c4f75a479684d20f253"
  integrity sha512-fKuRlrBIdpAl2uIFgl9enKecHB41QmFd/2nN9LBbOvItV/JalAxLcyqdZXex7wX4ZXjnJQEnv6xeS9veOpKzSw==
  dependencies:
    jquery ">=1.7"

eventemitter3@^5.0.1:
  version "5.0.1"
  resolved "https://registry.yarnpkg.com/eventemitter3/-/eventemitter3-5.0.1.tgz#53f5ffd0a492ac800721bb42c66b841de96423c4"
  integrity sha512-GWkBvjiSZK87ELrYOSESUYeVIc9mvLLf/nXalMOS5dYrgZq9o5OVkbZAVM06CVxYsCwH9BDZFPlQTlPA1j4ahA==

exifr@^7.0.0:
  version "7.1.3"
  resolved "https://registry.yarnpkg.com/exifr/-/exifr-7.1.3.tgz#f6218012c36dbb7d843222011b27f065fddbab6f"
  integrity sha512-g/aje2noHivrRSLbAUtBPWFbxKdKhgj/xr1vATDdUXPOFYJlQ62Ft0oy+72V6XLIpDJfHs6gXLbBLAolqOXYRw==

get-form-data@^3.0.0:
  version "3.0.0"
  resolved "https://registry.yarnpkg.com/get-form-data/-/get-form-data-3.0.0.tgz#7abbf0e75e5ff155f75ba26eadeb9a4d70bf95dc"
  integrity sha512-1d53Kn08wlPuLu31/boF1tW2WRYKw3xAWae3mqcjqpDjoqVBtXolbQnudbbEFyFWL7+2SLGRAFdotxNY06V7MA==

graceful-fs@^4.2.4:
  version "4.2.11"
  resolved "https://registry.yarnpkg.com/graceful-fs/-/graceful-fs-4.2.11.tgz#4183e4e8bf08bb6e05bbb2f7d2e0c8f712ca40e3"
  integrity sha512-RbJ5/jmFcNNCcDV5o9eTnBLJ/HszWV0P73bc+Ff4nS/rJj+YaS6IGyiOL0VoBYX+l1Wrl3k63h/KrH+nhJ0XvQ==

is-blob@^2.1.0:
  version "2.1.0"
  resolved "https://registry.yarnpkg.com/is-blob/-/is-blob-2.1.0.tgz#e36cd82c90653f1e1b930f11baf9c64216a05385"
  integrity sha512-SZ/fTft5eUhQM6oF/ZaASFDEdbFVe89Imltn9uZr03wdKMcWNVYSMjQPFtg05QuNkt5l5c135ElvXEQG0rk4tw==

is-mobile@^4.0.0:
  version "4.0.0"
  resolved "https://registry.yarnpkg.com/is-mobile/-/is-mobile-4.0.0.tgz#bba396eb9656e2739afde3053d7191da310fc758"
  integrity sha512-mlcHZA84t1qLSuWkt2v0I2l61PYdyQDt4aG1mLIXF5FDMm4+haBCxCPYSr/uwqQNRk1MiTizn0ypEuRAOLRAew==

is-network-error@^1.0.0:
  version "1.3.0"
  resolved "https://registry.yarnpkg.com/is-network-error/-/is-network-error-1.3.0.tgz#2ce62cbca444abd506f8a900f39d20b898d37512"
  integrity sha512-6oIwpsgRfnDiyEDLMay/GqCl3HoAtH5+RUKW29gYkL0QA+ipzpDLA16yQs7/RHCSu+BwgbJaOUqa4A99qNVQVw==

is-stream@^2.0.0:
  version "2.0.1"
  resolved "https://registry.yarnpkg.com/is-stream/-/is-stream-2.0.1.tgz#fac1e3d53b97ad5a9d0ae9cef2389f5810a5c077"
  integrity sha512-hFoiJiTl63nn+kstHGBtewWSKnQLpyb155KHheA1l39uvtO9nWIop1p3udqPcUd/xbF1VLMO4n7OI6p7RbngDg==

jquery-form@^4.3.0:
  version "4.3.0"
  resolved "https://registry.yarnpkg.com/jquery-form/-/jquery-form-4.3.0.tgz#7d3961c314a1f2d15298f4af1d3943f54f4149c6"
  integrity sha512-q3uaVCEWdLOYUCI6dpNdwf/7cJFOsUgdpq6r0taxtGQ5NJSkOzofyWm4jpOuJ5YxdmL1FI5QR+q+HB63HHLGnQ==
  dependencies:
    jquery ">=1.7.2"

jquery-mousewheel@>=3.0.6:
  version "3.2.2"
  resolved "https://registry.yarnpkg.com/jquery-mousewheel/-/jquery-mousewheel-3.2.2.tgz#48c833f6260ee0c46d438a999e7d0060ec9eed0b"
  integrity sha512-JP71xTAg08ZY3hcs9ZbYUZ5i+dkSsz4yRl/zpWkAmtzc+kMs5EfPkpkINSidiLYMaR0MTo3DfFGF9WIezMsFQQ==
  dependencies:
    jquery ">=1.2.6"

jquery-validation-unobtrusive@^4.0.0:
  version "4.0.0"
  resolved "https://registry.yarnpkg.com/jquery-validation-unobtrusive/-/jquery-validation-unobtrusive-4.0.0.tgz#dfcf25a558496a2c883db6021d10f5398d15f99d"
  integrity sha512-1ervYFFv6LX/rp7ktuLnMakHNG0piNRDyROI8Ir3hL1vPIwylAehB1AY3BPrYJnzW3WmwWryZq+Bz4sazZK9iQ==
  dependencies:
    jquery "^3.6.0"
    jquery-validation ">=1.19"

jquery-validation@>=1.19, jquery-validation@^1.21.0:
  version "1.21.0"
  resolved "https://registry.yarnpkg.com/jquery-validation/-/jquery-validation-1.21.0.tgz#78fc05ab76020912a246af3661b3f54a438bca93"
  integrity sha512-xNot0rlUIgu7duMcQ5qb6MGkGL/Z1PQaRJQoZAURW9+a/2PGOUxY36o/WyNeP2T9R6jvWB8Z9lUVvvQWI/Zs5w==

jquery@>=1.10, jquery@>=1.2.6, "jquery@>=1.5.0 <4.0", jquery@>=1.7, jquery@>=1.7.2, "jquery@>=3.4.0 <4.0.0", jquery@^3.6.0, jquery@~3.7.1:
  version "3.7.1"
  resolved "https://registry.yarnpkg.com/jquery/-/jquery-3.7.1.tgz#083ef98927c9a6a74d05a6af02806566d16274de"
  integrity sha512-m4avr8yL8kmFN8psrbFFFmB/If14iN5o9nw/NgnnM+kybDJpRsAynV2BsfpTYrTRysYUdADVD7CkUUizgkpLfg==

js-base64@^3.7.2:
  version "3.7.8"
  resolved "https://registry.yarnpkg.com/js-base64/-/js-base64-3.7.8.tgz#af44496bc09fa178ed9c4adf67eb2b46f5c6d2a4"
  integrity sha512-hNngCeKxIUQiEUN3GPJOkz4wF/YvdUdbNL9hsBcMQTkKzboD7T/q3OYOuuPZLUE6dBxSGpwhk5mwuDud7JVAow==

just-compare@^2.3.0:
  version "2.3.0"
  resolved "https://registry.yarnpkg.com/just-compare/-/just-compare-2.3.0.tgz#a2adcc1d1940536263275f5a1ef1298bcacfeda7"
  integrity sha512-6shoR7HDT+fzfL3gBahx1jZG3hWLrhPAf+l7nCwahDdT9XDtosB9kIF0ZrzUp5QY8dJWfQVr5rnsPqsbvflDzg==

lodash._baseiteratee@~4.7.0:
  version "4.7.0"
  resolved "https://registry.yarnpkg.com/lodash._baseiteratee/-/lodash._baseiteratee-4.7.0.tgz#34a9b5543572727c3db2e78edae3c0e9e66bd102"
  integrity sha512-nqB9M+wITz0BX/Q2xg6fQ8mLkyfF7MU7eE+MNBNjTHFKeKaZAPEzEg+E8LWxKWf1DQVflNEn9N49yAuqKh2mWQ==
  dependencies:
    lodash._stringtopath "~4.8.0"

lodash._basetostring@~4.12.0:
  version "4.12.0"
  resolved "https://registry.yarnpkg.com/lodash._basetostring/-/lodash._basetostring-4.12.0.tgz#9327c9dc5158866b7fa4b9d42f4638e5766dd9df"
  integrity sha512-SwcRIbyxnN6CFEEK4K1y+zuApvWdpQdBHM/swxP962s8HIxPO3alBH5t3m/dl+f4CMUug6sJb7Pww8d13/9WSw==

lodash._baseuniq@~4.6.0:
  version "4.6.0"
  resolved "https://registry.yarnpkg.com/lodash._baseuniq/-/lodash._baseuniq-4.6.0.tgz#0ebb44e456814af7905c6212fa2c9b2d51b841e8"
  integrity sha512-Ja1YevpHZctlI5beLA7oc5KNDhGcPixFhcqSiORHNsp/1QTv7amAXzw+gu4YOvErqVlMVyIJGgtzeepCnnur0A==
  dependencies:
    lodash._createset "~4.0.0"
    lodash._root "~3.0.0"

lodash._createset@~4.0.0:
  version "4.0.3"
  resolved "https://registry.yarnpkg.com/lodash._createset/-/lodash._createset-4.0.3.tgz#0f4659fbb09d75194fa9e2b88a6644d363c9fe26"
  integrity sha512-GTkC6YMprrJZCYU3zcqZj+jkXkrXzq3IPBcF/fIPpNEAB4hZEtXU8zp/RwKOvZl43NUmwDbyRk3+ZTbeRdEBXA==

lodash._root@~3.0.0:
  version "3.0.1"
  resolved "https://registry.yarnpkg.com/lodash._root/-/lodash._root-3.0.1.tgz#fba1c4524c19ee9a5f8136b4609f017cf4ded692"
  integrity sha512-O0pWuFSK6x4EXhM1dhZ8gchNtG7JMqBtrHdoUFUWXD7dJnNSUze1GuyQr5sOs0aCvgGeI3o/OJW8f4ca7FDxmQ==

lodash._stringtopath@~4.8.0:
  version "4.8.0"
  resolved "https://registry.yarnpkg.com/lodash._stringtopath/-/lodash._stringtopath-4.8.0.tgz#941bcf0e64266e5fc1d66fed0a6959544c576824"
  integrity sha512-SXL66C731p0xPDC5LZg4wI5H+dJo/EO4KTqOMwLYCH3+FmmfAKJEZCm6ohGpI+T1xwsDsJCfL4OnhorllvlTPQ==
  dependencies:
    lodash._basetostring "~4.12.0"

lodash.throttle@^4.1.1:
  version "4.1.1"
  resolved "https://registry.yarnpkg.com/lodash.throttle/-/lodash.throttle-4.1.1.tgz#c23e91b710242ac70c37f1e1cda9274cc39bf2f4"
  integrity sha512-wIkUCfVKpVsWo3JSZlc+8MB5it+2AN5W8J7YVMST30UrvcQNZ1Okbj+rbVniijTWE6FGYy4XJq/rHkas8qJMLQ==

lodash.uniqby@4.5.0:
  version "4.5.0"
  resolved "https://registry.yarnpkg.com/lodash.uniqby/-/lodash.uniqby-4.5.0.tgz#a3a17bbf62eeb6240f491846e97c1c4e2a5e1e21"
  integrity sha512-IRt7cfTtHy6f1aRVA5n7kT8rgN3N1nH6MOWLcHfpWG2SH19E3JksLK38MktLxZDhlAjCP9jpIXkOnRXlu6oByQ==
  dependencies:
    lodash._baseiteratee "~4.7.0"
    lodash._baseuniq "~4.6.0"

lodash@^4.17.21:
  version "4.17.21"
  resolved "https://registry.yarnpkg.com/lodash/-/lodash-4.17.21.tgz#679591c564c3bffaae8454cf0b3df370c3d6911c"
  integrity sha512-v2kDEe57lecTulaDIuNTPy3Ry4gLGJ6Z1O3vE1krgXZNrsQ+LFTGHVxVjcXPs17LhbZVGedAJv8XZ1tvj5FvSg==

luxon@^3.5.0:
  version "3.7.2"
  resolved "https://registry.yarnpkg.com/luxon/-/luxon-3.7.2.tgz#d697e48f478553cca187a0f8436aff468e3ba0ba"
  integrity sha512-vtEhXh/gNjI9Yg1u4jX/0YVPMvxzHuGgCm6tC5kZyb08yjGWGnqAjGJvcXbqQR2P3MyMEFnRbpcdFS6PBcLqew==

malihu-custom-scrollbar-plugin@^3.1.5:
  version "3.1.5"
  resolved "https://registry.yarnpkg.com/malihu-custom-scrollbar-plugin/-/malihu-custom-scrollbar-plugin-3.1.5.tgz#310cecc5e59415a1c29e9dfb5d2b6e01d66a29ef"
  integrity sha512-lwW3LgI+CNDMPnP4ED2la6oYxWMkCXlnhex+s2wuOLhFDFGnGmQuTQVdRK9bvDLpxs10sGlfErVufJy9ztfgJQ==
  dependencies:
    jquery-mousewheel ">=3.0.6"

mime-match@^1.0.2:
  version "1.0.2"
  resolved "https://registry.yarnpkg.com/mime-match/-/mime-match-1.0.2.tgz#3f87c31e9af1a5fd485fb9db134428b23bbb7ba8"
  integrity sha512-VXp/ugGDVh3eCLOBCiHZMYWQaTNUHv2IJrut+yXA6+JbLPXHglHwfS/5A5L0ll+jkCY7fIzRJcH6OIunF+c6Cg==
  dependencies:
    wildcard "^1.1.0"

moment@^2.30.1, moment@^2.9.0:
  version "2.30.1"
  resolved "https://registry.yarnpkg.com/moment/-/moment-2.30.1.tgz#f8c91c07b7a786e30c59926df530b4eac96974ae"
  integrity sha512-uEmtNhbDOrWPFS+hdjFCBfy9f2YoyzRpwcl+DqpC6taX21FzsTLQVbMV/W7PzNSX6x/bhC1zA3c2UQ5NzH6how==

namespace-emitter@^2.0.1:
  version "2.0.1"
  resolved "https://registry.yarnpkg.com/namespace-emitter/-/namespace-emitter-2.0.1.tgz#978d51361c61313b4e6b8cf6f3853d08dfa2b17c"
  integrity sha512-N/sMKHniSDJBjfrkbS/tpkPj4RAbvW3mr8UAzvlMHyun93XEm83IAvhWtJVHo+RHn/oO8Job5YN4b+wRjSVp5g==

nanoid@^5.0.9:
  version "5.1.6"
  resolved "https://registry.yarnpkg.com/nanoid/-/nanoid-5.1.6.tgz#30363f664797e7d40429f6c16946d6bd7a3f26c9"
  integrity sha512-c7+7RQ+dMB5dPwwCp4ee1/iV/q2P6aK1mTZcfr1BTuVlyW9hJYiMPybJCcnBlQtuSmTIWNeazm/zqNoZSSElBg==

p-queue@^8.0.0:
  version "8.1.1"
  resolved "https://registry.yarnpkg.com/p-queue/-/p-queue-8.1.1.tgz#dac3e8c57412fffa18fe6c341b141dbb3a16408b"
  integrity sha512-aNZ+VfjobsWryoiPnEApGGmf5WmNsCo9xu8dfaYamG5qaLP7ClhLN6NgsFe6SwJ2UbLEBK5dv9x8Mn5+RVhMWQ==
  dependencies:
    eventemitter3 "^5.0.1"
    p-timeout "^6.1.2"

p-retry@^6.1.0:
  version "6.2.1"
  resolved "https://registry.yarnpkg.com/p-retry/-/p-retry-6.2.1.tgz#81828f8dc61c6ef5a800585491572cc9892703af"
  integrity sha512-hEt02O4hUct5wtwg4H4KcWgDdm+l1bOaEy/hWzd8xtXB9BqxTWBBhb+2ImAtH4Cv4rPjV76xN3Zumqk3k3AhhQ==
  dependencies:
    "@types/retry" "0.12.2"
    is-network-error "^1.0.0"
    retry "^0.13.1"

p-timeout@^6.1.2:
  version "6.1.4"
  resolved "https://registry.yarnpkg.com/p-timeout/-/p-timeout-6.1.4.tgz#418e1f4dd833fa96a2e3f532547dd2abdb08dbc2"
  integrity sha512-MyIV3ZA/PmyBN/ud8vV9XzwTrNtR4jFrObymZYnZqMmW0zA8Z17vnT0rBgFE/TlohB+YCHqXMgZzb3Csp49vqg==

preact@^10.5.13:
  version "10.27.2"
  resolved "https://registry.yarnpkg.com/preact/-/preact-10.27.2.tgz#19b9009c1be801a76a0aaf0fe5ba665985a09312"
  integrity sha512-5SYSgFKSyhCbk6SrXyMpqjb5+MQBgfvEKE/OC+PujcY34sOpqtr+0AZQtPYx5IA6VxynQ7rUPCtKzyovpj9Bpg==

promise-queue@^2.2.5:
  version "2.2.5"
  resolved "https://registry.yarnpkg.com/promise-queue/-/promise-queue-2.2.5.tgz#2f6f5f7c0f6d08109e967659c79b88a9ed5e93b4"
  integrity sha512-p/iXrPSVfnqPft24ZdNNLECw/UrtLTpT3jpAAMzl/o5/rDsGCPo3/CQS2611flL6LkoEJ3oQZw7C8Q80ZISXRQ==

proper-lockfile@^4.1.2:
  version "4.1.2"
  resolved "https://registry.yarnpkg.com/proper-lockfile/-/proper-lockfile-4.1.2.tgz#c8b9de2af6b2f1601067f98e01ac66baa223141f"
  integrity sha512-TjNPblN4BwAWMXU8s9AEz4JmQxnD1NNL7bNOY/AKUzyamc379FWASUhc/K1pL2noVb+XmZKLL68cjzLsiOAMaA==
  dependencies:
    graceful-fs "^4.2.4"
    retry "^0.12.0"
    signal-exit "^3.0.2"

querystringify@^2.1.1:
  version "2.2.0"
  resolved "https://registry.yarnpkg.com/querystringify/-/querystringify-2.2.0.tgz#3345941b4153cb9d082d8eee4cda2016a9aef7f6"
  integrity sha512-FIqgj2EUvTa7R50u0rGsyTftzjYmv/a3hO345bZNrqabNqjtgiDMgmo4mkUjd+nzU5oF3dClKqFIPUKybUyqoQ==

requires-port@^1.0.0:
  version "1.0.0"
  resolved "https://registry.yarnpkg.com/requires-port/-/requires-port-1.0.0.tgz#925d2601d39ac485e091cf0da5c6e694dc3dcaff"
  integrity sha512-KigOCHcocU3XODJxsu8i/j8T9tzT4adHiecwORRQ0ZZFcp7ahwXuRU1m+yuO90C5ZUyGeGfocHDI14M3L3yDAQ==

retry@^0.12.0:
  version "0.12.0"
  resolved "https://registry.yarnpkg.com/retry/-/retry-0.12.0.tgz#1b42a6266a21f07421d1b0b54b7dc167b01c013b"
  integrity sha512-9LkiTwjUh6rT555DtE9rTX+BKByPfrMzEAtnlEtdEwr3Nkffwiihqe2bWADg+OQRjt9gl6ICdmB/ZFDCGAtSow==

retry@^0.13.1:
  version "0.13.1"
  resolved "https://registry.yarnpkg.com/retry/-/retry-0.13.1.tgz#185b1587acf67919d63b357349e03537b2484658"
  integrity sha512-XQBQ3I8W1Cge0Seh+6gjj03LbmRFWuoszgK9ooCpwYIrhhoO80pfq4cUkU5DkknwfOfFteRwlZ56PYOGYyFWdg==

select2@^4.0.13:
  version "4.0.13"
  resolved "https://registry.yarnpkg.com/select2/-/select2-4.0.13.tgz#0dbe377df3f96167c4c1626033e924372d8ef44d"
  integrity sha512-1JeB87s6oN/TDxQQYCvS5EFoQyvV6eYMZZ0AeA4tdFDYWN3BAGZ8npr17UBFddU0lgAt3H0yjX3X6/ekOj1yjw==

shallow-equal@^3.0.0:
  version "3.1.0"
  resolved "https://registry.yarnpkg.com/shallow-equal/-/shallow-equal-3.1.0.tgz#e7a54bac629c7f248eff6c2f5b63122ba4320bec"
  integrity sha512-pfVOw8QZIXpMbhBWvzBISicvToTiM5WBF1EeAUZDDSb5Dt29yl4AYbyywbJFSEsRUMr7gJaxqCdr4L3tQf9wVg==

signal-exit@^3.0.2:
  version "3.0.7"
  resolved "https://registry.yarnpkg.com/signal-exit/-/signal-exit-3.0.7.tgz#a9a1767f8af84155114eaabd73f99273c8f59ad9"
  integrity sha512-wnD2ZE+l+SPC/uoS0vXeE9L1+0wuaMqKlfz9AMUo38JsyLSBWSFcHR1Rri62LZc12vLr1gb3jl7iwQhgwpAbGQ==

sweetalert2@^11.14.1:
  version "11.23.0"
  resolved "https://registry.yarnpkg.com/sweetalert2/-/sweetalert2-11.23.0.tgz#ba8a051b1e94215c762af08692171b7b4611c4c1"
  integrity sha512-cKzzbC3C1sIs7o9XAMw4E8F9kBtGXsBDUsd2JZ8JM/dqa+nzWwSGM+9LLYILZWzWHzX9W+HJNHyBlbHPVS/krw==

timeago@^1.6.7:
  version "1.6.7"
  resolved "https://registry.yarnpkg.com/timeago/-/timeago-1.6.7.tgz#afd467c29a911e697fc22a81888c7c3022783cb5"
  integrity sha512-FikcjN98+ij0siKH4VO4dZ358PR3oDDq4Vdl1+sN9gWz1/+JXGr3uZbUShYH/hL7bMhcTpPbplJU5Tej4b4jbQ==
  dependencies:
    jquery ">=1.5.0 <4.0"

tus-js-client@^4.2.3:
  version "4.3.1"
  resolved "https://registry.yarnpkg.com/tus-js-client/-/tus-js-client-4.3.1.tgz#2f9a47fba006206fb0d08c649fa01254944d5d87"
  integrity sha512-ZLeYmjrkaU1fUsKbIi8JML52uAocjEZtBx4DKjRrqzrZa0O4MYwT6db+oqePlspV+FxXJAyFBc/L5gwUi2OFsg==
  dependencies:
    buffer-from "^1.1.2"
    combine-errors "^3.0.3"
    is-stream "^2.0.0"
    js-base64 "^3.7.2"
    lodash.throttle "^4.1.1"
    proper-lockfile "^4.1.2"
    url-parse "^1.5.7"

uppy@^4.4.1:
  version "4.18.3"
  resolved "https://registry.yarnpkg.com/uppy/-/uppy-4.18.3.tgz#3c8b7bb2ee1886147158d60f113f0a6b903f218d"
  integrity sha512-PV7yVn062TP/3FJEl6toqiQZlVMDXWzQzBZLfVzfqeZ8G7iU5KwBYPTgO1UBjRBAfS3NeCOfeGzhZK6KWACcDQ==
  dependencies:
    "@uppy/audio" "2.2.2"
    "@uppy/aws-s3" "4.3.2"
    "@uppy/box" "3.3.2"
    "@uppy/companion-client" "4.5.2"
    "@uppy/compressor" "2.3.2"
    "@uppy/core" "4.5.3"
    "@uppy/dashboard" "4.4.3"
    "@uppy/drag-drop" "4.2.2"
    "@uppy/drop-target" "3.2.2"
    "@uppy/dropbox" "4.3.2"
    "@uppy/facebook" "4.3.2"
    "@uppy/file-input" "4.2.2"
    "@uppy/form" "4.2.2"
    "@uppy/golden-retriever" "4.2.3"
    "@uppy/google-drive" "4.4.2"
    "@uppy/google-drive-picker" "0.4.2"
    "@uppy/google-photos-picker" "0.4.2"
    "@uppy/image-editor" "3.4.2"
    "@uppy/informer" "4.3.2"
    "@uppy/instagram" "4.3.2"
    "@uppy/locales" "4.8.4"
    "@uppy/onedrive" "4.3.2"
    "@uppy/progress-bar" "4.3.2"
    "@uppy/provider-views" "4.5.3"
    "@uppy/redux-dev-tools" "4.1.3"
    "@uppy/remote-sources" "2.4.2"
    "@uppy/screen-capture" "4.4.2"
    "@uppy/status-bar" "4.2.3"
    "@uppy/store-default" "4.3.2"
    "@uppy/store-redux" "4.1.2"
    "@uppy/thumbnail-generator" "4.2.3"
    "@uppy/transloadit" "4.3.3"
    "@uppy/tus" "4.3.2"
    "@uppy/unsplash" "4.4.2"
    "@uppy/url" "4.3.2"
    "@uppy/webcam" "4.3.2"
    "@uppy/webdav" "0.4.2"
    "@uppy/xhr-upload" "4.4.2"
    "@uppy/zoom" "3.3.2"

url-parse@^1.5.7:
  version "1.5.10"
  resolved "https://registry.yarnpkg.com/url-parse/-/url-parse-1.5.10.tgz#9d3c2f736c1d75dd3bd2be507dcc111f1e2ea9c1"
  integrity sha512-WypcfiRhfeUP9vvF0j6rw0J3hrWrw6iZv3+22h6iRMJ/8z1Tj6XfLP4DsUix5MhMPnXpiHDoKyoZ/bdCkwBCiQ==
  dependencies:
    querystringify "^2.1.1"
    requires-port "^1.0.0"

wildcard@^1.1.0:
  version "1.1.2"
  resolved "https://registry.yarnpkg.com/wildcard/-/wildcard-1.1.2.tgz#a7020453084d8cd2efe70ba9d3696263de1710a5"
  integrity sha512-DXukZJxpHA8LuotRwL0pP1+rS6CS7FF2qStDDE1C7DDg2rLud2PXRMuEDYIPhgEezwnlHNL4c+N6MfMTjCGTng==

zxcvbn@^4.4.2:
  version "4.4.2"
  resolved "https://registry.yarnpkg.com/zxcvbn/-/zxcvbn-4.4.2.tgz#28ec17cf09743edcab056ddd8b1b06262cc73c30"
  integrity sha512-Bq0B+ixT/DMyG8kgX2xWcI5jUvCwqrMxSFam7m0lAf78nf04hv6lNCsyLYdyYTrCVMqNDY/206K7eExYCeSyUQ==
