# THIS IS AN AUTOGENERATED FILE. DO NOT EDIT THIS FILE DIRECTLY.
# yarn lockfile v1


"@abp/aspnetcore.mvc.ui.theme.leptonxlite@~5.1.0":
  version "5.1.0"
  resolved "https://registry.yarnpkg.com/@abp/aspnetcore.mvc.ui.theme.leptonxlite/-/aspnetcore.mvc.ui.theme.leptonxlite-5.1.0.tgz#2e2231135beaa985acc7517b2b0c0650a8e23de1"
  integrity sha512-D2hEMUO8O9/IK45RQ9pBtIsRy41I7JNFAXRdwgpWjFiUqBI294boKd/yHMN7e5RPnu0cY+A8fqRVrI/2nKG2TQ==
  dependencies:
    "@abp/aspnetcore.mvc.ui.theme.shared" "~10.1.0"

"@abp/aspnetcore.mvc.ui.theme.shared@~10.1.0":
  version "10.1.0"
  resolved "https://registry.yarnpkg.com/@abp/aspnetcore.mvc.ui.theme.shared/-/aspnetcore.mvc.ui.theme.shared-10.1.0.tgz#b89c5d38fdeceda9e421f9357842838be36dce49"
  integrity sha512-9QyZ7lYr17thTKxq9WN/KVCxNyYurY5Ph9y3vFBkA3u+uOZcaxdw0T417vy0hJvAB7RGlkpLRTmZL7q5P9FzJA==
  dependencies:
    "@abp/aspnetcore.mvc.ui" "~10.1.0"
    "@abp/bootstrap" "~10.1.0"
    "@abp/bootstrap-datepicker" "~10.1.0"
    "@abp/bootstrap-daterangepicker" "~10.1.0"
    "@abp/datatables.net-bs5" "~10.1.0"
    "@abp/font-awesome" "~10.1.0"
    "@abp/jquery-form" "~10.1.0"
    "@abp/jquery-validation-unobtrusive" "~10.1.0"
    "@abp/lodash" "~10.1.0"
    "@abp/luxon" "~10.1.0"
    "@abp/malihu-custom-scrollbar-plugin" "~10.1.0"
    "@abp/moment" "~10.1.0"
    "@abp/select2" "~10.1.0"
    "@abp/sweetalert2" "~10.1.0"
    "@abp/timeago" "~10.1.0"

"@abp/aspnetcore.mvc.ui@~10.1.0":
  version "10.1.0"
  resolved "https://registry.yarnpkg.com/@abp/aspnetcore.mvc.ui/-/aspnetcore.mvc.ui-10.1.0.tgz#79d76232aacb9c8e1762d903f75007d0418bf5a8"
  integrity sha512-brVfaSUicZuSuwtizrEcMvtRjFsoAHr9i56HjJZb7bmElr+q5STiul3stRumly4IfoLkYqdy85hMk+B3G0bJDg==
  dependencies:
    ansi-colors "^4.1.3"

"@abp/bootstrap-datepicker@~10.1.0":
  version "10.1.0"
  resolved "https://registry.yarnpkg.com/@abp/bootstrap-datepicker/-/bootstrap-datepicker-10.1.0.tgz#68270ed8cf8e0c23a77331ef2ba6ef2d1da3cefc"
  integrity sha512-ahKKHlluo4U1Z238mBNzpL0YaErTPENLQDVLNZB1BnZcUTqz1j7WJHGZoy4j3CXZKt7mnFCRe1+vJMCcwP+DYA==
  dependencies:
    bootstrap-datepicker "^1.10.1"

"@abp/bootstrap-daterangepicker@~10.1.0":
  version "10.1.0"
  resolved "https://registry.yarnpkg.com/@abp/bootstrap-daterangepicker/-/bootstrap-daterangepicker-10.1.0.tgz#69f7775eafe7c038c2684d3e990384c8f2966cff"
  integrity sha512-mFMaH7GqPn7W5zzIMOOTl4f0at9Vx8da4ewvPU/IvngrTeezMRPC1tofHmiWDhHfZpzF5J9DDMCGul9Q4nOl5A==
  dependencies:
    bootstrap-daterangepicker "^3.1.0"

"@abp/bootstrap@~10.1.0":
  version "10.1.0"
  resolved "https://registry.yarnpkg.com/@abp/bootstrap/-/bootstrap-10.1.0.tgz#816436ab547fc46d4c00b1facbdd80e3f4f78af1"
  integrity sha512-ioqQDOvjXIUWncmLJuTcLPTnlJ3xGxyKXC9veSTJWFd+5pZswK7/QIlAuTvIIujs/7Z13GLunUIMMjny7WFBMw==
  dependencies:
    "@abp/core" "~10.1.0"
    bootstrap "^5.3.8"

"@abp/core@~10.1.0":
  version "10.1.0"
  resolved "https://registry.yarnpkg.com/@abp/core/-/core-10.1.0.tgz#7cb21012deee5510a0774d982f85627d47b368f4"
  integrity sha512-/N0K2NVdk5/OM+Q5JDnpC+0CD0mS4wpDhLO1SIQbMXSTFbplhfPw2SFm7+MvPA9pVx2L8TYAzXmS7CtAJxKvCg==
  dependencies:
    "@abp/utils" "~10.1.0"

"@abp/datatables.net-bs5@~10.1.0":
  version "10.1.0"
  resolved "https://registry.yarnpkg.com/@abp/datatables.net-bs5/-/datatables.net-bs5-10.1.0.tgz#ea2a60c22bdcc80882662b9f55f198793f6ea556"
  integrity sha512-dPe3bVW3Hfnm/X9Bw5k7TuEIsYYwFk1faC8kIxf2Spk+4Z9TdYFS2zGaHBYStE9iRtKmneNYMykG2O88mX3quA==
  dependencies:
    "@abp/datatables.net" "~10.1.0"
    datatables.net-bs5 "^2.3.4"

"@abp/datatables.net@~10.1.0":
  version "10.1.0"
  resolved "https://registry.yarnpkg.com/@abp/datatables.net/-/datatables.net-10.1.0.tgz#7fe641883e6d1417c86a030481777a75c9a5a555"
  integrity sha512-p9S/ZaJ4OXpihTOWIxsSQ0s3G4S+ScQLD+Q+w0NrWbUa7HTKg9tdqSh6VDhyW9KZ/iiLUO5jNzsAFXyUjjDQuw==
  dependencies:
    "@abp/jquery" "~10.1.0"
    datatables.net "^2.3.4"

"@abp/font-awesome@~10.1.0":
  version "10.1.0"
  resolved "https://registry.yarnpkg.com/@abp/font-awesome/-/font-awesome-10.1.0.tgz#79c5b7eb9a85467b0078b9f9bf201493fc3de358"
  integrity sha512-dm4VRtZnvm5p8mYQys9KWLkQ+JdwPahQSan2DV1s5Rq4P96hk8p8VshZu7pI3iE0MS+rSZnXYvetZrqCdt1mOQ==
  dependencies:
    "@abp/core" "~10.1.0"
    "@fortawesome/fontawesome-free" "^7.0.1"

"@abp/jquery-form@~10.1.0":
  version "10.1.0"
  resolved "https://registry.yarnpkg.com/@abp/jquery-form/-/jquery-form-10.1.0.tgz#7c19605eb103519fea332d0f153cac185b7f2ebb"
  integrity sha512-ddlapZqFVwpXU3uDi/RnQ6uSpseMxPAKE+/LgLF+SVyPzazNFognxPT3ztzqTk84P/gFleNgNjAfUlKrfyIfGw==
  dependencies:
    "@abp/jquery" "~10.1.0"
    jquery-form "^4.3.0"

"@abp/jquery-validation-unobtrusive@~10.1.0":
  version "10.1.0"
  resolved "https://registry.yarnpkg.com/@abp/jquery-validation-unobtrusive/-/jquery-validation-unobtrusive-10.1.0.tgz#13aa462c4347d3459541a9a9ea19a60458805328"
  integrity sha512-94smwn/W3d+gkX2UKH+/OiB7poKDP1ZK0DqWiiH4BGGmpRk9j3B+eJxPbL86dwNG4XT8upuX3ZOrUb6Fy2SA3A==
  dependencies:
    "@abp/jquery-validation" "~10.1.0"
    jquery-validation-unobtrusive "^4.0.0"

"@abp/jquery-validation@~10.1.0":
  version "10.1.0"
  resolved "https://registry.yarnpkg.com/@abp/jquery-validation/-/jquery-validation-10.1.0.tgz#5389785f5ff359ecd6291889420d6c2f84e633aa"
  integrity sha512-/X5smp0xpNqCM+BuLI9eEyMPQ0uF42hmEfBvCIfWWBhfp7uFfq7sS706QcGfXYqFdpprRYoUJGKDfSaHxPaJUA==
  dependencies:
    "@abp/jquery" "~10.1.0"
    jquery-validation "^1.21.0"

"@abp/jquery@~10.1.0":
  version "10.1.0"
  resolved "https://registry.yarnpkg.com/@abp/jquery/-/jquery-10.1.0.tgz#d8812a7d410ad959a1ed27696beb9b7885142684"
  integrity sha512-cVF2hOP6GGp0N3VMBOFjEHuHFgXbDH8x0d7Agw4DN2ydFU8wYuj3m9u0HCc0aoBG6Zls90tMpTfM0RqDNFgCKA==
  dependencies:
    "@abp/core" "~10.1.0"
    jquery "~3.7.1"

"@abp/lodash@~10.1.0":
  version "10.1.0"
  resolved "https://registry.yarnpkg.com/@abp/lodash/-/lodash-10.1.0.tgz#fdebe764d1142abfd3ecdeef56aa33746e31815b"
  integrity sha512-r4WwpqLFFQi721edd8XF5wueAdqEvx75dmRlEuhZoIBA6RQ0yYjTRMNWjTOlIEzFDGj7XrisV5CSUQ9BhhuS+Q==
  dependencies:
    "@abp/core" "~10.1.0"
    lodash "^4.17.21"

"@abp/luxon@~10.1.0":
  version "10.1.0"
  resolved "https://registry.yarnpkg.com/@abp/luxon/-/luxon-10.1.0.tgz#c80cdb1a85e9cc824946dc0009df0daba384a4ca"
  integrity sha512-slwiGSrevvWZrBhuy9sw7UP6akk2Ln9eAY3nxxo8xzE7C7uezcNk12dbKN4psdSAVpbDwuqC3GGrkmcFL+6sBQ==
  dependencies:
    "@abp/core" "~10.1.0"
    luxon "^3.7.2"

"@abp/malihu-custom-scrollbar-plugin@~10.1.0":
  version "10.1.0"
  resolved "https://registry.yarnpkg.com/@abp/malihu-custom-scrollbar-plugin/-/malihu-custom-scrollbar-plugin-10.1.0.tgz#d257e83b7cc1af89a708e365eef7af0136ccebcf"
  integrity sha512-+h8hoYUkjcYBdm/M3b8c3CeE5WNU8K6kQ5MwQXNaaGLCvwEmZHy0A6+U8yxtKv2eRRhAkAqOkQyWYRWA5w1XzQ==
  dependencies:
    "@abp/core" "~10.1.0"
    malihu-custom-scrollbar-plugin "^3.1.5"

"@abp/moment@~10.1.0":
  version "10.1.0"
  resolved "https://registry.yarnpkg.com/@abp/moment/-/moment-10.1.0.tgz#5755e4e10a7302e2832b1a1ce571f20b27600303"
  integrity sha512-faHV7vmPEjFUJTRNTTlmnpx0VZuyvQt4O98WBLAjPdcqpLfWazdS9Ro405St5liIkgvmAXWsrwVmZb0VKTLcNA==
  dependencies:
    moment "^2.30.1"

"@abp/select2@~10.1.0":
  version "10.1.0"
  resolved "https://registry.yarnpkg.com/@abp/select2/-/select2-10.1.0.tgz#8b15954e462e65329b8eb481226170df6d55d36a"
  integrity sha512-7+1GirZe4i/2/LR4jZgWhiN6lFHhClLtUmrdCjh7FeeuBvy5GGA417DybDihna/GzlcOVI4GHnn2fjEwcFqJiw==
  dependencies:
    "@abp/core" "~10.1.0"
    select2 "^4.0.13"

"@abp/sweetalert2@~10.1.0":
  version "10.1.0"
  resolved "https://registry.yarnpkg.com/@abp/sweetalert2/-/sweetalert2-10.1.0.tgz#6997cb7909671f9deddaea53f17ed054aab27cd3"
  integrity sha512-vlkH+DkuQBvOqnDPqTtyZ5mHb+GfIR/QJBXI7yrS62ML+ZNqkg0vXftCrm4aAR2kPmvgYsbUOJcKJAmgydcOEQ==
  dependencies:
    "@abp/core" "~10.1.0"
    sweetalert2 "^11.23.0"

"@abp/timeago@~10.1.0":
  version "10.1.0"
  resolved "https://registry.yarnpkg.com/@abp/timeago/-/timeago-10.1.0.tgz#45c1e8b1451e31910e330053981a871787fe02f1"
  integrity sha512-3RVMlBbOepa4WBTLthRmf2VddkNwsjE+FNnaSUaMQ2ZQaXnghnZc4xZ3f3oKraGcWMgqpz1IfrWWV1POKRsEXw==
  dependencies:
    "@abp/jquery" "~10.1.0"
    timeago "^1.6.7"

"@abp/utils@~10.1.0":
  version "10.1.0"
  resolved "https://registry.yarnpkg.com/@abp/utils/-/utils-10.1.0.tgz#ef7f6bf16abb34b77fa57c156b264154827bc0af"
  integrity sha512-UDgbvDMbcQklNu+SlQPhkIcIfZoWsQjCCzihanLBiHc474BCOlcTsO6K/EatV9LwqG3zY0mYd0ExAWjH44G0rQ==
  dependencies:
    just-compare "^2.3.0"

"@fortawesome/fontawesome-free@^7.0.1":
  version "7.2.0"
  resolved "https://registry.yarnpkg.com/@fortawesome/fontawesome-free/-/fontawesome-free-7.2.0.tgz#188c1053ce422ad1f934d7df242a973fcb89636d"
  integrity sha512-3DguDv/oUE+7vjMeTSOjCSG+KeawgVQOHrKRnvUuqYh1mfArrh7s+s8hXW3e4RerBA1+Wh+hBqf8sJNpqNrBWg==

ansi-colors@^4.1.3:
  version "4.1.3"
  resolved "https://registry.yarnpkg.com/ansi-colors/-/ansi-colors-4.1.3.tgz#37611340eb2243e70cc604cad35d63270d48781b"
  integrity sha512-/6w/C21Pm1A7aZitlI5Ni/2J6FFQN8i1Cvz3kHABAAbw93v/NlvKdVOqz7CCWz/3iv/JplRSEEZ83XION15ovw==

bootstrap-datepicker@^1.10.1:
  version "1.10.1"
  resolved "https://registry.yarnpkg.com/bootstrap-datepicker/-/bootstrap-datepicker-1.10.1.tgz#0a8bec42957ea1ce1272b91bcf2b53696629fb86"
  integrity sha512-GIe+fsLp9Hi30oW7L2v2Q9/a4+aojrIA2p4ZagtLuKw2lpfQgjJjM0L6vl/lYQydGXWUbpoKbEC/O5tzWIkEKQ==
  dependencies:
    jquery ">=3.4.0 <4.0.0"

bootstrap-daterangepicker@^3.1.0:
  version "3.1.0"
  resolved "https://registry.yarnpkg.com/bootstrap-daterangepicker/-/bootstrap-daterangepicker-3.1.0.tgz#632e6fb2de4b6360c5c0a9d5f6adb9aace051fe8"
  integrity sha512-oaQZx6ZBDo/dZNyXGVi2rx5GmFXThyQLAxdtIqjtLlYVaQUfQALl5JZMJJZzyDIX7blfy4ppZPAJ10g8Ma4d/g==
  dependencies:
    jquery ">=1.10"
    moment "^2.9.0"

bootstrap@^5.3.8:
  version "5.3.8"
  resolved "https://registry.yarnpkg.com/bootstrap/-/bootstrap-5.3.8.tgz#6401a10057a22752d21f4e19055508980656aeed"
  integrity sha512-HP1SZDqaLDPwsNiqRqi5NcP0SSXciX2s9E+RyqJIIqGo+vJeN5AJVM98CXmW/Wux0nQ5L7jeWUdplCEf0Ee+tg==

datatables.net-bs5@^2.3.4:
  version "2.3.7"
  resolved "https://registry.yarnpkg.com/datatables.net-bs5/-/datatables.net-bs5-2.3.7.tgz#ddef957ee23b03c2d4bc1d48735b39c6182e5d53"
  integrity sha512-RiCEMpMXDBeMDwjSrMpmcXDU6mibRMuOn7Wk7k3SlOfLEY3FQHO7S2m+K7teXYeaNlCLyjJMU+6BUUwlBCpLFw==
  dependencies:
    datatables.net "2.3.7"
    jquery ">=1.7"

datatables.net@2.3.7, datatables.net@^2.3.4:
  version "2.3.7"
  resolved "https://registry.yarnpkg.com/datatables.net/-/datatables.net-2.3.7.tgz#3cd34f6f5d1f40a46b5a20a4ba32604bdbcd6738"
  integrity sha512-AvsjG/Nkp6OxeyBKYZauemuzQCPogE1kOtKwG4sYjvdqGCSLiGaJagQwXv4YxG+ts5vaJr6qKGG9ec3g6vTo3w==
  dependencies:
    jquery ">=1.7"

jquery-form@^4.3.0:
  version "4.3.0"
  resolved "https://registry.yarnpkg.com/jquery-form/-/jquery-form-4.3.0.tgz#7d3961c314a1f2d15298f4af1d3943f54f4149c6"
  integrity sha512-q3uaVCEWdLOYUCI6dpNdwf/7cJFOsUgdpq6r0taxtGQ5NJSkOzofyWm4jpOuJ5YxdmL1FI5QR+q+HB63HHLGnQ==
  dependencies:
    jquery ">=1.7.2"

jquery-mousewheel@>=3.0.6:
  version "3.2.2"
  resolved "https://registry.yarnpkg.com/jquery-mousewheel/-/jquery-mousewheel-3.2.2.tgz#48c833f6260ee0c46d438a999e7d0060ec9eed0b"
  integrity sha512-JP71xTAg08ZY3hcs9ZbYUZ5i+dkSsz4yRl/zpWkAmtzc+kMs5EfPkpkINSidiLYMaR0MTo3DfFGF9WIezMsFQQ==
  dependencies:
    jquery ">=1.2.6"

jquery-validation-unobtrusive@^4.0.0:
  version "4.0.0"
  resolved "https://registry.yarnpkg.com/jquery-validation-unobtrusive/-/jquery-validation-unobtrusive-4.0.0.tgz#dfcf25a558496a2c883db6021d10f5398d15f99d"
  integrity sha512-1ervYFFv6LX/rp7ktuLnMakHNG0piNRDyROI8Ir3hL1vPIwylAehB1AY3BPrYJnzW3WmwWryZq+Bz4sazZK9iQ==
  dependencies:
    jquery "^3.6.0"
    jquery-validation ">=1.19"

jquery-validation@>=1.19, jquery-validation@^1.21.0:
  version "1.22.1"
  resolved "https://registry.yarnpkg.com/jquery-validation/-/jquery-validation-1.22.1.tgz#fc1ae3256110332c929245a44d69ee76fee0e481"
  integrity sha512-ePLXLWK7Rh5eR652YsuIu7YPeGlCXrsJUteVw5iZopiU17yaMd3FaDggs6yyNMl56p8TYVeDRmKGK3fPZrMeQw==

jquery@3.7.1, jquery@>=1.10, jquery@>=1.2.6, "jquery@>=1.5.0 <4.0", jquery@>=1.7, jquery@>=1.7.2, "jquery@>=3.4.0 <4.0.0", jquery@^3.6.0, jquery@~3.7.1:
  version "3.7.1"
  resolved "https://registry.yarnpkg.com/jquery/-/jquery-3.7.1.tgz#083ef98927c9a6a74d05a6af02806566d16274de"
  integrity sha512-m4avr8yL8kmFN8psrbFFFmB/If14iN5o9nw/NgnnM+kybDJpRsAynV2BsfpTYrTRysYUdADVD7CkUUizgkpLfg==

just-compare@^2.3.0:
  version "2.3.0"
  resolved "https://registry.yarnpkg.com/just-compare/-/just-compare-2.3.0.tgz#a2adcc1d1940536263275f5a1ef1298bcacfeda7"
  integrity sha512-6shoR7HDT+fzfL3gBahx1jZG3hWLrhPAf+l7nCwahDdT9XDtosB9kIF0ZrzUp5QY8dJWfQVr5rnsPqsbvflDzg==

lodash@^4.17.21:
  version "4.17.23"
  resolved "https://registry.yarnpkg.com/lodash/-/lodash-4.17.23.tgz#f113b0378386103be4f6893388c73d0bde7f2c5a"
  integrity sha512-LgVTMpQtIopCi79SJeDiP0TfWi5CNEc/L/aRdTh3yIvmZXTnheWpKjSZhnvMl8iXbC1tFg9gdHHDMLoV7CnG+w==

luxon@^3.7.2:
  version "3.7.2"
  resolved "https://registry.yarnpkg.com/luxon/-/luxon-3.7.2.tgz#d697e48f478553cca187a0f8436aff468e3ba0ba"
  integrity sha512-vtEhXh/gNjI9Yg1u4jX/0YVPMvxzHuGgCm6tC5kZyb08yjGWGnqAjGJvcXbqQR2P3MyMEFnRbpcdFS6PBcLqew==

malihu-custom-scrollbar-plugin@^3.1.5:
  version "3.1.5"
  resolved "https://registry.yarnpkg.com/malihu-custom-scrollbar-plugin/-/malihu-custom-scrollbar-plugin-3.1.5.tgz#310cecc5e59415a1c29e9dfb5d2b6e01d66a29ef"
  integrity sha512-lwW3LgI+CNDMPnP4ED2la6oYxWMkCXlnhex+s2wuOLhFDFGnGmQuTQVdRK9bvDLpxs10sGlfErVufJy9ztfgJQ==
  dependencies:
    jquery-mousewheel ">=3.0.6"

moment@^2.30.1, moment@^2.9.0:
  version "2.30.1"
  resolved "https://registry.yarnpkg.com/moment/-/moment-2.30.1.tgz#f8c91c07b7a786e30c59926df530b4eac96974ae"
  integrity sha512-uEmtNhbDOrWPFS+hdjFCBfy9f2YoyzRpwcl+DqpC6taX21FzsTLQVbMV/W7PzNSX6x/bhC1zA3c2UQ5NzH6how==

select2@^4.0.13:
  version "4.0.13"
  resolved "https://registry.yarnpkg.com/select2/-/select2-4.0.13.tgz#0dbe377df3f96167c4c1626033e924372d8ef44d"
  integrity sha512-1JeB87s6oN/TDxQQYCvS5EFoQyvV6eYMZZ0AeA4tdFDYWN3BAGZ8npr17UBFddU0lgAt3H0yjX3X6/ekOj1yjw==

sweetalert2@^11.23.0:
  version "11.26.20"
  resolved "https://registry.yarnpkg.com/sweetalert2/-/sweetalert2-11.26.20.tgz#947a53ccbaaac1c010517098a01692e000c5f770"
  integrity sha512-mG3guPRzmpqGufTQ05Kr7WQIe1xfBEB9JwPIJbR2plL0ezVzS3qmazuzse0J8+/YYGCGrAL4Us2Sm5VCgHyuRg==

timeago@^1.6.7:
  version "1.6.7"
  resolved "https://registry.yarnpkg.com/timeago/-/timeago-1.6.7.tgz#afd467c29a911e697fc22a81888c7c3022783cb5"
  integrity sha512-FikcjN98+ij0siKH4VO4dZ358PR3oDDq4Vdl1+sN9gWz1/+JXGr3uZbUShYH/hL7bMhcTpPbplJU5Tej4b4jbQ==
  dependencies:
    jquery ">=1.5.0 <4.0"
