# THIS IS AN AUTOGENERATED FILE. DO NOT EDIT THIS FILE DIRECTLY.
# yarn lockfile v1


"@abp/aspnetcore.mvc.ui.theme.leptonxlite@~3.2.0":
  version "3.2.0"
  resolved "https://www.myget.org/F/abp-nightly/npm/@abp/aspnetcore.mvc.ui.theme.leptonxlite/-/@abp/aspnetcore.mvc.ui.theme.leptonxlite-3.2.0.tgz#02b93be81bd71b7d0f451883841d02be8620134e"
  integrity sha1-Ark76BvXG30PRRiDhB0CvoYgE04=
  dependencies:
    "@abp/aspnetcore.mvc.ui.theme.shared" "~8.2.0"

"@abp/aspnetcore.mvc.ui.theme.shared@~8.2.0":
  version "8.2.0"
  resolved "https://www.myget.org/F/abp-nightly/npm/@abp/aspnetcore.mvc.ui.theme.shared/-/@abp/aspnetcore.mvc.ui.theme.shared-8.2.0.tgz#dc16714f032c04a2219b41abcedef73076db89c8"
  integrity sha1-3BZxTwMsBKIhm0Grzt73MHbbicg=
  dependencies:
    "@abp/aspnetcore.mvc.ui" "~8.2.0"
    "@abp/bootstrap" "~8.2.0"
    "@abp/bootstrap-datepicker" "~8.2.0"
    "@abp/bootstrap-daterangepicker" "~8.2.0"
    "@abp/datatables.net-bs5" "~8.2.0"
    "@abp/font-awesome" "~8.2.0"
    "@abp/jquery-form" "~8.2.0"
    "@abp/jquery-validation-unobtrusive" "~8.2.0"
    "@abp/lodash" "~8.2.0"
    "@abp/luxon" "~8.2.0"
    "@abp/malihu-custom-scrollbar-plugin" "~8.2.0"
    "@abp/moment" "~8.2.0"
    "@abp/select2" "~8.2.0"
    "@abp/sweetalert2" "~8.2.0"
    "@abp/timeago" "~8.2.0"
    "@abp/toastr" "~8.2.0"

"@abp/aspnetcore.mvc.ui@~8.2.0":
  version "8.2.0"
  resolved "https://www.myget.org/F/abp-nightly/npm/@abp/aspnetcore.mvc.ui/-/@abp/aspnetcore.mvc.ui-8.2.0.tgz#c63db25bdebe45d81c0dc3722400ae518787f409"
  integrity sha1-xj2yW96+RdgcDcNyJACuUYeH9Ak=
  dependencies:
    ansi-colors "^4.1.1"

"@abp/bootstrap-datepicker@~8.2.0":
  version "8.2.0"
  resolved "https://www.myget.org/F/abp-nightly/npm/@abp/bootstrap-datepicker/-/@abp/bootstrap-datepicker-8.2.0.tgz#b4b82364e6e937b1661348b204b766834eb6d96c"
  integrity sha1-tLgjZObpN7FmE0iyBLdmg0622Ww=
  dependencies:
    bootstrap-datepicker "^1.9.0"

"@abp/bootstrap-daterangepicker@~8.2.0":
  version "8.2.0"
  resolved "https://www.myget.org/F/abp-nightly/npm/@abp/bootstrap-daterangepicker/-/@abp/bootstrap-daterangepicker-8.2.0.tgz#997416b0ea29906883b3455b24d087974cc91b1e"
  integrity sha1-mXQWsOopkGiDs0VbJNCHl0zJGx4=
  dependencies:
    bootstrap-daterangepicker "^3.1.0"

"@abp/bootstrap@~8.2.0":
  version "8.2.0"
  resolved "https://www.myget.org/F/abp-nightly/npm/@abp/bootstrap/-/@abp/bootstrap-8.2.0.tgz#39ffb0807cdd9820251c637ee06f39cd4b84e737"
  integrity sha1-Of+wgHzdmCAlHGN+4G85zUuE5zc=
  dependencies:
    "@abp/core" "~8.2.0"
    bootstrap "^5.1.3"

"@abp/core@~8.2.0":
  version "8.2.0"
  resolved "https://www.myget.org/F/abp-nightly/npm/@abp/core/-/@abp/core-8.2.0.tgz#8c5dad48d5f115ffe1d4b7bfa473de3a14a29331"
  integrity sha1-jF2tSNXxFf/h1Le/pHPeOhSikzE=
  dependencies:
    "@abp/utils" "~8.2.0"

"@abp/datatables.net-bs5@~8.2.0":
  version "8.2.0"
  resolved "https://www.myget.org/F/abp-nightly/npm/@abp/datatables.net-bs5/-/@abp/datatables.net-bs5-8.2.0.tgz#a18af46aa96658d2996b0754aa3eae0dbef7e713"
  integrity sha1-oYr0aqlmWNKZawdUqj6uDb735xM=
  dependencies:
    "@abp/datatables.net" "~8.2.0"
    datatables.net-bs5 "^1.11.4"

"@abp/datatables.net@~8.2.0":
  version "8.2.0"
  resolved "https://www.myget.org/F/abp-nightly/npm/@abp/datatables.net/-/@abp/datatables.net-8.2.0.tgz#23a81e953e3d2c8a7b45c0b0a5b471997f66dde0"
  integrity sha1-I6gelT49LIp7RcCwpbRxmX9m3eA=
  dependencies:
    "@abp/jquery" "~8.2.0"
    datatables.net "^1.11.4"

"@abp/font-awesome@~8.2.0":
  version "8.2.0"
  resolved "https://www.myget.org/F/abp-nightly/npm/@abp/font-awesome/-/@abp/font-awesome-8.2.0.tgz#a94e4e01c2a5df251c62ad602d8b7eb9b4ebc952"
  integrity sha1-qU5OAcKl3yUcYq1gLYt+ubTryVI=
  dependencies:
    "@abp/core" "~8.2.0"
    "@fortawesome/fontawesome-free" "^6.5.1"

"@abp/jquery-form@~8.2.0":
  version "8.2.0"
  resolved "https://www.myget.org/F/abp-nightly/npm/@abp/jquery-form/-/@abp/jquery-form-8.2.0.tgz#40397c9f6d2b73d52551bc0555da1d118cfc17c3"
  integrity sha1-QDl8n20rc9UlUbwFVdodEYz8F8M=
  dependencies:
    "@abp/jquery" "~8.2.0"
    jquery-form "^4.3.0"

"@abp/jquery-validation-unobtrusive@~8.2.0":
  version "8.2.0"
  resolved "https://www.myget.org/F/abp-nightly/npm/@abp/jquery-validation-unobtrusive/-/@abp/jquery-validation-unobtrusive-8.2.0.tgz#03eae705ca16eafb110d9c953c9813100afc5a67"
  integrity sha1-A+rnBcoW6vsRDZyVPJgTEAr8Wmc=
  dependencies:
    "@abp/jquery-validation" "~8.2.0"
    jquery-validation-unobtrusive "^3.2.12"

"@abp/jquery-validation@~8.2.0":
  version "8.2.0"
  resolved "https://www.myget.org/F/abp-nightly/npm/@abp/jquery-validation/-/@abp/jquery-validation-8.2.0.tgz#f351ffdb7494a4bd3fc46a5d53fb21c80a526da1"
  integrity sha1-81H/23SUpL0/xGpdU/shyApSbaE=
  dependencies:
    "@abp/jquery" "~8.2.0"
    jquery-validation "^1.19.3"

"@abp/jquery@~8.2.0":
  version "8.2.0"
  resolved "https://www.myget.org/F/abp-nightly/npm/@abp/jquery/-/@abp/jquery-8.2.0.tgz#f76f604ceef48220857a2828ae5da33ac8efb063"
  integrity sha1-929gTO70giCFeigorl2jOsjvsGM=
  dependencies:
    "@abp/core" "~8.2.0"
    jquery "~3.6.0"

"@abp/lodash@~8.2.0":
  version "8.2.0"
  resolved "https://www.myget.org/F/abp-nightly/npm/@abp/lodash/-/@abp/lodash-8.2.0.tgz#8f3c463023344a5f85d0bcf91a6b9d33d40d8a82"
  integrity sha1-jzxGMCM0Sl+F0Lz5GmudM9QNioI=
  dependencies:
    "@abp/core" "~8.2.0"
    lodash "^4.17.21"

"@abp/luxon@~8.2.0":
  version "8.2.0"
  resolved "https://www.myget.org/F/abp-nightly/npm/@abp/luxon/-/@abp/luxon-8.2.0.tgz#c8014556e51bcdc1b0484f799f85ead82221fbd2"
  integrity sha1-yAFFVuUbzcGwSE95n4Xq2CIh+9I=
  dependencies:
    "@abp/core" "~8.2.0"
    luxon "^2.3.0"

"@abp/malihu-custom-scrollbar-plugin@~8.2.0":
  version "8.2.0"
  resolved "https://www.myget.org/F/abp-nightly/npm/@abp/malihu-custom-scrollbar-plugin/-/@abp/malihu-custom-scrollbar-plugin-8.2.0.tgz#3fc39da63b0e57b4fe4f8fcf0f5c32751b9149b8"
  integrity sha1-P8OdpjsOV7T+T4/PD1wydRuRSbg=
  dependencies:
    "@abp/core" "~8.2.0"
    malihu-custom-scrollbar-plugin "^3.1.5"

"@abp/moment@~8.2.0":
  version "8.2.0"
  resolved "https://www.myget.org/F/abp-nightly/npm/@abp/moment/-/@abp/moment-8.2.0.tgz#88aaf862be9d3129c5252dd021f584d19ecc6a0e"
  integrity sha1-iKr4Yr6dMSnFJS3QIfWE0Z7Mag4=
  dependencies:
    moment "^2.9.0"

"@abp/select2@~8.2.0":
  version "8.2.0"
  resolved "https://www.myget.org/F/abp-nightly/npm/@abp/select2/-/@abp/select2-8.2.0.tgz#629777458160443b7d976a9642bfcab86d3b1ad4"
  integrity sha1-Ypd3RYFgRDt9l2qWQr/KuG07GtQ=
  dependencies:
    "@abp/core" "~8.2.0"
    select2 "^4.0.13"

"@abp/sweetalert2@~8.2.0":
  version "8.2.0"
  resolved "https://www.myget.org/F/abp-nightly/npm/@abp/sweetalert2/-/@abp/sweetalert2-8.2.0.tgz#ff197a523e5b6c40da10e82e4834210e2aad396b"
  integrity sha1-/xl6Uj5bbEDaEOguSDQhDiqtOWs=
  dependencies:
    "@abp/core" "~8.2.0"
    sweetalert2 "^11.3.6"

"@abp/timeago@~8.2.0":
  version "8.2.0"
  resolved "https://www.myget.org/F/abp-nightly/npm/@abp/timeago/-/@abp/timeago-8.2.0.tgz#9c9806361e44271d9ada0680ee37bb85a00b44e2"
  integrity sha1-nJgGNh5EJx2a2gaA7je7haALROI=
  dependencies:
    "@abp/jquery" "~8.2.0"
    timeago "^1.6.7"

"@abp/toastr@~8.2.0":
  version "8.2.0"
  resolved "https://www.myget.org/F/abp-nightly/npm/@abp/toastr/-/@abp/toastr-8.2.0.tgz#0b3781ccece1a10696461893543ae244f87b26c3"
  integrity sha1-CzeBzOzhoQaWRhiTVDriRPh7JsM=
  dependencies:
    "@abp/jquery" "~8.2.0"
    toastr "^2.1.4"

"@abp/utils@~8.2.0":
  version "8.2.0"
  resolved "https://www.myget.org/F/abp-nightly/npm/@abp/utils/-/@abp/utils-8.2.0.tgz#7895fa98e0729cb6d2f65ac1660ddfc94bd979cd"
  integrity sha1-eJX6mOBynLbS9lrBZg3fyUvZec0=
  dependencies:
    just-compare "^2.3.0"

"@fortawesome/fontawesome-free@^6.5.1":
  version "6.5.2"
  resolved "https://registry.yarnpkg.com/@fortawesome/fontawesome-free/-/fontawesome-free-6.5.2.tgz#310fe90cb5a8dee9698833171b98e7835404293d"
  integrity sha512-hRILoInAx8GNT5IMkrtIt9blOdrqHOnPBH+k70aWUAqPZPgopb9G5EQJFpaBx/S8zp2fC+mPW349Bziuk1o28Q==

ansi-colors@^4.1.1:
  version "4.1.3"
  resolved "https://registry.yarnpkg.com/ansi-colors/-/ansi-colors-4.1.3.tgz#37611340eb2243e70cc604cad35d63270d48781b"
  integrity sha512-/6w/C21Pm1A7aZitlI5Ni/2J6FFQN8i1Cvz3kHABAAbw93v/NlvKdVOqz7CCWz/3iv/JplRSEEZ83XION15ovw==

bootstrap-datepicker@^1.9.0:
  version "1.10.0"
  resolved "https://registry.yarnpkg.com/bootstrap-datepicker/-/bootstrap-datepicker-1.10.0.tgz#61612bbe8bf0a69a5bce32bbcdda93ebb6ccf24a"
  integrity sha512-lWxtSYddAQOpbAO8UhYhHLcK6425eWoSjb5JDvZU3ePHEPF6A3eUr51WKaFy4PccU19JRxUG6wEU3KdhtKfvpg==
  dependencies:
    jquery ">=3.4.0 <4.0.0"

bootstrap-daterangepicker@^3.1.0:
  version "3.1.0"
  resolved "https://registry.yarnpkg.com/bootstrap-daterangepicker/-/bootstrap-daterangepicker-3.1.0.tgz#632e6fb2de4b6360c5c0a9d5f6adb9aace051fe8"
  integrity sha512-oaQZx6ZBDo/dZNyXGVi2rx5GmFXThyQLAxdtIqjtLlYVaQUfQALl5JZMJJZzyDIX7blfy4ppZPAJ10g8Ma4d/g==
  dependencies:
    jquery ">=1.10"
    moment "^2.9.0"

bootstrap@^5.1.3:
  version "5.3.3"
  resolved "https://registry.yarnpkg.com/bootstrap/-/bootstrap-5.3.3.tgz#de35e1a765c897ac940021900fcbb831602bac38"
  integrity sha512-8HLCdWgyoMguSO9o+aH+iuZ+aht+mzW0u3HIMzVu7Srrpv7EBBxTnrFlSCskwdY1+EOFQSm7uMJhNQHkdPcmjg==

datatables.net-bs5@^1.11.4:
  version "1.13.11"
  resolved "https://registry.yarnpkg.com/datatables.net-bs5/-/datatables.net-bs5-1.13.11.tgz#c7c23aaf37e9fdd1274e172845ad29c9c9d78bb8"
  integrity sha512-NQO15TjXo4xvZ0jReC4Uf86ezbQzPQPdaN2YncrCPhzQ6fx+2WD7DUq4ur0HbAcYHo94/M+MtD5Ch29To7Rj3Q==
  dependencies:
    datatables.net "1.13.11"
    jquery "1.8 - 4"

datatables.net@1.13.11, datatables.net@^1.11.4:
  version "1.13.11"
  resolved "https://registry.yarnpkg.com/datatables.net/-/datatables.net-1.13.11.tgz#e2a4c8b50553512f241ebfcbc078d74d551183b2"
  integrity sha512-AE6RkMXziRaqzPcu/pl3SJXeRa6fmXQG/fVjuRESujvkzqDCYEeKTTpPMuVJSGYJpPi32WGSphVNNY1G4nSN/g==
  dependencies:
    jquery "1.8 - 4"

jquery-form@^4.3.0:
  version "4.3.0"
  resolved "https://registry.yarnpkg.com/jquery-form/-/jquery-form-4.3.0.tgz#7d3961c314a1f2d15298f4af1d3943f54f4149c6"
  integrity sha512-q3uaVCEWdLOYUCI6dpNdwf/7cJFOsUgdpq6r0taxtGQ5NJSkOzofyWm4jpOuJ5YxdmL1FI5QR+q+HB63HHLGnQ==
  dependencies:
    jquery ">=1.7.2"

jquery-mousewheel@>=3.0.6:
  version "3.1.13"
  resolved "https://registry.yarnpkg.com/jquery-mousewheel/-/jquery-mousewheel-3.1.13.tgz#06f0335f16e353a695e7206bf50503cb523a6ee5"
  integrity sha512-GXhSjfOPyDemM005YCEHvzrEALhKDIswtxSHSR2e4K/suHVJKJxxRCGz3skPjNxjJjQa9AVSGGlYjv1M3VLIPg==

jquery-validation-unobtrusive@^3.2.12:
  version "3.2.12"
  resolved "https://registry.yarnpkg.com/jquery-validation-unobtrusive/-/jquery-validation-unobtrusive-3.2.12.tgz#1d52841f653e516525c251e494b042e664dad8af"
  integrity sha512-kPixGhVcuat7vZXngGFfSIksy4VlzZcHyRgnBIZdsfVneCU+D5sITC8T8dD/9c9K/Q+qkMlgp7ufJHz93nKSuQ==
  dependencies:
    jquery "^3.5.1"
    jquery-validation ">=1.16"

jquery-validation@>=1.16, jquery-validation@^1.19.3:
  version "1.20.1"
  resolved "https://registry.yarnpkg.com/jquery-validation/-/jquery-validation-1.20.1.tgz#be998a19605705f4b278be1780c3a0ed7d3943ae"
  integrity sha512-rbBy36Xe5WBCO8OLdZLhPhVjb70KayuoX3WYRNwNpy9TXuUadhNTcaipr6jEIacn+V4jgXB2xUJl6hYzJxr5jw==

"jquery@1.8 - 4", jquery@>=1.10, jquery@>=1.12.0, "jquery@>=1.5.0 <4.0", jquery@>=1.7.2, "jquery@>=3.4.0 <4.0.0", jquery@^3.5.1:
  version "3.7.1"
  resolved "https://registry.yarnpkg.com/jquery/-/jquery-3.7.1.tgz#083ef98927c9a6a74d05a6af02806566d16274de"
  integrity sha512-m4avr8yL8kmFN8psrbFFFmB/If14iN5o9nw/NgnnM+kybDJpRsAynV2BsfpTYrTRysYUdADVD7CkUUizgkpLfg==

jquery@~3.6.0:
  version "3.6.4"
  resolved "https://registry.yarnpkg.com/jquery/-/jquery-3.6.4.tgz#ba065c188142100be4833699852bf7c24dc0252f"
  integrity sha512-v28EW9DWDFpzcD9O5iyJXg3R3+q+mET5JhnjJzQUZMHOv67bpSIHq81GEYpPNZHG+XXHsfSme3nxp/hndKEcsQ==

just-compare@^2.3.0:
  version "2.3.0"
  resolved "https://registry.yarnpkg.com/just-compare/-/just-compare-2.3.0.tgz#a2adcc1d1940536263275f5a1ef1298bcacfeda7"
  integrity sha512-6shoR7HDT+fzfL3gBahx1jZG3hWLrhPAf+l7nCwahDdT9XDtosB9kIF0ZrzUp5QY8dJWfQVr5rnsPqsbvflDzg==

lodash@^4.17.21:
  version "4.17.21"
  resolved "https://registry.yarnpkg.com/lodash/-/lodash-4.17.21.tgz#679591c564c3bffaae8454cf0b3df370c3d6911c"
  integrity sha512-v2kDEe57lecTulaDIuNTPy3Ry4gLGJ6Z1O3vE1krgXZNrsQ+LFTGHVxVjcXPs17LhbZVGedAJv8XZ1tvj5FvSg==

luxon@^2.3.0:
  version "2.5.2"
  resolved "https://registry.yarnpkg.com/luxon/-/luxon-2.5.2.tgz#17ed497f0277e72d58a4756d6a9abee4681457b6"
  integrity sha512-Yg7/RDp4nedqmLgyH0LwgGRvMEKVzKbUdkBYyCosbHgJ+kaOUx0qzSiSatVc3DFygnirTPYnMM2P5dg2uH1WvA==

malihu-custom-scrollbar-plugin@^3.1.5:
  version "3.1.5"
  resolved "https://registry.yarnpkg.com/malihu-custom-scrollbar-plugin/-/malihu-custom-scrollbar-plugin-3.1.5.tgz#310cecc5e59415a1c29e9dfb5d2b6e01d66a29ef"
  integrity sha512-lwW3LgI+CNDMPnP4ED2la6oYxWMkCXlnhex+s2wuOLhFDFGnGmQuTQVdRK9bvDLpxs10sGlfErVufJy9ztfgJQ==
  dependencies:
    jquery-mousewheel ">=3.0.6"

moment@^2.9.0:
  version "2.30.1"
  resolved "https://registry.yarnpkg.com/moment/-/moment-2.30.1.tgz#f8c91c07b7a786e30c59926df530b4eac96974ae"
  integrity sha512-uEmtNhbDOrWPFS+hdjFCBfy9f2YoyzRpwcl+DqpC6taX21FzsTLQVbMV/W7PzNSX6x/bhC1zA3c2UQ5NzH6how==

select2@^4.0.13:
  version "4.0.13"
  resolved "https://registry.yarnpkg.com/select2/-/select2-4.0.13.tgz#0dbe377df3f96167c4c1626033e924372d8ef44d"
  integrity sha512-1JeB87s6oN/TDxQQYCvS5EFoQyvV6eYMZZ0AeA4tdFDYWN3BAGZ8npr17UBFddU0lgAt3H0yjX3X6/ekOj1yjw==

sweetalert2@^11.3.6:
  version "11.12.2"
  resolved "https://registry.yarnpkg.com/sweetalert2/-/sweetalert2-11.12.2.tgz#3430b6bd66f732ae6c36b19ff965da5b01b1e3fd"
  integrity sha512-Rwv5iRYlApkDSXeX22aLhhWMlWPzFxnNBVLZajkFKYhaVEfQkMOPQQRhBtSFxKBPCoko9U3SccWm9hI4o3Id0Q==

timeago@^1.6.7:
  version "1.6.7"
  resolved "https://registry.yarnpkg.com/timeago/-/timeago-1.6.7.tgz#afd467c29a911e697fc22a81888c7c3022783cb5"
  integrity sha512-FikcjN98+ij0siKH4VO4dZ358PR3oDDq4Vdl1+sN9gWz1/+JXGr3uZbUShYH/hL7bMhcTpPbplJU5Tej4b4jbQ==
  dependencies:
    jquery ">=1.5.0 <4.0"

toastr@^2.1.4:
  version "2.1.4"
  resolved "https://registry.yarnpkg.com/toastr/-/toastr-2.1.4.tgz#8b43be64fb9d0c414871446f2db8e8ca4e95f181"
  integrity sha512-LIy77F5n+sz4tefMmFOntcJ6HL0Fv3k1TDnNmFZ0bU/GcvIIfy6eG2v7zQmMiYgaalAiUv75ttFrPn5s0gyqlA==
  dependencies:
    jquery ">=1.12.0"
