# THIS IS AN AUTOGENERATED FILE. DO NOT EDIT THIS FILE DIRECTLY.
# yarn lockfile v1


"@abp/aspnetcore.mvc.ui.theme.basic@~8.3.0":
  version "8.3.0"
  resolved "https://registry.yarnpkg.com/@abp/aspnetcore.mvc.ui.theme.basic/-/aspnetcore.mvc.ui.theme.basic-8.3.0.tgz#a2d17eb5da2c3abfad4bcc842cfcda0e58a130a4"
  integrity sha512-T2dg7WlvNSrwTCfy5wk4gqiJ/15kIjMGM4wLXIJcMYn60yGY/YeX6Q4A3R/qJzfl4JdgW5rt3GpdKv86y/ADXg==
  dependencies:
    "@abp/aspnetcore.mvc.ui.theme.shared" "~8.3.0"

"@abp/aspnetcore.mvc.ui.theme.shared@~8.3.0":
  version "8.3.0"
  resolved "https://registry.yarnpkg.com/@abp/aspnetcore.mvc.ui.theme.shared/-/aspnetcore.mvc.ui.theme.shared-8.3.0.tgz#5d6bb5181a62770e9cb967980b77e75c115c5ed7"
  integrity sha512-o/0eh8jLS+YJiseTKzzioUz0vNnMFzyoz+mkyA4PlO1gqw2JFhzPhTBZ3cuyV9QlxUfEA8dWAkqAUX6vqiHwkw==
  dependencies:
    "@abp/aspnetcore.mvc.ui" "~8.3.0"
    "@abp/bootstrap" "~8.3.0"
    "@abp/bootstrap-datepicker" "~8.3.0"
    "@abp/bootstrap-daterangepicker" "~8.3.0"
    "@abp/datatables.net-bs5" "~8.3.0"
    "@abp/font-awesome" "~8.3.0"
    "@abp/jquery-form" "~8.3.0"
    "@abp/jquery-validation-unobtrusive" "~8.3.0"
    "@abp/lodash" "~8.3.0"
    "@abp/luxon" "~8.3.0"
    "@abp/malihu-custom-scrollbar-plugin" "~8.3.0"
    "@abp/moment" "~8.3.0"
    "@abp/select2" "~8.3.0"
    "@abp/sweetalert2" "~8.3.0"
    "@abp/timeago" "~8.3.0"
    "@abp/toastr" "~8.3.0"

"@abp/aspnetcore.mvc.ui@~8.3.0":
  version "8.3.0"
  resolved "https://registry.yarnpkg.com/@abp/aspnetcore.mvc.ui/-/aspnetcore.mvc.ui-8.3.0.tgz#d7ba0539bfcc6661a347dea7f952489010b3e816"
  integrity sha512-OxgZhLKiXGFYYpNJ5O/IbhinsniiBPv9586e+1Soar0GckCMIIegJxnJb1Bo1O75blrcK2cIU6LqjRT1FXt2Lw==
  dependencies:
    ansi-colors "^4.1.3"

"@abp/bootstrap-datepicker@~8.3.0":
  version "8.3.0"
  resolved "https://registry.yarnpkg.com/@abp/bootstrap-datepicker/-/bootstrap-datepicker-8.3.0.tgz#8c1bf9efec37b671d8f28b8b1e89c1ac66684267"
  integrity sha512-KCwMtm7x+cnKPeNMzhjDJUce0stwu4e57ibmvA6sMf1tmj+yB256O4E2hIDDohiT3vP/zV8HVHX6uATlcmGC9w==
  dependencies:
    bootstrap-datepicker "^1.10.0"

"@abp/bootstrap-daterangepicker@~8.3.0":
  version "8.3.0"
  resolved "https://registry.yarnpkg.com/@abp/bootstrap-daterangepicker/-/bootstrap-daterangepicker-8.3.0.tgz#2b8ed978333502677916f88cbb3e1d1b1c8a3a17"
  integrity sha512-uQSfuCQogl4BujdqvtdAoSE+z32ci8FT5+i3gLfpqbgTaxvY/Kv5NxAUH5/1sjnuAE7SMWO+eVvI3V0pXgQohg==
  dependencies:
    bootstrap-daterangepicker "^3.1.0"

"@abp/bootstrap@~8.3.0":
  version "8.3.0"
  resolved "https://registry.yarnpkg.com/@abp/bootstrap/-/bootstrap-8.3.0.tgz#96d6ea7e6ac30f6e34e495a4224f56f7b2a1a7a3"
  integrity sha512-5AmdTtakmWhZmHrb7ibvvf+KwF9OGadpAe7Kv9mNEE02K2qkp7Xw4r5o/bgVl7YfLC1FA6GZZXrV2s2t0gjHtg==
  dependencies:
    "@abp/core" "~8.3.0"
    bootstrap "^5.3.3"

"@abp/core@~8.3.0":
  version "8.3.0"
  resolved "https://registry.yarnpkg.com/@abp/core/-/core-8.3.0.tgz#3a68f5a9549efcc3e13500e301f2576751b51445"
  integrity sha512-zrxnZi4qij/Y4AZWaXuPqs3Dd7gBtU/onX7FkYxLgQDxYBfx+84QAnPRNRFKMWaD/wKbTUB0wA66U3t2aiQX9Q==
  dependencies:
    "@abp/utils" "~8.3.0"

"@abp/datatables.net-bs5@~8.3.0":
  version "8.3.0"
  resolved "https://registry.yarnpkg.com/@abp/datatables.net-bs5/-/datatables.net-bs5-8.3.0.tgz#21822ae4912a561afe9112925185aece03fcd0eb"
  integrity sha512-GOGYSSHp3iPUDFRX2Y3C0wkiCOJDuYuK/zUSzQLNpOvBMZO+I/oWBcZM+qkVowIzsoRlAGV9+CVV2B/B05qidA==
  dependencies:
    "@abp/datatables.net" "~8.3.0"
    datatables.net-bs5 "^2.0.8"

"@abp/datatables.net@~8.3.0":
  version "8.3.0"
  resolved "https://registry.yarnpkg.com/@abp/datatables.net/-/datatables.net-8.3.0.tgz#ff697758ce9309ba8311f23aec921c4722588c8b"
  integrity sha512-4dIdv7eN1tVouOUrlF+MIdg8zQpecyH61waqLgy1q5jMZQivrTSFZ7UWMG3WVOAYjw5zSUZHZPbzA+ttnaOPkg==
  dependencies:
    "@abp/jquery" "~8.3.0"
    datatables.net "^2.0.8"

"@abp/font-awesome@~8.3.0":
  version "8.3.0"
  resolved "https://registry.yarnpkg.com/@abp/font-awesome/-/font-awesome-8.3.0.tgz#9e4e9adc08dfca52c0a07d1608c5e5662675a4c9"
  integrity sha512-NRxvM/dzvQC2Cj/F5i07XB/i6IVTmXcO9sOq6TWosWib0wGaPxRbCSjy8QUAYSD1QYaVQ30XMb3XXImaMGyd8A==
  dependencies:
    "@abp/core" "~8.3.0"
    "@fortawesome/fontawesome-free" "^6.5.2"

"@abp/jquery-form@~8.3.0":
  version "8.3.0"
  resolved "https://registry.yarnpkg.com/@abp/jquery-form/-/jquery-form-8.3.0.tgz#fa2ad2fedbe3d3528ee94cbbd4f94d48f0cb5e4d"
  integrity sha512-olP9FmpNVTbOIewsVua0moHVYXw4Sl3chFbvTDLG6vRBohLSjllUXfgY3UEIVWR1PCqnAg+iEJZl9NHB9iOLBg==
  dependencies:
    "@abp/jquery" "~8.3.0"
    jquery-form "^4.3.0"

"@abp/jquery-validation-unobtrusive@~8.3.0":
  version "8.3.0"
  resolved "https://registry.yarnpkg.com/@abp/jquery-validation-unobtrusive/-/jquery-validation-unobtrusive-8.3.0.tgz#0992cdd33170df83c79aa3371038c0b30e451521"
  integrity sha512-9hidjq8x8sTnP5O3K2b2x9NpxvPd9WB03ENR6OfvM89kfSmQapSvBZTlCu80YK9NaQJ6MLQRLYOCuc3GHcj3EQ==
  dependencies:
    "@abp/jquery-validation" "~8.3.0"
    jquery-validation-unobtrusive "^4.0.0"

"@abp/jquery-validation@~8.3.0":
  version "8.3.0"
  resolved "https://registry.yarnpkg.com/@abp/jquery-validation/-/jquery-validation-8.3.0.tgz#bd6a72c6d86f116abe3b5d2adf3752bdbbcca887"
  integrity sha512-6l5BZSa3N0Fou6Se7MfUSnI2dD4SYhZ2V988bgPJQ6p37XBOZ2OAj7LEIf5FSjtUzXjao/6/vqjkPNYreNikig==
  dependencies:
    "@abp/jquery" "~8.3.0"
    jquery-validation "^1.20.1"

"@abp/jquery@~8.3.0":
  version "8.3.0"
  resolved "https://registry.yarnpkg.com/@abp/jquery/-/jquery-8.3.0.tgz#9be5ef2f769680226e6a1a981026590caf3b57ef"
  integrity sha512-GsFY+n3EtS6B0pAoKd+xMnt5Dzi5bHvIbhLgDgfQfOBzAy3twGRWsPQ3nkuXXm8TppwujMNowU1oiLKPPm0AOA==
  dependencies:
    "@abp/core" "~8.3.0"
    jquery "~3.7.1"

"@abp/lodash@~8.3.0":
  version "8.3.0"
  resolved "https://registry.yarnpkg.com/@abp/lodash/-/lodash-8.3.0.tgz#f5a0a496c999886f2d6999067bfac2e1f0c3969c"
  integrity sha512-BiAsONbKR/RKG3WjRaMWVmhNe1ELEsykVq+ogG1Rhk3kwPbvze3TS8k2p0Lu/RC41/BmDUmJ5abg1pUMwkRT8w==
  dependencies:
    "@abp/core" "~8.3.0"
    lodash "^4.17.21"

"@abp/luxon@~8.3.0":
  version "8.3.0"
  resolved "https://registry.yarnpkg.com/@abp/luxon/-/luxon-8.3.0.tgz#7dd3f756be1605506e26f7ac76b80cc082a12d07"
  integrity sha512-8gdI5BtXkVp0sFg89QVDe8AvgQ7Qfq4JCqz2PMrKPSATR3H8GD6BCaEYpRp6CNTCjVrQjGZdzKgUyea1D3dHbw==
  dependencies:
    "@abp/core" "~8.3.0"
    luxon "^3.4.4"

"@abp/malihu-custom-scrollbar-plugin@~8.3.0":
  version "8.3.0"
  resolved "https://registry.yarnpkg.com/@abp/malihu-custom-scrollbar-plugin/-/malihu-custom-scrollbar-plugin-8.3.0.tgz#c88c132c3402bbb02054ca7d446051950f87a817"
  integrity sha512-nd/mb6LJa6fMxal8PGcIjIRIoZ/UHCd01WDC9YI2H4wGCGx0CA0JyHso5oc/OEzJhUL8ujO/vYm9uLb7YahPtA==
  dependencies:
    "@abp/core" "~8.3.0"
    malihu-custom-scrollbar-plugin "^3.1.5"

"@abp/moment@~8.3.0":
  version "8.3.0"
  resolved "https://registry.yarnpkg.com/@abp/moment/-/moment-8.3.0.tgz#8e4f7a523ab76ef9e4cd96a399560bad38d38d1a"
  integrity sha512-LywSsKuQ2GN/Btmle6CcTKa811zbvUWdC+RLQA792K9HyBs6LvN0qRRluEQZgplairRgh2pDOg8tdFlUERkv2w==
  dependencies:
    moment "^2.30.1"

"@abp/select2@~8.3.0":
  version "8.3.0"
  resolved "https://registry.yarnpkg.com/@abp/select2/-/select2-8.3.0.tgz#ef4742fcd345394767f46180f61c6cabbd0b3867"
  integrity sha512-bdLt2+ImxxpiZl4HGbYJpdDROQUT7/Z/+8A+6oJNacq3lNekdvufLYgTMxKru6zTbnd9j3HFKMOTE1eRjb9Xqg==
  dependencies:
    "@abp/core" "~8.3.0"
    select2 "^4.0.13"

"@abp/sweetalert2@~8.3.0":
  version "8.3.0"
  resolved "https://registry.yarnpkg.com/@abp/sweetalert2/-/sweetalert2-8.3.0.tgz#a63020d57e44f7940817287d3d9676288bfb85aa"
  integrity sha512-ooqPM4Z2v2scnMo5l8ycTmp6t/sW4sCsvIkJ4TyM876WLQJaZxJdOao4RQWuU+dVFr9zg8cOwqLH4q7UEiO6ww==
  dependencies:
    "@abp/core" "~8.3.0"
    sweetalert2 "^11.3.6"

"@abp/timeago@~8.3.0":
  version "8.3.0"
  resolved "https://registry.yarnpkg.com/@abp/timeago/-/timeago-8.3.0.tgz#b3b8d6927bf170f77af848bc1925e5ef6835bd55"
  integrity sha512-Dd6xaUoF9Bp4F9WJnTsFBqY+Gt++UR7UmLvBZL/dvthkeNCu2I8MUsmshkUUjY0lIXpjZwefUOuyupQrgHXPMg==
  dependencies:
    "@abp/jquery" "~8.3.0"
    timeago "^1.6.7"

"@abp/toastr@~8.3.0":
  version "8.3.0"
  resolved "https://registry.yarnpkg.com/@abp/toastr/-/toastr-8.3.0.tgz#e68a2bd8f731e79034594bc2c736f7c66b3df1af"
  integrity sha512-aWK/RaX/FmcEKhJLjsw1A0K2c04m2fRJkmo9NwzBCSscy6Msw9IMkqNWLiFDThMU8/qKzq7wq3Vmk/C0IpeAwA==
  dependencies:
    "@abp/jquery" "~8.3.0"
    toastr "^2.1.4"

"@abp/utils@~8.3.0":
  version "8.3.0"
  resolved "https://registry.yarnpkg.com/@abp/utils/-/utils-8.3.0.tgz#96ae9266ad4d833fd9d723acef7fc85fabf618d9"
  integrity sha512-w/XAqza4Z8wBWRoj5uPNKbd1/bE9L/uUWk6EUSBKmljMRryWQBmaPkb1XgvrOMQIbyyF60tUvvipapQLPVh6hw==
  dependencies:
    just-compare "^2.3.0"

"@babel/runtime@^7.12.1":
  version "7.21.5"
  resolved "https://registry.yarnpkg.com/@babel/runtime/-/runtime-7.21.5.tgz#8492dddda9644ae3bda3b45eabe87382caee7200"
  integrity sha512-8jI69toZqqcsnqGGqwGS4Qb1VwLOEp4hz+CXPywcvjs60u3B4Pom/U/7rm4W8tMOYEB+E9wgD0mW1l3r8qlI9Q==
  dependencies:
    regenerator-runtime "^0.13.11"

"@devexpress/utils@1.3.16":
  version "1.3.16"
  resolved "https://registry.yarnpkg.com/@devexpress/utils/-/utils-1.3.16.tgz#e7b6e18380b7fa9cec57aa9c80621bf3da1e93dc"
  integrity sha512-4Az8FUtvesew89j6N7zmDGfZQyHicvSwVoPZMmxRPvz2u4UiLpI/LDD0zuzLYWsLa8pr+SsJ3JRIKmhlcDAsgA==
  dependencies:
    tslib "2.0.1"

"@devexpress/utils@1.4.1":
  version "1.4.1"
  resolved "https://registry.yarnpkg.com/@devexpress/utils/-/utils-1.4.1.tgz#71ad847ae3b95f57276e7fe6d879bde84dc7de66"
  integrity sha512-wXixOorFlYsUiLOjAxb9UnTtvMXxYdsEmApKrbDmRk9M76V8evOQR2ChUzNtfPloy7fZecL8UWq/sF+3ZCPzQQ==
  dependencies:
    tslib "2.3.1"

"@devextreme/runtime@3.0.11":
  version "3.0.11"
  resolved "https://registry.yarnpkg.com/@devextreme/runtime/-/runtime-3.0.11.tgz#fc5829851b4b454ef5d770147d52d3a8a787deb7"
  integrity sha512-j17t+7Uv2iji9YKSzoArw8TyYCjRBWKFRjUyQrog77Z9CVUsQnv2kI7MVNHKjmQgD/aTnHvb57dYq9UL6HesLw==
  dependencies:
    inferno "^7.4.6"
    inferno-create-element "^7.4.6"
    inferno-hydrate "^7.4.6"

"@fortawesome/fontawesome-free@^6.5.2":
  version "6.6.0"
  resolved "https://registry.yarnpkg.com/@fortawesome/fontawesome-free/-/fontawesome-free-6.6.0.tgz#0e984f0f2344ee513c185d87d77defac4c0c8224"
  integrity sha512-60G28ke/sXdtS9KZCpZSHHkCbdsOGEhIUGlwq6yhY74UpTiToIh8np7A8yphhM4BWsvNFtIvLpi4co+h9Mr9Ow==

ansi-colors@^4.1.3:
  version "4.1.3"
  resolved "https://registry.yarnpkg.com/ansi-colors/-/ansi-colors-4.1.3.tgz#37611340eb2243e70cc604cad35d63270d48781b"
  integrity sha512-/6w/C21Pm1A7aZitlI5Ni/2J6FFQN8i1Cvz3kHABAAbw93v/NlvKdVOqz7CCWz/3iv/JplRSEEZ83XION15ovw==

ansi-regex@^5.0.1:
  version "5.0.1"
  resolved "https://registry.yarnpkg.com/ansi-regex/-/ansi-regex-5.0.1.tgz#082cb2c89c9fe8659a311a53bd6a4dc5301db304"
  integrity sha512-quJQXlTSUGL2LH9SUXo8VwsY4soanhgo6LNSm84E1LBcE8s3O0wpdiRzyR9z/ZZJMlMWv37qOOb9pdJlMUEKFQ==

ansi-styles@^4.0.0:
  version "4.3.0"
  resolved "https://registry.yarnpkg.com/ansi-styles/-/ansi-styles-4.3.0.tgz#edd803628ae71c04c85ae7a0906edad34b648937"
  integrity sha512-zbB9rCJAT1rbjiVDb2hqKFHNYLxgtk8NURxZ3IZwD3F6NtxbXZQCnnSi1Lkx+IDohdPlFp222wVALIheZJQSEg==
  dependencies:
    color-convert "^2.0.1"

bootstrap-datepicker@^1.10.0:
  version "1.10.0"
  resolved "https://registry.yarnpkg.com/bootstrap-datepicker/-/bootstrap-datepicker-1.10.0.tgz#61612bbe8bf0a69a5bce32bbcdda93ebb6ccf24a"
  integrity sha512-lWxtSYddAQOpbAO8UhYhHLcK6425eWoSjb5JDvZU3ePHEPF6A3eUr51WKaFy4PccU19JRxUG6wEU3KdhtKfvpg==
  dependencies:
    jquery ">=3.4.0 <4.0.0"

bootstrap-daterangepicker@^3.1.0:
  version "3.1.0"
  resolved "https://registry.yarnpkg.com/bootstrap-daterangepicker/-/bootstrap-daterangepicker-3.1.0.tgz#632e6fb2de4b6360c5c0a9d5f6adb9aace051fe8"
  integrity sha512-oaQZx6ZBDo/dZNyXGVi2rx5GmFXThyQLAxdtIqjtLlYVaQUfQALl5JZMJJZzyDIX7blfy4ppZPAJ10g8Ma4d/g==
  dependencies:
    jquery ">=1.10"
    moment "^2.9.0"

bootstrap@^5.3.3:
  version "5.3.3"
  resolved "https://registry.yarnpkg.com/bootstrap/-/bootstrap-5.3.3.tgz#de35e1a765c897ac940021900fcbb831602bac38"
  integrity sha512-8HLCdWgyoMguSO9o+aH+iuZ+aht+mzW0u3HIMzVu7Srrpv7EBBxTnrFlSCskwdY1+EOFQSm7uMJhNQHkdPcmjg==

cliui@^8.0.1:
  version "8.0.1"
  resolved "https://registry.yarnpkg.com/cliui/-/cliui-8.0.1.tgz#0c04b075db02cbfe60dc8e6cf2f5486b1a3608aa"
  integrity sha512-BSeNnyus75C4//NQ9gQt1/csTXyo/8Sb+afLAkzAptFuMsod9HFokGNudZpi/oQV73hnVK+sR+5PVRMd+Dr7YQ==
  dependencies:
    string-width "^4.2.0"
    strip-ansi "^6.0.1"
    wrap-ansi "^7.0.0"

color-convert@^2.0.1:
  version "2.0.1"
  resolved "https://registry.yarnpkg.com/color-convert/-/color-convert-2.0.1.tgz#72d3a68d598c9bdb3af2ad1e84f21d896abd4de3"
  integrity sha512-RRECPsj7iu/xb5oKYcsFHSppFNnsj/52OVTRKb4zP5onXwVF3zVmmToNcOfGC+CRDpfK/U584fMg38ZHCaElKQ==
  dependencies:
    color-name "~1.1.4"

color-name@~1.1.4:
  version "1.1.4"
  resolved "https://registry.yarnpkg.com/color-name/-/color-name-1.1.4.tgz#c2a09a87acbde69543de6f63fa3995c826c536a2"
  integrity sha512-dOy+3AuW3a2wNbZHIuMZpTcgjGuLU/uBL/ubcZF9OXbDo8ff4O8yVp5Bf0efS8uEoYo5q4Fx7dY9OgQGXgAsQA==

core-js@^3.19.1:
  version "3.30.2"
  resolved "https://registry.yarnpkg.com/core-js/-/core-js-3.30.2.tgz#6528abfda65e5ad728143ea23f7a14f0dcf503fc"
  integrity sha512-uBJiDmwqsbJCWHAwjrx3cvjbMXP7xD72Dmsn5LOJpiRmE3WbBbN5rCqQ2Qh6Ek6/eOrjlWngEynBWo4VxerQhg==

core-util-is@~1.0.0:
  version "1.0.2"
  resolved "https://registry.yarnpkg.com/core-util-is/-/core-util-is-1.0.2.tgz#b5fd54220aa2bc5ab57aab7140c940754503c1a7"

datatables.net-bs5@^2.0.8:
  version "2.1.6"
  resolved "https://registry.yarnpkg.com/datatables.net-bs5/-/datatables.net-bs5-2.1.6.tgz#863c75472981d2cfad66f3cfd24e3c7da46986d6"
  integrity sha512-GLp98kE2lJI6cBgLaCA1he+KhD3pcVJLK4QU8oD3Zb8uHAduX0BA2JPndFZqXJs4CS0L16fel8Xs3+0wGzFxSg==
  dependencies:
    datatables.net "2.1.6"
    jquery ">=1.7"

datatables.net@2.1.6, datatables.net@^2.0.8:
  version "2.1.6"
  resolved "https://registry.yarnpkg.com/datatables.net/-/datatables.net-2.1.6.tgz#563a7fb2ae206a60a83ec0aba011ce7e75a65d1f"
  integrity sha512-ziX0Wz91oDJ4o7gQNuGxQiVK91OUu/bRcXyxa6EZtDwLObmaGKpkCNS59QpzrGtIytQIVFtLfF1EDdYid5RVog==
  dependencies:
    jquery ">=1.7"

devexpress-diagram@2.1.72:
  version "2.1.72"
  resolved "https://registry.yarnpkg.com/devexpress-diagram/-/devexpress-diagram-2.1.72.tgz#3aa5de7557fbec79611efcef29e1d0a2fbe18d85"
  integrity sha512-joK87V4+Olt1PIhdaRhNOmpyT+HSLLNFoDsBvbkSx8leEiyHcjDhtF8mQMVu1zkqwjv62JwnjL1Yqh0LQo1ZLg==
  dependencies:
    "@devexpress/utils" "1.3.16"
    es6-object-assign "^1.1.0"

devexpress-gantt@4.1.43:
  version "4.1.43"
  resolved "https://registry.yarnpkg.com/devexpress-gantt/-/devexpress-gantt-4.1.43.tgz#02c77b18144187196c3179ed28d7bd695969d1ec"
  integrity sha512-pBPwUUzxOmCIM6AvbVWOGf63adsphDX2mqGxesFoScsaKANS/lS3tT7tXXOfqXDXjGFNpicimL1rEoZKvijqgA==
  dependencies:
    "@devexpress/utils" "1.4.1"
    tslib "2.3.1"

devextreme-aspnet-data@^2.9.0:
  version "2.9.2"
  resolved "https://registry.yarnpkg.com/devextreme-aspnet-data/-/devextreme-aspnet-data-2.9.2.tgz#e537770698a91b8f508f9b71a07d8f1227f656a1"
  integrity sha512-WEYPh5Qxs+yZ3kcRs/I785nXFIPXUkrAG+Ab4+8qyc8iLu/kQfW8INvk3UtssTbD9cbl53obUa95v/q4IKG31w==

devextreme-quill@1.5.20:
  version "1.5.20"
  resolved "https://registry.yarnpkg.com/devextreme-quill/-/devextreme-quill-1.5.20.tgz#6537b7be621fe7222e051fff79c9197a0f3f97a9"
  integrity sha512-1za3UXfXV5diQjVyOwJQv1rGI05ZItZKsg0L45os8FU4/QW8QDr7NArQbzkGSbvAcea/frMEbH4X/VRzAvyagw==
  dependencies:
    core-js "^3.19.1"
    eventemitter3 "^4.0.0"
    lodash.clonedeep "^4.5.0"
    lodash.isequal "^4.5.0"
    lodash.merge "^4.5.0"
    parchment "2.0.0-dev.2"
    quill-delta "4.2.2"

devextreme-showdown@^1.0.1:
  version "1.0.1"
  resolved "https://registry.yarnpkg.com/devextreme-showdown/-/devextreme-showdown-1.0.1.tgz#210485fc37334bcef5da7fb665513fc6de599dbe"
  integrity sha512-63zsdU3iGDp0E9TibxGwZPlS+l07/VvD/mlgZY30fEqz6J2kCsYCqyNKbhlgIvuz+yMtWcUXVYVOMpA2YBTgEg==
  dependencies:
    yargs "^17.2.1"

devextreme@^22.2.3:
  version "22.2.6"
  resolved "https://registry.yarnpkg.com/devextreme/-/devextreme-22.2.6.tgz#e983b1137c7975bf207740c900b5f6072487abb0"
  integrity sha512-4MR3ws2atJJt/464pGWA4lGISzgH3vYlCUDvt0chT6S1uUIzz9joEY8WErscf4WleCa9r6tSSWfguELE/2d7sQ==
  dependencies:
    "@babel/runtime" "^7.12.1"
    "@devextreme/runtime" "3.0.11"
    devexpress-diagram "2.1.72"
    devexpress-gantt "4.1.43"
    devextreme-quill "1.5.20"
    devextreme-showdown "^1.0.1"
    inferno "^7.4.9"
    inferno-hydrate "^7.4.9"
    jszip "^3.7.1"
    rrule "^2.7.1"
    turndown "~7.1.0"

domino@^2.1.6:
  version "2.1.6"
  resolved "https://registry.yarnpkg.com/domino/-/domino-2.1.6.tgz#fe4ace4310526e5e7b9d12c7de01b7f485a57ffe"
  integrity sha512-3VdM/SXBZX2omc9JF9nOPCtDaYQ67BGp5CoLpIQlO2KCAPETs8TcDHacF26jXadGbvUteZzRTeos2fhID5+ucQ==

emoji-regex@^8.0.0:
  version "8.0.0"
  resolved "https://registry.yarnpkg.com/emoji-regex/-/emoji-regex-8.0.0.tgz#e818fd69ce5ccfcb404594f842963bf53164cc37"
  integrity sha512-MSjYzcWNOA0ewAHpz0MxpYFvwg6yjy1NG3xteoqz644VCo/RPgnr1/GGt+ic3iJTzQ8Eu3TdM14SawnVUmGE6A==

es6-object-assign@^1.1.0:
  version "1.1.0"
  resolved "https://registry.yarnpkg.com/es6-object-assign/-/es6-object-assign-1.1.0.tgz#c2c3582656247c39ea107cb1e6652b6f9f24523c"
  integrity sha512-MEl9uirslVwqQU369iHNWZXsI8yaZYGg/D65aOgZkeyFJwHYSxilf7rQzXKI7DdDuBPrBXbfk3sl9hJhmd5AUw==

escalade@^3.1.1:
  version "3.1.1"
  resolved "https://registry.yarnpkg.com/escalade/-/escalade-3.1.1.tgz#d8cfdc7000965c5a0174b4a82eaa5c0552742e40"
  integrity sha512-k0er2gUkLf8O0zKJiAhmkTnJlTvINGv7ygDNPbeIsX/TJjGJZHuh9B2UxbsaEkmlEo9MfhrSzmhIlhRlI2GXnw==

eventemitter3@^4.0.0:
  version "4.0.7"
  resolved "https://registry.yarnpkg.com/eventemitter3/-/eventemitter3-4.0.7.tgz#2de9b68f6528d5644ef5c59526a1b4a07306169f"
  integrity sha512-8guHBZCwKnFhYdHr2ysuRWErTwhoN2X8XELRlrRwpmfeY2jjuUN4taQMsULKUVo1K4DvZl+0pgfyoysHxvmvEw==

fast-diff@1.2.0:
  version "1.2.0"
  resolved "https://registry.yarnpkg.com/fast-diff/-/fast-diff-1.2.0.tgz#73ee11982d86caaf7959828d519cfe927fac5f03"
  integrity sha512-xJuoT5+L99XlZ8twedaRf6Ax2TgQVxvgZOYoPKqZufmJib0tL2tegPBOZb1pVNgIhlqDlA0eO0c3wBvQcmzx4w==

get-caller-file@^2.0.5:
  version "2.0.5"
  resolved "https://registry.yarnpkg.com/get-caller-file/-/get-caller-file-2.0.5.tgz#4f94412a82db32f36e3b0b9741f8a97feb031f7e"
  integrity sha512-DyFP3BM/3YHTQOCUL/w0OZHR0lpKeGrxotcHWcqNEdnltqFwXVfhEBQ94eIo34AfQpo0rGki4cyIiftY06h2Fg==

immediate@~3.0.5:
  version "3.0.6"
  resolved "https://registry.yarnpkg.com/immediate/-/immediate-3.0.6.tgz#9db1dbd0faf8de6fbe0f5dd5e56bb606280de69b"
  integrity sha1-nbHb0Pr43m++D13V5Wu2BigN5ps=

inferno-create-element@^7.4.6:
  version "7.4.11"
  resolved "https://registry.yarnpkg.com/inferno-create-element/-/inferno-create-element-7.4.11.tgz#1690b3ad28b61be93765b11b409dc9a9a35bf63a"
  integrity sha512-kE6XIx2hPAd5qpDli2iGjNXgubvuyxdLvoiW71WnSzIIxA+Uxa/s8lY8m03VyHHVypFV3n329ZY5dFvKc7UQMg==
  dependencies:
    inferno "7.4.11"

inferno-hydrate@^7.4.6, inferno-hydrate@^7.4.9:
  version "7.4.11"
  resolved "https://registry.yarnpkg.com/inferno-hydrate/-/inferno-hydrate-7.4.11.tgz#275027585268055f7d741c21978d7b5065169a3a"
  integrity sha512-hF9Ke4GHAkj8GQrMXBZPfsUqhq6WjkoDCAfXhPBuF1Wiceqyy8KerOOXEnuocHky77fuEXq0AzVnQcC064Bkfw==
  dependencies:
    inferno "7.4.11"

inferno-shared@7.4.11:
  version "7.4.11"
  resolved "https://registry.yarnpkg.com/inferno-shared/-/inferno-shared-7.4.11.tgz#6e06e0668c4dad5f8b1fd4c688e1072faa6f1e87"
  integrity sha512-pN725bDSTxkQmRS3e/3H02/xAqgHl+xgddCMjPm8M0etRdRcVCisi3NGPhzSbDDmiftrxhY31exs7+dwsngcDA==

inferno-vnode-flags@7.4.11:
  version "7.4.11"
  resolved "https://registry.yarnpkg.com/inferno-vnode-flags/-/inferno-vnode-flags-7.4.11.tgz#642a835a8dde514f244296b27c176a2b8704fbac"
  integrity sha512-L7lslEQCq3IfwgT/b9zhuMf8fv6KXCNXXHZevk/WYxnqJsOWGDcKpJn0zkzXfvmj0otbB149iLUQVBq3oe2sfA==

inferno@7.4.11, inferno@^7.4.6, inferno@^7.4.9:
  version "7.4.11"
  resolved "https://registry.yarnpkg.com/inferno/-/inferno-7.4.11.tgz#fcee308cf0e4a2f6066d96da74e3b425583bfc66"
  integrity sha512-N+cs33ESWI8fdToCd98yMRYl7jkLnCkJskxov3FKKlaKOvk3PRlAttbhmUaYdWXlRvt2WeXi+J4MbzNj3V6G0w==
  dependencies:
    inferno-shared "7.4.11"
    inferno-vnode-flags "7.4.11"
    opencollective-postinstall "^2.0.3"

inherits@~2.0.3:
  version "2.0.3"
  resolved "https://registry.yarnpkg.com/inherits/-/inherits-2.0.3.tgz#633c2c83e3da42a502f52466022480f4208261de"

is-fullwidth-code-point@^3.0.0:
  version "3.0.0"
  resolved "https://registry.yarnpkg.com/is-fullwidth-code-point/-/is-fullwidth-code-point-3.0.0.tgz#f116f8064fe90b3f7844a38997c0b75051269f1d"
  integrity sha512-zymm5+u+sCsSWyD9qNaejV3DFvhCKclKdizYaJUuHA83RLjb7nSuGnddCHGv0hk+KY7BMAlsWeK4Ueg6EV6XQg==

isarray@~1.0.0:
  version "1.0.0"
  resolved "https://registry.yarnpkg.com/isarray/-/isarray-1.0.0.tgz#bb935d48582cba168c06834957a54a3e07124f11"

jquery-form@^4.3.0:
  version "4.3.0"
  resolved "https://registry.yarnpkg.com/jquery-form/-/jquery-form-4.3.0.tgz#7d3961c314a1f2d15298f4af1d3943f54f4149c6"
  integrity sha512-q3uaVCEWdLOYUCI6dpNdwf/7cJFOsUgdpq6r0taxtGQ5NJSkOzofyWm4jpOuJ5YxdmL1FI5QR+q+HB63HHLGnQ==
  dependencies:
    jquery ">=1.7.2"

jquery-mousewheel@>=3.0.6:
  version "3.1.13"
  resolved "https://registry.yarnpkg.com/jquery-mousewheel/-/jquery-mousewheel-3.1.13.tgz#06f0335f16e353a695e7206bf50503cb523a6ee5"

jquery-validation-unobtrusive@^4.0.0:
  version "4.0.0"
  resolved "https://registry.yarnpkg.com/jquery-validation-unobtrusive/-/jquery-validation-unobtrusive-4.0.0.tgz#dfcf25a558496a2c883db6021d10f5398d15f99d"
  integrity sha512-1ervYFFv6LX/rp7ktuLnMakHNG0piNRDyROI8Ir3hL1vPIwylAehB1AY3BPrYJnzW3WmwWryZq+Bz4sazZK9iQ==
  dependencies:
    jquery "^3.6.0"
    jquery-validation ">=1.19"

jquery-validation@>=1.19, jquery-validation@^1.20.1:
  version "1.21.0"
  resolved "https://registry.yarnpkg.com/jquery-validation/-/jquery-validation-1.21.0.tgz#78fc05ab76020912a246af3661b3f54a438bca93"
  integrity sha512-xNot0rlUIgu7duMcQ5qb6MGkGL/Z1PQaRJQoZAURW9+a/2PGOUxY36o/WyNeP2T9R6jvWB8Z9lUVvvQWI/Zs5w==

jquery@>=1.10:
  version "3.6.3"
  resolved "https://registry.yarnpkg.com/jquery/-/jquery-3.6.3.tgz#23ed2ffed8a19e048814f13391a19afcdba160e6"
  integrity sha512-bZ5Sy3YzKo9Fyc8wH2iIQK4JImJ6R0GWI9kL1/k7Z91ZBNgkRXE6U0JfHIizZbort8ZunhSI3jw9I6253ahKfg==

jquery@>=1.12.0, jquery@>=1.7, jquery@>=1.7.2:
  version "3.3.1"
  resolved "https://registry.yarnpkg.com/jquery/-/jquery-3.3.1.tgz#958ce29e81c9790f31be7792df5d4d95fc57fbca"

"jquery@>=1.5.0 <4.0":
  version "3.4.1"
  resolved "https://registry.yarnpkg.com/jquery/-/jquery-3.4.1.tgz#714f1f8d9dde4bdfa55764ba37ef214630d80ef2"
  integrity sha512-36+AdBzCL+y6qjw5Tx7HgzeGCzC81MDDgaUP8ld2zhx58HdqXGoBd+tHdrBMiyjGQs0Hxs/MLZTu/eHNJJuWPw==

"jquery@>=3.4.0 <4.0.0", jquery@^3.6.0, jquery@~3.7.1:
  version "3.7.1"
  resolved "https://registry.yarnpkg.com/jquery/-/jquery-3.7.1.tgz#083ef98927c9a6a74d05a6af02806566d16274de"
  integrity sha512-m4avr8yL8kmFN8psrbFFFmB/If14iN5o9nw/NgnnM+kybDJpRsAynV2BsfpTYrTRysYUdADVD7CkUUizgkpLfg==

jszip@^3.7.1:
  version "3.10.1"
  resolved "https://registry.yarnpkg.com/jszip/-/jszip-3.10.1.tgz#34aee70eb18ea1faec2f589208a157d1feb091c2"
  integrity sha512-xXDvecyTpGLrqFrvkrUSoxxfJI5AH7U8zxxtVclpsUtMCq4JQ290LY8AW5c7Ggnr/Y/oK+bQMbqK2qmtk3pN4g==
  dependencies:
    lie "~3.3.0"
    pako "~1.0.2"
    readable-stream "~2.3.6"
    setimmediate "^1.0.5"

just-compare@^2.3.0:
  version "2.3.0"
  resolved "https://registry.yarnpkg.com/just-compare/-/just-compare-2.3.0.tgz#a2adcc1d1940536263275f5a1ef1298bcacfeda7"
  integrity sha512-6shoR7HDT+fzfL3gBahx1jZG3hWLrhPAf+l7nCwahDdT9XDtosB9kIF0ZrzUp5QY8dJWfQVr5rnsPqsbvflDzg==

lie@~3.3.0:
  version "3.3.0"
  resolved "https://registry.yarnpkg.com/lie/-/lie-3.3.0.tgz#dcf82dee545f46074daf200c7c1c5a08e0f40f6a"
  integrity sha512-UaiMJzeWRlEujzAuw5LokY1L5ecNQYZKfmyZ9L7wDHb/p5etKaxXhohBcrw0EYby+G/NA52vRSN4N39dxHAIwQ==
  dependencies:
    immediate "~3.0.5"

lodash.clonedeep@^4.5.0:
  version "4.5.0"
  resolved "https://registry.yarnpkg.com/lodash.clonedeep/-/lodash.clonedeep-4.5.0.tgz#e23f3f9c4f8fbdde872529c1071857a086e5ccef"
  integrity sha512-H5ZhCF25riFd9uB5UCkVKo61m3S/xZk1x4wA6yp/L3RFP6Z/eHH1ymQcGLo7J3GMPfm0V/7m1tryHuGVxpqEBQ==

lodash.isequal@^4.5.0:
  version "4.5.0"
  resolved "https://registry.yarnpkg.com/lodash.isequal/-/lodash.isequal-4.5.0.tgz#415c4478f2bcc30120c22ce10ed3226f7d3e18e0"
  integrity sha512-pDo3lu8Jhfjqls6GkMgpahsF9kCyayhgykjyLMNFTKWrpVdAQtYyB4muAMWozBB4ig/dtWAmsMxLEI8wuz+DYQ==

lodash.merge@^4.5.0:
  version "4.6.2"
  resolved "https://registry.yarnpkg.com/lodash.merge/-/lodash.merge-4.6.2.tgz#558aa53b43b661e1925a0afdfa36a9a1085fe57a"
  integrity sha512-0KpjqXRVvrYyCsX1swR/XTK0va6VQkQM6MNo7PqW77ByjAhoARA8EfrP1N4+KlKj8YS0ZUCtRT/YUuhyYDujIQ==

lodash@^4.17.21:
  version "4.17.21"
  resolved "https://registry.yarnpkg.com/lodash/-/lodash-4.17.21.tgz#679591c564c3bffaae8454cf0b3df370c3d6911c"
  integrity sha512-v2kDEe57lecTulaDIuNTPy3Ry4gLGJ6Z1O3vE1krgXZNrsQ+LFTGHVxVjcXPs17LhbZVGedAJv8XZ1tvj5FvSg==

luxon@^3.4.4:
  version "3.5.0"
  resolved "https://registry.yarnpkg.com/luxon/-/luxon-3.5.0.tgz#6b6f65c5cd1d61d1fd19dbf07ee87a50bf4b8e20"
  integrity sha512-rh+Zjr6DNfUYR3bPwJEnuwDdqMbxZW7LOQfUN4B54+Cl+0o5zaU9RJ6bcidfDtC1cWCZXQ+nvX8bf6bAji37QQ==

malihu-custom-scrollbar-plugin@^3.1.5:
  version "3.1.5"
  resolved "https://registry.yarnpkg.com/malihu-custom-scrollbar-plugin/-/malihu-custom-scrollbar-plugin-3.1.5.tgz#310cecc5e59415a1c29e9dfb5d2b6e01d66a29ef"
  integrity sha1-MQzsxeWUFaHCnp37XStuAdZqKe8=
  dependencies:
    jquery-mousewheel ">=3.0.6"

moment@^2.30.1:
  version "2.30.1"
  resolved "https://registry.yarnpkg.com/moment/-/moment-2.30.1.tgz#f8c91c07b7a786e30c59926df530b4eac96974ae"
  integrity sha512-uEmtNhbDOrWPFS+hdjFCBfy9f2YoyzRpwcl+DqpC6taX21FzsTLQVbMV/W7PzNSX6x/bhC1zA3c2UQ5NzH6how==

moment@^2.9.0:
  version "2.29.4"
  resolved "https://registry.yarnpkg.com/moment/-/moment-2.29.4.tgz#3dbe052889fe7c1b2ed966fcb3a77328964ef108"
  integrity sha512-5LC9SOxjSc2HF6vO2CyuTDNivEdoz2IvyJJGj6X8DJ0eFyfszE0QiEd+iXmBvUP3WHxSjFH/vIsA0EN00cgr8w==

opencollective-postinstall@^2.0.3:
  version "2.0.3"
  resolved "https://registry.yarnpkg.com/opencollective-postinstall/-/opencollective-postinstall-2.0.3.tgz#7a0fff978f6dbfa4d006238fbac98ed4198c3259"
  integrity sha512-8AV/sCtuzUeTo8gQK5qDZzARrulB3egtLzFgteqB2tcT4Mw7B8Kt7JcDHmltjz6FOAHsvTevk70gZEbhM4ZS9Q==

pako@~1.0.2:
  version "1.0.11"
  resolved "https://registry.yarnpkg.com/pako/-/pako-1.0.11.tgz#6c9599d340d54dfd3946380252a35705a6b992bf"
  integrity sha512-4hLB8Py4zZce5s4yd9XzopqwVv/yGNhV1Bl8NTmCq1763HeK2+EwVTv+leGeL13Dnh2wfbqowVPXCIO0z4taYw==

parchment@2.0.0-dev.2:
  version "2.0.0-dev.2"
  resolved "https://registry.yarnpkg.com/parchment/-/parchment-2.0.0-dev.2.tgz#9d6fe57b3721317bd1c481ea38ffa9b287d496b8"
  integrity sha512-4fgRny4pPISoML08Zp7poi52Dff3E2G1ORTi2D/acJ/RiROdDAMDB6VcQNfBcmehrX5Wixp6dxh6JjLyE5yUNQ==

process-nextick-args@~2.0.0:
  version "2.0.0"
  resolved "https://registry.yarnpkg.com/process-nextick-args/-/process-nextick-args-2.0.0.tgz#a37d732f4271b4ab1ad070d35508e8290788ffaa"

quill-delta@4.2.2:
  version "4.2.2"
  resolved "https://registry.yarnpkg.com/quill-delta/-/quill-delta-4.2.2.tgz#015397d046e0a3bed087cd8a51f98c11a1b8f351"
  integrity sha512-qjbn82b/yJzOjstBgkhtBjN2TNK+ZHP/BgUQO+j6bRhWQQdmj2lH6hXG7+nwwLF41Xgn//7/83lxs9n2BkTtTg==
  dependencies:
    fast-diff "1.2.0"
    lodash.clonedeep "^4.5.0"
    lodash.isequal "^4.5.0"

readable-stream@~2.3.6:
  version "2.3.6"
  resolved "https://registry.yarnpkg.com/readable-stream/-/readable-stream-2.3.6.tgz#b11c27d88b8ff1fbe070643cf94b0c79ae1b0aaf"
  dependencies:
    core-util-is "~1.0.0"
    inherits "~2.0.3"
    isarray "~1.0.0"
    process-nextick-args "~2.0.0"
    safe-buffer "~5.1.1"
    string_decoder "~1.1.1"
    util-deprecate "~1.0.1"

regenerator-runtime@^0.13.11:
  version "0.13.11"
  resolved "https://registry.yarnpkg.com/regenerator-runtime/-/regenerator-runtime-0.13.11.tgz#f6dca3e7ceec20590d07ada785636a90cdca17f9"
  integrity sha512-kY1AZVr2Ra+t+piVaJ4gxaFaReZVH40AKNo7UCX6W+dEwBo/2oZJzqfuN1qLq1oL45o56cPaTXELwrTh8Fpggg==

require-directory@^2.1.1:
  version "2.1.1"
  resolved "https://registry.yarnpkg.com/require-directory/-/require-directory-2.1.1.tgz#8c64ad5fd30dab1c976e2344ffe7f792a6a6df42"
  integrity sha1-jGStX9MNqxyXbiNE/+f3kqam30I=

rrule@^2.7.1:
  version "2.7.2"
  resolved "https://registry.yarnpkg.com/rrule/-/rrule-2.7.2.tgz#cb899cb21bbe6c71b587107956604173b69f9143"
  integrity sha512-NkBsEEB6FIZOZ3T8frvEBOB243dm46SPufpDckY/Ap/YH24V1zLeMmDY8OA10lk452NdrF621+ynDThE7FQU2A==
  dependencies:
    tslib "^2.4.0"

safe-buffer@~5.1.0, safe-buffer@~5.1.1:
  version "5.1.1"
  resolved "https://registry.yarnpkg.com/safe-buffer/-/safe-buffer-5.1.1.tgz#893312af69b2123def71f57889001671eeb2c853"

select2@^4.0.13:
  version "4.0.13"
  resolved "https://registry.yarnpkg.com/select2/-/select2-4.0.13.tgz#0dbe377df3f96167c4c1626033e924372d8ef44d"
  integrity sha512-1JeB87s6oN/TDxQQYCvS5EFoQyvV6eYMZZ0AeA4tdFDYWN3BAGZ8npr17UBFddU0lgAt3H0yjX3X6/ekOj1yjw==

setimmediate@^1.0.5:
  version "1.0.5"
  resolved "https://registry.yarnpkg.com/setimmediate/-/setimmediate-1.0.5.tgz#290cbb232e306942d7d7ea9b83732ab7856f8285"
  integrity sha512-MATJdZp8sLqDl/68LfQmbP8zKPLQNV6BIZoIgrscFDQ+RsvK/BxeDQOgyxKKoh0y/8h3BqVFnCqQ/gd+reiIXA==

string-width@^4.1.0, string-width@^4.2.0, string-width@^4.2.3:
  version "4.2.3"
  resolved "https://registry.yarnpkg.com/string-width/-/string-width-4.2.3.tgz#269c7117d27b05ad2e536830a8ec895ef9c6d010"
  integrity sha512-wKyQRQpjJ0sIp62ErSZdGsjMJWsap5oRNihHhu6G7JVO/9jIB6UyevL+tXuOqrng8j/cxKTWyWUwvSTriiZz/g==
  dependencies:
    emoji-regex "^8.0.0"
    is-fullwidth-code-point "^3.0.0"
    strip-ansi "^6.0.1"

string_decoder@~1.1.1:
  version "1.1.1"
  resolved "https://registry.yarnpkg.com/string_decoder/-/string_decoder-1.1.1.tgz#9cf1611ba62685d7030ae9e4ba34149c3af03fc8"
  dependencies:
    safe-buffer "~5.1.0"

strip-ansi@^6.0.0, strip-ansi@^6.0.1:
  version "6.0.1"
  resolved "https://registry.yarnpkg.com/strip-ansi/-/strip-ansi-6.0.1.tgz#9e26c63d30f53443e9489495b2105d37b67a85d9"
  integrity sha512-Y38VPSHcqkFrCpFnQ9vuSXmquuv5oXOKpGeT6aGrr3o3Gc9AlVa6JBfUSOCnbxGGZF+/0ooI7KrPuUSztUdU5A==
  dependencies:
    ansi-regex "^5.0.1"

sweetalert2@^11.3.6:
  version "11.4.17"
  resolved "https://registry.yarnpkg.com/sweetalert2/-/sweetalert2-11.4.17.tgz#d51a67d034c97b8a9854ce0c161ee21fdd681c4a"
  integrity sha512-z0iQW5fDdvtoDNle3iHTKunsuNWgPaMifVu0GPtdguR0uVPrvg9gg9bnSQeJ4tx3C7FwJOEnRshxrs6fFItRvw==

timeago@^1.6.7:
  version "1.6.7"
  resolved "https://registry.yarnpkg.com/timeago/-/timeago-1.6.7.tgz#afd467c29a911e697fc22a81888c7c3022783cb5"
  integrity sha512-FikcjN98+ij0siKH4VO4dZ358PR3oDDq4Vdl1+sN9gWz1/+JXGr3uZbUShYH/hL7bMhcTpPbplJU5Tej4b4jbQ==
  dependencies:
    jquery ">=1.5.0 <4.0"

toastr@^2.1.4:
  version "2.1.4"
  resolved "https://registry.yarnpkg.com/toastr/-/toastr-2.1.4.tgz#8b43be64fb9d0c414871446f2db8e8ca4e95f181"
  dependencies:
    jquery ">=1.12.0"

tslib@2.0.1:
  version "2.0.1"
  resolved "https://registry.yarnpkg.com/tslib/-/tslib-2.0.1.tgz#410eb0d113e5b6356490eec749603725b021b43e"
  integrity sha512-SgIkNheinmEBgx1IUNirK0TUD4X9yjjBRTqqjggWCU3pUEqIk3/Uwl3yRixYKT6WjQuGiwDv4NomL3wqRCj+CQ==

tslib@2.3.1:
  version "2.3.1"
  resolved "https://registry.yarnpkg.com/tslib/-/tslib-2.3.1.tgz#e8a335add5ceae51aa261d32a490158ef042ef01"
  integrity sha512-77EbyPPpMz+FRFRuAFlWMtmgUWGe9UOG2Z25NqCwiIjRhOf5iKGuzSe5P2w1laq+FkRy4p+PCuVkJSGkzTEKVw==

tslib@^2.4.0:
  version "2.5.0"
  resolved "https://registry.yarnpkg.com/tslib/-/tslib-2.5.0.tgz#42bfed86f5787aeb41d031866c8f402429e0fddf"
  integrity sha512-336iVw3rtn2BUK7ORdIAHTyxHGRIHVReokCR3XjbckJMK7ms8FysBfhLR8IXnAgy7T0PTPNBWKiH514FOW/WSg==

turndown@~7.1.0:
  version "7.1.2"
  resolved "https://registry.yarnpkg.com/turndown/-/turndown-7.1.2.tgz#7feb838c78f14241e79ed92a416e0d213e044a29"
  integrity sha512-ntI9R7fcUKjqBP6QU8rBK2Ehyt8LAzt3UBT9JR9tgo6GtuKvyUzpayWmeMKJw1DPdXzktvtIT8m2mVXz+bL/Qg==
  dependencies:
    domino "^2.1.6"

util-deprecate@~1.0.1:
  version "1.0.2"
  resolved "https://registry.yarnpkg.com/util-deprecate/-/util-deprecate-1.0.2.tgz#450d4dc9fa70de732762fbd2d4a28981419a0ccf"

wrap-ansi@^7.0.0:
  version "7.0.0"
  resolved "https://registry.yarnpkg.com/wrap-ansi/-/wrap-ansi-7.0.0.tgz#67e145cff510a6a6984bdf1152911d69d2eb9e43"
  integrity sha512-YVGIj2kamLSTxw6NsZjoBxfSwsn0ycdesmc4p+Q21c5zPuZ1pl+NfxVdxPtdHvmNVOQ6XSYG4AUtyt/Fi7D16Q==
  dependencies:
    ansi-styles "^4.0.0"
    string-width "^4.1.0"
    strip-ansi "^6.0.0"

y18n@^5.0.5:
  version "5.0.8"
  resolved "https://registry.yarnpkg.com/y18n/-/y18n-5.0.8.tgz#7f4934d0f7ca8c56f95314939ddcd2dd91ce1d55"
  integrity sha512-0pfFzegeDWJHJIAmTLRP2DwHjdF5s7jo9tuztdQxAhINCdvS+3nGINqPd00AphqJR/0LhANUS6/+7SCb98YOfA==

yargs-parser@^21.1.1:
  version "21.1.1"
  resolved "https://registry.yarnpkg.com/yargs-parser/-/yargs-parser-21.1.1.tgz#9096bceebf990d21bb31fa9516e0ede294a77d35"
  integrity sha512-tVpsJW7DdjecAiFpbIB1e3qxIQsE6NoPc5/eTdrbbIC4h0LVsWhnoa3g+m2HclBIujHzsxZ4VJVA+GUuc2/LBw==

yargs@^17.2.1:
  version "17.7.2"
  resolved "https://registry.yarnpkg.com/yargs/-/yargs-17.7.2.tgz#991df39aca675a192b816e1e0363f9d75d2aa269"
  integrity sha512-7dSzzRQ++CKnNI/krKnYRV7JKKPUXMEh61soaHKg9mrWEhzFWhFnxPxGl+69cD1Ou63C13NUPCnmIcrvqCuM6w==
  dependencies:
    cliui "^8.0.1"
    escalade "^3.1.1"
    get-caller-file "^2.0.5"
    require-directory "^2.1.1"
    string-width "^4.2.3"
    y18n "^5.0.5"
    yargs-parser "^21.1.1"
