# THIS IS AN AUTOGENERATED FILE. DO NOT EDIT THIS FILE DIRECTLY.
# yarn lockfile v1


"@abp/aspnetcore.mvc.ui.theme.basic@~10.1.1":
  version "10.1.1"
  resolved "https://registry.npmjs.org/@abp/aspnetcore.mvc.ui.theme.basic/-/aspnetcore.mvc.ui.theme.basic-10.1.1.tgz#56c0ac7fb0a7a71d42c10802a798458604149a02"
  integrity sha512-hNgvKTHa6vnHR8WzIx/cwLzJEVcTXOQkTEYDJQpcBub3PcdE8Vh8fUFpUdOsVaZC7svvYJYthACojAg66k2Rpw==
  dependencies:
    "@abp/aspnetcore.mvc.ui.theme.shared" "~10.1.1"

"@abp/aspnetcore.mvc.ui.theme.shared@~10.1.1":
  version "10.1.1"
  resolved "https://registry.npmjs.org/@abp/aspnetcore.mvc.ui.theme.shared/-/aspnetcore.mvc.ui.theme.shared-10.1.1.tgz#9d5deddb86191e7d15b2268356ff9a766a76ec4b"
  integrity sha512-HxiUjn5Im8F1WLhageNC9i0Y3oKeMZEWBt6qU8ZodpNpIRm9RPVQozgdHT08/MEfLGBi7dyQfTTOfG6vVu86HA==
  dependencies:
    "@abp/aspnetcore.mvc.ui" "~10.1.1"
    "@abp/bootstrap" "~10.1.1"
    "@abp/bootstrap-datepicker" "~10.1.1"
    "@abp/bootstrap-daterangepicker" "~10.1.1"
    "@abp/datatables.net-bs5" "~10.1.1"
    "@abp/font-awesome" "~10.1.1"
    "@abp/jquery-form" "~10.1.1"
    "@abp/jquery-validation-unobtrusive" "~10.1.1"
    "@abp/lodash" "~10.1.1"
    "@abp/luxon" "~10.1.1"
    "@abp/malihu-custom-scrollbar-plugin" "~10.1.1"
    "@abp/moment" "~10.1.1"
    "@abp/select2" "~10.1.1"
    "@abp/sweetalert2" "~10.1.1"
    "@abp/timeago" "~10.1.1"

"@abp/aspnetcore.mvc.ui@~10.1.1":
  version "10.1.1"
  resolved "https://registry.npmjs.org/@abp/aspnetcore.mvc.ui/-/aspnetcore.mvc.ui-10.1.1.tgz#261e2920c028a88ebc839c3eb7f0ca9ba83be93d"
  integrity sha512-zWOFnT6oqAAeqiHVETqI+878y3JLS2U6zQae6Ou5SyAPsN6qasllpbO3uvFsATfWBsnl/c2E56J45FIM7Rt1+A==
  dependencies:
    ansi-colors "^4.1.3"

"@abp/bootstrap-datepicker@~10.1.1":
  version "10.1.1"
  resolved "https://registry.npmjs.org/@abp/bootstrap-datepicker/-/bootstrap-datepicker-10.1.1.tgz#7ce945c64de15d4596ce6b107c46ecebf365be60"
  integrity sha512-Upa+xTGanNXpB4wxYKlaWko0bDoLQ+Lby5/Bfu68DG04WXsPtOj1I/UcIm/ssBwH8IdljSs6AUQWnF+THXCjEg==
  dependencies:
    bootstrap-datepicker "^1.10.1"

"@abp/bootstrap-daterangepicker@~10.1.1":
  version "10.1.1"
  resolved "https://registry.npmjs.org/@abp/bootstrap-daterangepicker/-/bootstrap-daterangepicker-10.1.1.tgz#c33baceccaf410ef170ef2269bd8c9a7cda819ab"
  integrity sha512-sXboH3YaMqxhSSsE3bkkIfZnJ2OOvuQUfK4sQq5bDvLaB7N1fC5FgUbv/yM/zCbxejYP/D2KkUDjXSibzK3XHA==
  dependencies:
    bootstrap-daterangepicker "^3.1.0"

"@abp/bootstrap@~10.1.1":
  version "10.1.1"
  resolved "https://registry.npmjs.org/@abp/bootstrap/-/bootstrap-10.1.1.tgz#2560d6119552cb243b002644dbd3b645b4d5135b"
  integrity sha512-m6CW7QDbGCtCWUdkpMO9vJeUGvwYTK15cKMgRLeCZ9A9enoW7JVPJm5SxRvw2G8FuzXY38ASTMylZyk4olfHOw==
  dependencies:
    "@abp/core" "~10.1.1"
    bootstrap "^5.3.8"

"@abp/core@~10.1.1":
  version "10.1.1"
  resolved "https://registry.npmjs.org/@abp/core/-/core-10.1.1.tgz#9666edfb364943d973bb705f5f78041ee71fbace"
  integrity sha512-fmFFjwD2lcTCbQHmj2q95m5nTrWWOkWHxaSjxBT8RSmc1/eRU2v6DQBzgbILUzYJWetTY4+JZ848Ujqk73CXsQ==
  dependencies:
    "@abp/utils" "~10.1.1"

"@abp/datatables.net-bs5@~10.1.1":
  version "10.1.1"
  resolved "https://registry.npmjs.org/@abp/datatables.net-bs5/-/datatables.net-bs5-10.1.1.tgz#a1d73f466cc5c51656f98d25726bdf1b6b8474f9"
  integrity sha512-lyI/05cCDBDc/MvUVRvDi84SrLO7+8AAfeuKJffCSzkB0G3aj4xnuHv9VGsdFkznVgSgiXf9/uVKZFs0TZSQgw==
  dependencies:
    "@abp/datatables.net" "~10.1.1"
    datatables.net-bs5 "^2.3.4"

"@abp/datatables.net@~10.1.1":
  version "10.1.1"
  resolved "https://registry.npmjs.org/@abp/datatables.net/-/datatables.net-10.1.1.tgz#1e1a506f1220b8f68d76ade325cf15dedb2ea489"
  integrity sha512-17azfZ2Wt9AhtX5lDa850aDgigrGVgqV43tIeuo3gl4KyikMq9OzlP9GbbeKvLFcvE6NWgLKYY2lDzLM6C5bWQ==
  dependencies:
    "@abp/jquery" "~10.1.1"
    datatables.net "^2.3.4"

"@abp/font-awesome@~10.1.1":
  version "10.1.1"
  resolved "https://registry.npmjs.org/@abp/font-awesome/-/font-awesome-10.1.1.tgz#d2520ac4a0a3115df4363f6efbddbc9a645c32fc"
  integrity sha512-6UMBxOAixokA/sTyGnoauCBbU7K+PWD0siYhumqKPDyrxJC6DpiUNHr1KnV0bvjkR4UVRafCy+pG8lRSWAMcIw==
  dependencies:
    "@abp/core" "~10.1.1"
    "@fortawesome/fontawesome-free" "^7.0.1"

"@abp/jquery-form@~10.1.1":
  version "10.1.1"
  resolved "https://registry.npmjs.org/@abp/jquery-form/-/jquery-form-10.1.1.tgz#6a9e4dd16b1edc991831de8b2d9524d30fbf1166"
  integrity sha512-eHWtO1bewbwPCXcUVGyBQFVr7QEbhNaYHvBx1DDnNpqBOD6iReAkn9gjTXUhNpkfMKgmqk9FDMho9vqHCrEf0g==
  dependencies:
    "@abp/jquery" "~10.1.1"
    jquery-form "^4.3.0"

"@abp/jquery-validation-unobtrusive@~10.1.1":
  version "10.1.1"
  resolved "https://registry.npmjs.org/@abp/jquery-validation-unobtrusive/-/jquery-validation-unobtrusive-10.1.1.tgz#dee0ee5b77bcb2b6e505a0e930e4395bd6ede7e7"
  integrity sha512-TPYNLci2rgUGI2D/OS0QRP7uECsjRzuqQMC9z4COotyDVM9ImWzGx6y13CtZf0VBxm5w4kKjD66kkBMXJwUgNQ==
  dependencies:
    "@abp/jquery-validation" "~10.1.1"
    jquery-validation-unobtrusive "^4.0.0"

"@abp/jquery-validation@~10.1.1":
  version "10.1.1"
  resolved "https://registry.npmjs.org/@abp/jquery-validation/-/jquery-validation-10.1.1.tgz#ce73ec436be279aa59aef995879b5eecfa2787f8"
  integrity sha512-CkY/1AamHi23/ttZH1zcWbrBFpcgYKZeARVe3m2MS2Kl1Q0VsGSUeYtnc1LVpN/rlB4kmkG/PpCsdmt03kDpYA==
  dependencies:
    "@abp/jquery" "~10.1.1"
    jquery-validation "^1.21.0"

"@abp/jquery@~10.1.1":
  version "10.1.1"
  resolved "https://registry.npmjs.org/@abp/jquery/-/jquery-10.1.1.tgz#329198d97079c2a98878351a74a668ebf6ae3d5c"
  integrity sha512-Xk7zzi9IR7NZqLqPMxhP9rMP9wJmz9UVQEOi6SybQCsDmI0XX4LKxRcjZ0dB2mFADUNvmOLbu4MvrvLSrf8nzw==
  dependencies:
    "@abp/core" "~10.1.1"
    jquery "~3.7.1"

"@abp/lodash@~10.1.1":
  version "10.1.1"
  resolved "https://registry.npmjs.org/@abp/lodash/-/lodash-10.1.1.tgz#92c5ccec299a675bba1bf001e561c1ea5e28ebcf"
  integrity sha512-mKIloGCP5YBA8gtiGJ/wWMsy0IseYU66YZxpv+aVXaRCnMCb6iZHQlstX4KbzQTtI8QK0ffq91+34omNyS53aQ==
  dependencies:
    "@abp/core" "~10.1.1"
    lodash "^4.17.21"

"@abp/luxon@~10.1.1":
  version "10.1.1"
  resolved "https://registry.npmjs.org/@abp/luxon/-/luxon-10.1.1.tgz#c23716969cf90f5e55e4806149503b5885d750f9"
  integrity sha512-mvCcf0dxXblt86H0uIQkFKxgW6t8NyEv7gsXQvcu/7jmlqdDzogbVdugPU9FcUpc1EGQVgpuqlBD3Jmab3K9yw==
  dependencies:
    "@abp/core" "~10.1.1"
    luxon "^3.7.2"

"@abp/malihu-custom-scrollbar-plugin@~10.1.1":
  version "10.1.1"
  resolved "https://registry.npmjs.org/@abp/malihu-custom-scrollbar-plugin/-/malihu-custom-scrollbar-plugin-10.1.1.tgz#d4a7c78a347be039657334aaac0d7346c0c4468c"
  integrity sha512-gnOixpLhEMN4Yp+YCj5MM44ORI75wL1I83nWCk7jSJ7aOqCHizFjebuk5uunTIn+Ta/VkmHXdrBy3Mml9GTIFg==
  dependencies:
    "@abp/core" "~10.1.1"
    malihu-custom-scrollbar-plugin "^3.1.5"

"@abp/moment@~10.1.1":
  version "10.1.1"
  resolved "https://registry.npmjs.org/@abp/moment/-/moment-10.1.1.tgz#ae15a560181ece777cfb19c94ec6ca8604016752"
  integrity sha512-bFeShgtxagoo3h28LFIzM1CvopaxwdVpNzYsrHhkx0Z+zDZ6FRAn2T/IGAulpR4tqmD2SqHLEsom5Ooz0n5I9Q==
  dependencies:
    moment "^2.30.1"

"@abp/select2@~10.1.1":
  version "10.1.1"
  resolved "https://registry.npmjs.org/@abp/select2/-/select2-10.1.1.tgz#bc7444b348df0fce33ab8256d780dad7a94ba8de"
  integrity sha512-SUJ3mZLSmaLwAReiQzUKtWP+QuZy3e8QZuVv7rEz0ce9vqA6yLls6uN8r/zCMnAkeOgLksUDSOfV8s7XEjwuiw==
  dependencies:
    "@abp/core" "~10.1.1"
    select2 "^4.0.13"

"@abp/sweetalert2@~10.1.1":
  version "10.1.1"
  resolved "https://registry.npmjs.org/@abp/sweetalert2/-/sweetalert2-10.1.1.tgz#6e4f513f611c2e3c9013a9f8ba2dcf497299ad5c"
  integrity sha512-FqUVpBmPp3NxATpH+TLCLJfrOZ405LOLijLJvebtmwOC3YZ16dwPt1MP0vb49v5UKkpVfhNU8q4EwgTabFhwaw==
  dependencies:
    "@abp/core" "~10.1.1"
    sweetalert2 "^11.23.0"

"@abp/timeago@~10.1.1":
  version "10.1.1"
  resolved "https://registry.npmjs.org/@abp/timeago/-/timeago-10.1.1.tgz#9262da637dcda9ad86d815d2146c58486b8170cb"
  integrity sha512-vFnEiCKxo4Bgo4mPdZLUBzyeY80QHjU7GQThw5wcicAmCEAiwj8yv35i8RXsTNcpy5J2xs355L+8BXkloKvREQ==
  dependencies:
    "@abp/jquery" "~10.1.1"
    timeago "^1.6.7"

"@abp/utils@~10.1.1":
  version "10.1.1"
  resolved "https://registry.npmjs.org/@abp/utils/-/utils-10.1.1.tgz#8e77b4e653165c451103871c32e99e3563b7f6a9"
  integrity sha512-0WeLp9tmlAS+6CtqjtKDt/aeEOChB3NP/A4WtydP6IuBH61SGTOeP9APTf5AkLn4OZI7VigwjzSsy5uJRjOTYA==
  dependencies:
    just-compare "^2.3.0"

"@fortawesome/fontawesome-free@^7.0.1":
  version "7.2.0"
  resolved "https://registry.npmjs.org/@fortawesome/fontawesome-free/-/fontawesome-free-7.2.0.tgz#188c1053ce422ad1f934d7df242a973fcb89636d"
  integrity sha512-3DguDv/oUE+7vjMeTSOjCSG+KeawgVQOHrKRnvUuqYh1mfArrh7s+s8hXW3e4RerBA1+Wh+hBqf8sJNpqNrBWg==

ansi-colors@^4.1.3:
  version "4.1.3"
  resolved "https://registry.npmjs.org/ansi-colors/-/ansi-colors-4.1.3.tgz#37611340eb2243e70cc604cad35d63270d48781b"
  integrity sha512-/6w/C21Pm1A7aZitlI5Ni/2J6FFQN8i1Cvz3kHABAAbw93v/NlvKdVOqz7CCWz/3iv/JplRSEEZ83XION15ovw==

bootstrap-datepicker@^1.10.1:
  version "1.10.1"
  resolved "https://registry.npmjs.org/bootstrap-datepicker/-/bootstrap-datepicker-1.10.1.tgz#0a8bec42957ea1ce1272b91bcf2b53696629fb86"
  integrity sha512-GIe+fsLp9Hi30oW7L2v2Q9/a4+aojrIA2p4ZagtLuKw2lpfQgjJjM0L6vl/lYQydGXWUbpoKbEC/O5tzWIkEKQ==
  dependencies:
    jquery ">=3.4.0 <4.0.0"

bootstrap-daterangepicker@^3.1.0:
  version "3.1.0"
  resolved "https://registry.npmjs.org/bootstrap-daterangepicker/-/bootstrap-daterangepicker-3.1.0.tgz#632e6fb2de4b6360c5c0a9d5f6adb9aace051fe8"
  integrity sha512-oaQZx6ZBDo/dZNyXGVi2rx5GmFXThyQLAxdtIqjtLlYVaQUfQALl5JZMJJZzyDIX7blfy4ppZPAJ10g8Ma4d/g==
  dependencies:
    jquery ">=1.10"
    moment "^2.9.0"

bootstrap@^5.3.8:
  version "5.3.8"
  resolved "https://registry.npmjs.org/bootstrap/-/bootstrap-5.3.8.tgz#6401a10057a22752d21f4e19055508980656aeed"
  integrity sha512-HP1SZDqaLDPwsNiqRqi5NcP0SSXciX2s9E+RyqJIIqGo+vJeN5AJVM98CXmW/Wux0nQ5L7jeWUdplCEf0Ee+tg==

datatables.net-bs5@^2.3.4:
  version "2.3.7"
  resolved "https://registry.npmjs.org/datatables.net-bs5/-/datatables.net-bs5-2.3.7.tgz#ddef957ee23b03c2d4bc1d48735b39c6182e5d53"
  integrity sha512-RiCEMpMXDBeMDwjSrMpmcXDU6mibRMuOn7Wk7k3SlOfLEY3FQHO7S2m+K7teXYeaNlCLyjJMU+6BUUwlBCpLFw==
  dependencies:
    datatables.net "2.3.7"
    jquery ">=1.7"

datatables.net@2.3.7, datatables.net@^2.3.4:
  version "2.3.7"
  resolved "https://registry.npmjs.org/datatables.net/-/datatables.net-2.3.7.tgz#3cd34f6f5d1f40a46b5a20a4ba32604bdbcd6738"
  integrity sha512-AvsjG/Nkp6OxeyBKYZauemuzQCPogE1kOtKwG4sYjvdqGCSLiGaJagQwXv4YxG+ts5vaJr6qKGG9ec3g6vTo3w==
  dependencies:
    jquery ">=1.7"

jquery-form@^4.3.0:
  version "4.3.0"
  resolved "https://registry.npmjs.org/jquery-form/-/jquery-form-4.3.0.tgz#7d3961c314a1f2d15298f4af1d3943f54f4149c6"
  integrity sha512-q3uaVCEWdLOYUCI6dpNdwf/7cJFOsUgdpq6r0taxtGQ5NJSkOzofyWm4jpOuJ5YxdmL1FI5QR+q+HB63HHLGnQ==
  dependencies:
    jquery ">=1.7.2"

jquery-mousewheel@>=3.0.6:
  version "3.2.2"
  resolved "https://registry.npmjs.org/jquery-mousewheel/-/jquery-mousewheel-3.2.2.tgz#48c833f6260ee0c46d438a999e7d0060ec9eed0b"
  integrity sha512-JP71xTAg08ZY3hcs9ZbYUZ5i+dkSsz4yRl/zpWkAmtzc+kMs5EfPkpkINSidiLYMaR0MTo3DfFGF9WIezMsFQQ==
  dependencies:
    jquery ">=1.2.6"

jquery-validation-unobtrusive@^4.0.0:
  version "4.0.0"
  resolved "https://registry.npmjs.org/jquery-validation-unobtrusive/-/jquery-validation-unobtrusive-4.0.0.tgz#dfcf25a558496a2c883db6021d10f5398d15f99d"
  integrity sha512-1ervYFFv6LX/rp7ktuLnMakHNG0piNRDyROI8Ir3hL1vPIwylAehB1AY3BPrYJnzW3WmwWryZq+Bz4sazZK9iQ==
  dependencies:
    jquery "^3.6.0"
    jquery-validation ">=1.19"

jquery-validation@>=1.19, jquery-validation@^1.21.0:
  version "1.22.1"
  resolved "https://registry.npmjs.org/jquery-validation/-/jquery-validation-1.22.1.tgz#fc1ae3256110332c929245a44d69ee76fee0e481"
  integrity sha512-ePLXLWK7Rh5eR652YsuIu7YPeGlCXrsJUteVw5iZopiU17yaMd3FaDggs6yyNMl56p8TYVeDRmKGK3fPZrMeQw==

jquery@3.7.1, jquery@>=1.10, jquery@>=1.2.6, "jquery@>=1.5.0 <4.0", jquery@>=1.7, jquery@>=1.7.2, "jquery@>=3.4.0 <4.0.0", jquery@^3.6.0, jquery@~3.7.1:
  version "3.7.1"
  resolved "https://registry.npmjs.org/jquery/-/jquery-3.7.1.tgz#083ef98927c9a6a74d05a6af02806566d16274de"
  integrity sha512-m4avr8yL8kmFN8psrbFFFmB/If14iN5o9nw/NgnnM+kybDJpRsAynV2BsfpTYrTRysYUdADVD7CkUUizgkpLfg==

just-compare@^2.3.0:
  version "2.3.0"
  resolved "https://registry.npmjs.org/just-compare/-/just-compare-2.3.0.tgz#a2adcc1d1940536263275f5a1ef1298bcacfeda7"
  integrity sha512-6shoR7HDT+fzfL3gBahx1jZG3hWLrhPAf+l7nCwahDdT9XDtosB9kIF0ZrzUp5QY8dJWfQVr5rnsPqsbvflDzg==

lodash@^4.17.21:
  version "4.17.23"
  resolved "https://registry.npmjs.org/lodash/-/lodash-4.17.23.tgz#f113b0378386103be4f6893388c73d0bde7f2c5a"
  integrity sha512-LgVTMpQtIopCi79SJeDiP0TfWi5CNEc/L/aRdTh3yIvmZXTnheWpKjSZhnvMl8iXbC1tFg9gdHHDMLoV7CnG+w==

luxon@^3.7.2:
  version "3.7.2"
  resolved "https://registry.npmjs.org/luxon/-/luxon-3.7.2.tgz#d697e48f478553cca187a0f8436aff468e3ba0ba"
  integrity sha512-vtEhXh/gNjI9Yg1u4jX/0YVPMvxzHuGgCm6tC5kZyb08yjGWGnqAjGJvcXbqQR2P3MyMEFnRbpcdFS6PBcLqew==

malihu-custom-scrollbar-plugin@^3.1.5:
  version "3.1.5"
  resolved "https://registry.npmjs.org/malihu-custom-scrollbar-plugin/-/malihu-custom-scrollbar-plugin-3.1.5.tgz#310cecc5e59415a1c29e9dfb5d2b6e01d66a29ef"
  integrity sha512-lwW3LgI+CNDMPnP4ED2la6oYxWMkCXlnhex+s2wuOLhFDFGnGmQuTQVdRK9bvDLpxs10sGlfErVufJy9ztfgJQ==
  dependencies:
    jquery-mousewheel ">=3.0.6"

moment@^2.30.1, moment@^2.9.0:
  version "2.30.1"
  resolved "https://registry.npmjs.org/moment/-/moment-2.30.1.tgz#f8c91c07b7a786e30c59926df530b4eac96974ae"
  integrity sha512-uEmtNhbDOrWPFS+hdjFCBfy9f2YoyzRpwcl+DqpC6taX21FzsTLQVbMV/W7PzNSX6x/bhC1zA3c2UQ5NzH6how==

select2@^4.0.13:
  version "4.0.13"
  resolved "https://registry.npmjs.org/select2/-/select2-4.0.13.tgz#0dbe377df3f96167c4c1626033e924372d8ef44d"
  integrity sha512-1JeB87s6oN/TDxQQYCvS5EFoQyvV6eYMZZ0AeA4tdFDYWN3BAGZ8npr17UBFddU0lgAt3H0yjX3X6/ekOj1yjw==

sweetalert2@^11.23.0:
  version "11.26.24"
  resolved "https://registry.npmjs.org/sweetalert2/-/sweetalert2-11.26.24.tgz#25e5ba2b3e6725cec71acddd31832cefe61c8263"
  integrity sha512-SLgukW4wicewpW5VOukSXY5Z6DL/z7HCOK2ODSjmQPiSphCN8gJAmh9npoceXOtBRNoDN0xIz+zHYthtfiHmjg==

timeago@^1.6.7:
  version "1.6.7"
  resolved "https://registry.npmjs.org/timeago/-/timeago-1.6.7.tgz#afd467c29a911e697fc22a81888c7c3022783cb5"
  integrity sha512-FikcjN98+ij0siKH4VO4dZ358PR3oDDq4Vdl1+sN9gWz1/+JXGr3uZbUShYH/hL7bMhcTpPbplJU5Tej4b4jbQ==
  dependencies:
    jquery ">=1.5.0 <4.0"
