
Microsoft Visual Studio Solution File, Format Version 12.00
Project("{FAE04EC0-301F-11D3-BF4B-00C04F79EFBC}") = "AbpLdapSample", "AbpLdapSample\AbpLdapSample.csproj", "{89787F12-BCE5-4ED5-BB26-41D72F6C4471}"
EndProject
Global
	GlobalSection(SolutionConfigurationPlatforms) = preSolution
		Debug|Any CPU = Debug|Any CPU
		Release|Any CPU = Release|Any CPU
	EndGlobalSection
	GlobalSection(ProjectConfigurationPlatforms) = postSolution
		{89787F12-BCE5-4ED5-BB26-41D72F6C4471}.Debug|Any CPU.ActiveCfg = Debug|Any CPU
		{89787F12-BCE5-4ED5-BB26-41D72F6C4471}.Debug|Any CPU.Build.0 = Debug|Any CPU
		{89787F12-BCE5-4ED5-BB26-41D72F6C4471}.Release|Any CPU.ActiveCfg = Release|Any CPU
		{89787F12-BCE5-4ED5-BB26-41D72F6C4471}.Release|Any CPU.Build.0 = Release|Any CPU
	EndGlobalSection
EndGlobal
