
Microsoft Visual Studio Solution File, Format Version 12.00
# Visual Studio Version 17
VisualStudioVersion = 17.0.31903.59
MinimumVisualStudioVersion = 10.0.40219.1
Project("{FAE04EC0-301F-11D3-BF4B-00C04F79EFBC}") = "TodoApp", "TodoApp\TodoApp.csproj", "{2E19BC05-F78C-4907-A059-C29A4859ADB4}"
EndProject
Global
	GlobalSection(SolutionConfigurationPlatforms) = preSolution
		Debug|Any CPU = Debug|Any CPU
		Release|Any CPU = Release|Any CPU
	EndGlobalSection
	GlobalSection(ProjectConfigurationPlatforms) = postSolution
		{2E19BC05-F78C-4907-A059-C29A4859ADB4}.Debug|Any CPU.ActiveCfg = Debug|Any CPU
		{2E19BC05-F78C-4907-A059-C29A4859ADB4}.Debug|Any CPU.Build.0 = Debug|Any CPU
		{2E19BC05-F78C-4907-A059-C29A4859ADB4}.Release|Any CPU.ActiveCfg = Release|Any CPU
		{2E19BC05-F78C-4907-A059-C29A4859ADB4}.Release|Any CPU.Build.0 = Release|Any CPU
	EndGlobalSection
	GlobalSection(SolutionProperties) = preSolution
		HideSolutionNode = FALSE
	EndGlobalSection
	GlobalSection(ExtensibilityGlobals) = postSolution
		SolutionGuid = {6AAFA1C6-603E-13FA-45E5-7910AA9F661D}
	EndGlobalSection
EndGlobal
