
Microsoft Visual Studio Solution File, Format Version 12.00
Project("{FAE04EC0-301F-11D3-BF4B-00C04F79EFBC}") = "AuthServer", "src\EShopOnAbp.AuthServer\EShopOnAbp.AuthServer.csproj", "{D3689DAD-F573-444F-9200-7B468F67FAA8}"
EndProject
Project("{2150E333-8FDC-42A3-9474-1A3956D46DE8}") = "src", "src", "{4A589F57-8AD7-4156-9B52-6464A4A6ABD2}"
EndProject
Project("{2150E333-8FDC-42A3-9474-1A3956D46DE8}") = "test", "test", "{32416675-3364-4F9F-AC2F-23747B5D946A}"
EndProject
Global
	GlobalSection(SolutionConfigurationPlatforms) = preSolution
		Debug|Any CPU = Debug|Any CPU
		Release|Any CPU = Release|Any CPU
	EndGlobalSection
	GlobalSection(ProjectConfigurationPlatforms) = postSolution
		{D3689DAD-F573-444F-9200-7B468F67FAA8}.Debug|Any CPU.ActiveCfg = Debug|Any CPU
		{D3689DAD-F573-444F-9200-7B468F67FAA8}.Debug|Any CPU.Build.0 = Debug|Any CPU
		{D3689DAD-F573-444F-9200-7B468F67FAA8}.Release|Any CPU.ActiveCfg = Release|Any CPU
		{D3689DAD-F573-444F-9200-7B468F67FAA8}.Release|Any CPU.Build.0 = Release|Any CPU
	EndGlobalSection
	GlobalSection(NestedProjects) = preSolution
		{D3689DAD-F573-444F-9200-7B468F67FAA8} = {4A589F57-8AD7-4156-9B52-6464A4A6ABD2}
	EndGlobalSection
EndGlobal
